{
  "version": 4,
  "terraform_version": "1.13.2",
  "serial": 120,
  "lineage": "778bd865-aa8c-0341-6b48-e23f6669b7e5",
  "outputs": {
    "alb_dns_name": {
      "value": "CS6650L2-alb-767794308.us-west-2.elb.amazonaws.com",
      "type": "string"
    },
    "alb_url": {
      "value": "http://CS6650L2-alb-767794308.us-west-2.elb.amazonaws.com",
      "type": "string"
    },
    "ecr_repository_url": {
      "value": "637423451078.dkr.ecr.us-west-2.amazonaws.com/ecr_service",
      "type": "string"
    },
    "ecs_cluster_name": {
      "value": "CS6650L2-cluster",
      "type": "string"
    },
    "ecs_service_name": {
      "value": "CS6650L2",
      "type": "string"
    },
    "task_public_ips": {
      "value": "Check ECS Console \u003e Tasks for public IPs",
      "type": "string"
    }
  },
  "resources": [
    {
      "mode": "data",
      "type": "aws_ecr_authorization_token",
      "name": "registry",
      "provider": "provider[\"registry.terraform.io/hashicorp/aws\"]",
      "instances": [
        {
          "schema_version": 0,
          "attributes": {
            "authorization_token": "QVdTOmV5SndZWGxzYjJGa0lqb2lRWEpXWldoS2JsSTVRbUZNTm5SVU5uVnVTVXQ0ZHpNeU1GRTBTRkZKTHpWUVUydFdSVGN2ZGxJNUszRlRiVkJuYzJod2VVSnVaVnBVYXpKYUt6RkJSV3RwVkVOdFpqZGlMMEkwUW01U2FHUTRaa3BWZVZBeWFuUXdhR3RCYUd4c2R6WnlWRWRsYjFwdldGTnZla0ZtTkVsSGVVRXdUbUl4ZFRoc1RFcE9UVEZzS3pOdlZrWk5kM2N2VTNkemEwWklSRmc0VEZOdkx6SnFNVlJWTW1wR015ODJRWGxOUmpjMWNVeEtaazAySzFZeVlqQm9NamhqYTBZNGRFUmpSM0pCUTBSS01FTTRlVlF4U0hsS1ZFcGpSRk5yZWpsRVRWQmtTbXR1V0RoVWNHbFFhazR3VXl0V01XdEVlRkl6VEZGV2Rrc3lUVlYyY1ZaUFExSlpSRlZtVlc0MU1GWTNXRFkzZFRFeWEwcEhaMVI1YTNGek5GRkdjM3BGVVU5WVdXeEJiVkkxZVcxM1kxVXpWbE5wVVRsUVVHcDVTVVZETVZkS1dWbFJNVGRHWm1sNGJuUm1LMnRSZVZwRlJWQndlVzFVUVdGamJYQnpkV04wU25CbVlUUlZRMFpzVEVGWUsxVlhNVkYzTWsxamJrcHZVelU1ZUVoQ2VWTlJWVkZ4UmtsbFozQXdUVGx2WlZGM2QzRkpUbVpzWjJ4d2ExVlVObFkzUm0xRU5uRkpkV0UwTDBOMmEyRXZOVFJVVDBSWk1tZEhWMGx6TjBJek16WXliWHBVY25sallsZzFTRkFyYjBoS01EQjRaSE14TDB4cU0yZFNXVE54Um1SemVrUlNkbEZ2WTBsYVptTTBZVVJLVlVsMWVYUkZTbFZPTDNkb09EZHhiVUpSVlV3NFNFbEtNVlJUVGpScVExSm5jVmRYZWxwVVZEY3ZTbWh0YmtWelRHWm1TRXBTTkV4SGRVMU9NMVl2VWs1WGJpOVNPRU5XYjNONlpDOXpWekJhYW0xdFRXUlVkM3AyYlVWck1FNHZiM0pwYzNWTlozWmFLM05YWlhWd09VRlhkVlkzZGxSNFIxQjJUR280Um5OalprTldWbVpTWkRKblJVbEdjSEF4Y25oTE1YTkVXRFIyVFc1VWRtcFRlRWR5YldWemNXVlJTeXRxTWxWV1NFbFZlbGhpUkhwWlRuWlpRa1JvT0hGeVZVTkxjazFySzNoSlNqRnJTSEpxVlZKaWFHcDZiVzVGU2xGeldGWktaM281YjJGb2VERlJMMUJZTUhWSGVsUnFibTEzTDNOaWJWTlVSMFZUVlRaTE9WUkxlR3BLYkZKeFZYTnZWWGRvSzJjd1RIUnlVV2hsWXpZdmJtOVdSM1Z5YmpkV1VGbHhWMVUyUzNnclEzSkVXVGt4V1cxMVpEUjVSM1kxVTJ4eldGQkpOa3hMYlcxSFlqWnBMM0JHWW1OUWJVa3pUamx5ZUU1aGJreE1XVVZ1YzJONWIwa3JaRGMxWnpScU5XWnFjazlVTVM5RlMwTm5aM0ZDYm1OdFNUWXJaVW93ZVZsb1MxWXllR0Y0ZVVSTk9WUnpiM1EwV0d4V05Fa3ZXVUZXUkdsVVRHTXZhMnd5WmpOUVFuUjVSWHAzV2pNNGVYZEpNRmt6SzNsSVoyMHpXVkpRWW5kNmVIcHdVRVp3VFhSVFZ6TmtURVlyTlZJdmNHcDRibWhyVVRVNFVVcGlhVE51TWxObmNsRTJjRTV5T1RRelkwdERkbVJxZGxsRFRIbFpLMVVyUm1Wb2JHaExReTl2TjJWTWFYWTVWbTVuYVZveFlrNUtiRmRpVmxwWGRXSjRSa3RrYVhka05sUnFVRmhLY1VwM1VtUkNWRlphVUdSWlpFRlBTR3hwWTBjeWQweG9lSEp0TTFveVUxVjVjSFp6WTBGR2VtczVkbkZpUlRaUFdVMUJZV3N6U3pGVFVIQXpWbVpvTm10eFYxcEVabm9yVkRobU9XZDJSVlJSUm5ST2NFVlRXbFpWTjJaMGNubDNURXRZUlZodVoyMHJTbUZ6VGpsR1NFbFBXa2x4VWxoM2QxRXpia2hNZEZabE9FdzNia01yWm0xUmVEZFJibTVFTjBoUGRXcHhSMFIzTkd0cVowVkVaMGhzZVVsU1ZrOVBNSGRPZUcxWGVEUk9ZMHBHVFhSemRtUklNa1Z2Wm1zd2VHZFRiRXAwVFhKVE5GVlRMekozVjBkVU1WVndlbFJZU0hCdWRVRlBNM1ZWTWtGdlNqaGlXVk5ZYldscE5GUnJSM0pIU0dvaUxDSmtZWFJoYTJWNUlqb2lRVkZGUWtGSWFqWnNZelJZU1VwM0x6ZHNiakJJWXpBd1JFMWxhelpIUlhoSVEySlpORkpKY0ZSTlEwazFPRWx1VlhkQlFVRklOSGRtUVZsS1MyOWFTV2gyWTA1QlVXTkhiMGM0ZDJKUlNVSkJSRUp2UW1kcmNXaHJhVWM1ZHpCQ1FuZEZkMGhuV1VwWlNWcEpRVmRWUkVKQlJYVk5Ra1ZGUkV4d1dGTkhWRTVLTlhBMlpuTlZjMFYzU1VKRlNVRTNkV0paYkRVNFMzZzNabEp0YjBGcFNUQmFiWFpXZUVWTVdYUXJTMWRCY1VGcFNrNDJha1ZFUW1sWFYxcHhNVEY2TW1GelVHSnlTM0pIYzFSc05GVk9SQzl6VGpoRWFtcFZVV1ZwVUZwQ1JUMGlMQ0oyWlhKemFXOXVJam9pTWlJc0luUjVjR1VpT2lKRVFWUkJYMHRGV1NJc0ltVjRjR2x5WVhScGIyNGlPakUzTmpFNE1EUXpNRFI5",
            "expires_at": "2025-10-30T06:05:04Z",
            "id": "us-west-2",
            "password": "eyJwYXlsb2FkIjoiQXJWZWhKblI5QmFMNnRUNnVuSUt4dzMyMFE0SFFJLzVQU2tWRTcvdlI5K3FTbVBnc2hweUJuZVpUazJaKzFBRWtpVENtZjdiL0I0Qm5SaGQ4ZkpVeVAyanQwaGtBaGxsdzZyVEdlb1pvWFNvekFmNElHeUEwTmIxdThsTEpOTTFsKzNvVkZNd3cvU3dza0ZIRFg4TFNvLzJqMVRVMmpGMy82QXlNRjc1cUxKZk02K1YyYjBoMjhja0Y4dERjR3JBQ0RKMEM4eVQxSHlKVEpjRFNrejlETVBkSmtuWDhUcGlQak4wUytWMWtEeFIzTFFWdksyTVV2cVZPQ1JZRFVmVW41MFY3WDY3dTEya0pHZ1R5a3FzNFFGc3pFUU9YWWxBbVI1eW13Y1UzVlNpUTlQUGp5SUVDMVdKWVlRMTdGZml4bnRmK2tReVpFRVBweW1UQWFjbXBzdWN0SnBmYTRVQ0ZsTEFYK1VXMVF3Mk1jbkpvUzU5eEhCeVNRVVFxRkllZ3AwTTlvZVF3d3FJTmZsZ2xwa1VUNlY3Rm1ENnFJdWE0L0N2a2EvNTRUT0RZMmdHV0lzN0IzMzYybXpUcnljYlg1SFArb0hKMDB4ZHMxL0xqM2dSWTNxRmRzekRSdlFvY0laZmM0YURKVUl1eXRFSlVOL3doODdxbUJRVUw4SElKMVRTTjRqQ1JncVdXelpUVDcvSmhtbkVzTGZmSEpSNExHdU1OM1YvUk5Xbi9SOENWb3N6ZC9zVzBaam1tTWRUd3p2bUVrME4vb3Jpc3VNZ3ZaK3NXZXVwOUFXdVY3dlR4R1B2TGo4RnNjZkNWVmZSZDJnRUlGcHAxcnhLMXNEWDR2TW5UdmpTeEdybWVzcWVRSytqMlVWSElVelhiRHpZTnZZQkRoOHFyVUNLck1rK3hJSjFrSHJqVVJiaGp6bW5FSlFzWFZKZ3o5b2FoeDFRL1BYMHVHelRqbm13L3NibVNUR0VTVTZLOVRLeGpKbFJxVXNvVXdoK2cwTHRyUWhlYzYvbm9WR3VybjdWUFlxV1U2S3grQ3JEWTkxWW11ZDR5R3Y1U2xzWFBJNkxLbW1HYjZpL3BGYmNQbUkzTjlyeE5hbkxMWUVuc2N5b0krZDc1ZzRqNWZqck9UMS9FS0NnZ3FCbmNtSTYrZUoweVloS1YyeGF4eURNOVRzb3Q0WGxWNEkvWUFWRGlUTGMva2wyZjNQQnR5RXp3WjM4eXdJMFkzK3lIZ20zWVJQYnd6eHpwUEZwTXRTVzNkTEYrNVIvcGp4bmhrUTU4UUpiaTNuMlNnclE2cE5yOTQzY0tDdmRqdllDTHlZK1UrRmVobGhLQy9vN2VMaXY5Vm5naVoxYk5KbFdiVlpXdWJ4RktkaXdkNlRqUFhKcUp3UmRCVFZaUGRZZEFPSGxpY0cyd0xoeHJtM1oyU1V5cHZzY0FGems5dnFiRTZPWU1BYWszSzFTUHAzVmZoNmtxV1pEZnorVDhmOWd2RVRRRnROcEVTWlZVN2Z0cnl3TEtYRVhuZ20rSmFzTjlGSElPWklxUlh3d1EzbkhMdFZlOEw3bkMrZm1ReDdRbm5EN0hPdWpxR0R3NGtqZ0VEZ0hseUlSVk9PMHdOeG1XeDROY0pGTXRzdmRIMkVvZmsweGdTbEp0TXJTNFVTLzJ3V0dUMVVwelRYSHBudUFPM3VVMkFvSjhiWVNYbWlpNFRrR3JHSGoiLCJkYXRha2V5IjoiQVFFQkFIajZsYzRYSUp3LzdsbjBIYzAwRE1lazZHRXhIQ2JZNFJJcFRNQ0k1OEluVXdBQUFINHdmQVlKS29aSWh2Y05BUWNHb0c4d2JRSUJBREJvQmdrcWhraUc5dzBCQndFd0hnWUpZSVpJQVdVREJBRXVNQkVFRExwWFNHVE5KNXA2ZnNVc0V3SUJFSUE3dWJZbDU4S3g3ZlJtb0FpSTBabXZWeEVMWXQrS1dBcUFpSk42akVEQmlXV1pxMTF6MmFzUGJyS3JHc1RsNFVORC9zTjhEampVUWVpUFpCRT0iLCJ2ZXJzaW9uIjoiMiIsInR5cGUiOiJEQVRBX0tFWSIsImV4cGlyYXRpb24iOjE3NjE4MDQzMDR9",
            "proxy_endpoint": "https://637423451078.dkr.ecr.us-west-2.amazonaws.com",
            "region": "us-west-2",
            "registry_id": null,
            "user_name": "AWS"
          },
          "sensitive_attributes": [
            [
              {
                "type": "get_attr",
                "value": "authorization_token"
              }
            ],
            [
              {
                "type": "get_attr",
                "value": "password"
              }
            ]
          ],
          "identity_schema_version": 0
        }
      ]
    },
    {
      "mode": "data",
      "type": "aws_iam_role",
      "name": "lab_role",
      "provider": "provider[\"registry.terraform.io/hashicorp/aws\"]",
      "instances": [
        {
          "schema_version": 0,
          "attributes": {
            "arn": "arn:aws:iam::637423451078:role/LabRole",
            "assume_role_policy": "{\"Version\":\"2012-10-17\",\"Statement\":[{\"Effect\":\"Allow\",\"Principal\":{\"Service\":[\"eks.amazonaws.com\",\"cloud9.amazonaws.com\",\"logs.amazonaws.com\",\"glue.amazonaws.com\",\"ec2.amazonaws.com\",\"cloudtrail.amazonaws.com\",\"secretsmanager.amazonaws.com\",\"codewhisperer.amazonaws.com\",\"ssm.amazonaws.com\",\"iot.amazonaws.com\",\"credentials.iot.amazonaws.com\",\"lambda.amazonaws.com\",\"application-autoscaling.amazonaws.com\",\"rekognition.amazonaws.com\",\"kms.amazonaws.com\",\"cloudformation.amazonaws.com\",\"athena.amazonaws.com\",\"sns.amazonaws.com\",\"redshift.amazonaws.com\",\"iotanalytics.amazonaws.com\",\"apigateway.amazonaws.com\",\"ecs.amazonaws.com\",\"ec2.application-autoscaling.amazonaws.com\",\"elasticloadbalancing.amazonaws.com\",\"sqs.amazonaws.com\",\"codedeploy.amazonaws.com\",\"elasticfilesystem.amazonaws.com\",\"pipes.amazonaws.com\",\"forecast.amazonaws.com\",\"firehose.amazonaws.com\",\"s3.amazonaws.com\",\"kinesis.amazonaws.com\",\"scheduler.amazonaws.com\",\"deepracer.amazonaws.com\",\"databrew.amazonaws.com\",\"sagemaker.amazonaws.com\",\"autoscaling.amazonaws.com\",\"cognito-idp.amazonaws.com\",\"resource-groups.amazonaws.com\",\"dynamodb.amazonaws.com\",\"rds.amazonaws.com\",\"servicecatalog.amazonaws.com\",\"backup.amazonaws.com\",\"kinesisanalytics.amazonaws.com\",\"eks-fargate-pods.amazonaws.com\",\"codecommit.amazonaws.com\",\"iotevents.amazonaws.com\",\"elasticmapreduce.amazonaws.com\",\"batch.amazonaws.com\",\"ecs-tasks.amazonaws.com\",\"states.amazonaws.com\",\"events.amazonaws.com\",\"elasticbeanstalk.amazonaws.com\"],\"AWS\":\"arn:aws:iam::637423451078:role/LabRole\"},\"Action\":\"sts:AssumeRole\"}]}",
            "create_date": "2025-09-05T20:26:06Z",
            "description": "",
            "id": "LabRole",
            "max_session_duration": 3600,
            "name": "LabRole",
            "path": "/",
            "permissions_boundary": "",
            "role_last_used": [
              {
                "last_used_date": "2025-10-29T17:44:59Z",
                "region": "us-west-2"
              }
            ],
            "tags": {
              "cloudlab": "c169671a4380641l11469598t1w637423451078"
            },
            "unique_id": "AROAZI2LF7PDMMSHGFDYW"
          },
          "sensitive_attributes": [],
          "identity_schema_version": 0
        }
      ]
    },
    {
      "mode": "managed",
      "type": "docker_image",
      "name": "app",
      "provider": "provider[\"registry.terraform.io/kreuzwerker/docker\"]",
      "instances": [
        {
          "schema_version": 0,
          "attributes": {
            "build": [
              {
                "auth_config": [],
                "build_arg": {},
                "build_args": {},
                "build_id": "",
                "cache_from": [],
                "cgroup_parent": "",
                "context": "../src",
                "cpu_period": 0,
                "cpu_quota": 0,
                "cpu_set_cpus": "",
                "cpu_set_mems": "",
                "cpu_shares": 0,
                "dockerfile": "Dockerfile",
                "extra_hosts": [],
                "force_remove": false,
                "isolation": "",
                "label": {},
                "labels": {},
                "memory": 0,
                "memory_swap": 0,
                "network_mode": "",
                "no_cache": false,
                "path": "",
                "platform": "linux/amd64",
                "pull_parent": false,
                "remote_context": "",
                "remove": true,
                "security_opt": [],
                "session_id": "",
                "shm_size": 0,
                "squash": false,
                "suppress_output": false,
                "tag": [],
                "target": "",
                "ulimit": [],
                "version": ""
              }
            ],
            "force_remove": null,
            "id": "sha256:857834bd8388e0f009c7af1e46098ef04bcd90737f96568a2c814dd731fbdb63637423451078.dkr.ecr.us-west-2.amazonaws.com/ecr_service:latest",
            "image_id": "sha256:857834bd8388e0f009c7af1e46098ef04bcd90737f96568a2c814dd731fbdb63",
            "keep_locally": null,
            "latest": "sha256:857834bd8388e0f009c7af1e46098ef04bcd90737f96568a2c814dd731fbdb63",
            "name": "637423451078.dkr.ecr.us-west-2.amazonaws.com/ecr_service:latest",
            "output": null,
            "platform": null,
            "pull_trigger": null,
            "pull_triggers": null,
            "repo_digest": "637423451078.dkr.ecr.us-west-2.amazonaws.com/ecr_service@sha256:01a1896fdf4013770086fe362dec5c30260e41d242ebc1a3f6f062e6d53137d2",
            "triggers": null
          },
          "sensitive_attributes": [],
          "identity_schema_version": 0,
          "private": "bnVsbA==",
          "dependencies": [
            "data.aws_ecr_authorization_token.registry",
            "module.ecr.aws_ecr_repository.this"
          ]
        }
      ]
    },
    {
      "mode": "managed",
      "type": "docker_registry_image",
      "name": "app",
      "provider": "provider[\"registry.terraform.io/kreuzwerker/docker\"]",
      "instances": [
        {
          "schema_version": 0,
          "attributes": {
            "build": [],
            "id": "sha256:01a1896fdf4013770086fe362dec5c30260e41d242ebc1a3f6f062e6d53137d2",
            "insecure_skip_verify": false,
            "keep_remotely": false,
            "name": "637423451078.dkr.ecr.us-west-2.amazonaws.com/ecr_service:latest",
            "sha256_digest": "sha256:01a1896fdf4013770086fe362dec5c30260e41d242ebc1a3f6f062e6d53137d2",
            "triggers": null
          },
          "sensitive_attributes": [],
          "identity_schema_version": 0,
          "private": "bnVsbA==",
          "dependencies": [
            "data.aws_ecr_authorization_token.registry",
            "docker_image.app",
            "module.ecr.aws_ecr_repository.this"
          ]
        }
      ]
    },
    {
      "module": "module.alb",
      "mode": "managed",
      "type": "aws_lb",
      "name": "main",
      "provider": "provider[\"registry.terraform.io/hashicorp/aws\"]",
      "instances": [
        {
          "schema_version": 0,
          "attributes": {
            "access_logs": [
              {
                "bucket": "",
                "enabled": false,
                "prefix": ""
              }
            ],
            "arn": "arn:aws:elasticloadbalancing:us-west-2:637423451078:loadbalancer/app/CS6650L2-alb/5caf2a770603648d",
            "arn_suffix": "app/CS6650L2-alb/5caf2a770603648d",
            "client_keep_alive": 3600,
            "connection_logs": [
              {
                "bucket": "",
                "enabled": false,
                "prefix": ""
              }
            ],
            "customer_owned_ipv4_pool": "",
            "desync_mitigation_mode": "defensive",
            "dns_name": "CS6650L2-alb-767794308.us-west-2.elb.amazonaws.com",
            "dns_record_client_routing_policy": null,
            "drop_invalid_header_fields": false,
            "enable_cross_zone_load_balancing": true,
            "enable_deletion_protection": false,
            "enable_http2": true,
            "enable_tls_version_and_cipher_suite_headers": false,
            "enable_waf_fail_open": false,
            "enable_xff_client_port": false,
            "enable_zonal_shift": false,
            "enforce_security_group_inbound_rules_on_private_link_traffic": "",
            "id": "arn:aws:elasticloadbalancing:us-west-2:637423451078:loadbalancer/app/CS6650L2-alb/5caf2a770603648d",
            "idle_timeout": 60,
            "internal": false,
            "ip_address_type": "ipv4",
            "ipam_pools": [],
            "load_balancer_type": "application",
            "minimum_load_balancer_capacity": [],
            "name": "CS6650L2-alb",
            "name_prefix": "",
            "preserve_host_header": false,
            "region": "us-west-2",
            "security_groups": [
              "sg-0e83afc7cce9889ca"
            ],
            "subnet_mapping": [
              {
                "allocation_id": "",
                "ipv6_address": "",
                "outpost_id": "",
                "private_ipv4_address": "",
                "subnet_id": "subnet-0266985c671d5d353"
              },
              {
                "allocation_id": "",
                "ipv6_address": "",
                "outpost_id": "",
                "private_ipv4_address": "",
                "subnet_id": "subnet-02ba5968513b2fc12"
              }
            ],
            "subnets": [
              "subnet-0266985c671d5d353",
              "subnet-02ba5968513b2fc12"
            ],
            "tags": {
              "Name": "CS6650L2-alb"
            },
            "tags_all": {
              "Name": "CS6650L2-alb"
            },
            "timeouts": null,
            "vpc_id": "vpc-091eede37250c4e06",
            "xff_header_processing_mode": "append",
            "zone_id": "Z1H1FL5HABSF5"
          },
          "sensitive_attributes": [],
          "identity_schema_version": 0,
          "identity": {
            "arn": "arn:aws:elasticloadbalancing:us-west-2:637423451078:loadbalancer/app/CS6650L2-alb/5caf2a770603648d"
          },
          "private": "eyJlMmJmYjczMC1lY2FhLTExZTYtOGY4OC0zNDM2M2JjN2M0YzAiOnsiY3JlYXRlIjo2MDAwMDAwMDAwMDAsImRlbGV0ZSI6NjAwMDAwMDAwMDAwLCJ1cGRhdGUiOjYwMDAwMDAwMDAwMH19",
          "dependencies": [
            "module.network.aws_security_group.alb",
            "module.network.aws_subnet.public",
            "module.network.aws_vpc.main",
            "module.network.data.aws_availability_zones.available"
          ]
        }
      ]
    },
    {
      "module": "module.alb",
      "mode": "managed",
      "type": "aws_lb_listener",
      "name": "main",
      "provider": "provider[\"registry.terraform.io/hashicorp/aws\"]",
      "instances": [
        {
          "schema_version": 0,
          "attributes": {
            "alpn_policy": null,
            "arn": "arn:aws:elasticloadbalancing:us-west-2:637423451078:listener/app/CS6650L2-alb/5caf2a770603648d/f763a6f95f220cf5",
            "certificate_arn": null,
            "default_action": [
              {
                "authenticate_cognito": [],
                "authenticate_oidc": [],
                "fixed_response": [],
                "forward": [],
                "order": 1,
                "redirect": [],
                "target_group_arn": "arn:aws:elasticloadbalancing:us-west-2:637423451078:targetgroup/CS6650L2-tg/daad8f58164a80f3",
                "type": "forward"
              }
            ],
            "id": "arn:aws:elasticloadbalancing:us-west-2:637423451078:listener/app/CS6650L2-alb/5caf2a770603648d/f763a6f95f220cf5",
            "load_balancer_arn": "arn:aws:elasticloadbalancing:us-west-2:637423451078:loadbalancer/app/CS6650L2-alb/5caf2a770603648d",
            "mutual_authentication": [],
            "port": 80,
            "protocol": "HTTP",
            "region": "us-west-2",
            "routing_http_request_x_amzn_mtls_clientcert_header_name": null,
            "routing_http_request_x_amzn_mtls_clientcert_issuer_header_name": null,
            "routing_http_request_x_amzn_mtls_clientcert_leaf_header_name": null,
            "routing_http_request_x_amzn_mtls_clientcert_serial_number_header_name": null,
            "routing_http_request_x_amzn_mtls_clientcert_subject_header_name": null,
            "routing_http_request_x_amzn_mtls_clientcert_validity_header_name": null,
            "routing_http_request_x_amzn_tls_cipher_suite_header_name": null,
            "routing_http_request_x_amzn_tls_version_header_name": null,
            "routing_http_response_access_control_allow_credentials_header_value": "",
            "routing_http_response_access_control_allow_headers_header_value": "",
            "routing_http_response_access_control_allow_methods_header_value": "",
            "routing_http_response_access_control_allow_origin_header_value": "",
            "routing_http_response_access_control_expose_headers_header_value": "",
            "routing_http_response_access_control_max_age_header_value": "",
            "routing_http_response_content_security_policy_header_value": "",
            "routing_http_response_server_enabled": true,
            "routing_http_response_strict_transport_security_header_value": "",
            "routing_http_response_x_content_type_options_header_value": "",
            "routing_http_response_x_frame_options_header_value": "",
            "ssl_policy": "",
            "tags": null,
            "tags_all": {},
            "tcp_idle_timeout_seconds": null,
            "timeouts": null
          },
          "sensitive_attributes": [],
          "identity_schema_version": 0,
          "identity": {
            "arn": "arn:aws:elasticloadbalancing:us-west-2:637423451078:listener/app/CS6650L2-alb/5caf2a770603648d/f763a6f95f220cf5"
          },
          "private": "eyJlMmJmYjczMC1lY2FhLTExZTYtOGY4OC0zNDM2M2JjN2M0YzAiOnsiY3JlYXRlIjozMDAwMDAwMDAwMDAsInVwZGF0ZSI6MzAwMDAwMDAwMDAwfX0=",
          "dependencies": [
            "module.alb.aws_lb.main",
            "module.alb.aws_lb_target_group.main",
            "module.network.aws_security_group.alb",
            "module.network.aws_subnet.public",
            "module.network.aws_vpc.main",
            "module.network.data.aws_availability_zones.available"
          ]
        }
      ]
    },
    {
      "module": "module.alb",
      "mode": "managed",
      "type": "aws_lb_target_group",
      "name": "main",
      "provider": "provider[\"registry.terraform.io/hashicorp/aws\"]",
      "instances": [
        {
          "schema_version": 0,
          "attributes": {
            "arn": "arn:aws:elasticloadbalancing:us-west-2:637423451078:targetgroup/CS6650L2-tg/daad8f58164a80f3",
            "arn_suffix": "targetgroup/CS6650L2-tg/daad8f58164a80f3",
            "connection_termination": null,
            "deregistration_delay": "30",
            "health_check": [
              {
                "enabled": true,
                "healthy_threshold": 2,
                "interval": 30,
                "matcher": "200",
                "path": "/health",
                "port": "traffic-port",
                "protocol": "HTTP",
                "timeout": 5,
                "unhealthy_threshold": 3
              }
            ],
            "id": "arn:aws:elasticloadbalancing:us-west-2:637423451078:targetgroup/CS6650L2-tg/daad8f58164a80f3",
            "ip_address_type": "ipv4",
            "lambda_multi_value_headers_enabled": false,
            "load_balancer_arns": [],
            "load_balancing_algorithm_type": "round_robin",
            "load_balancing_anomaly_mitigation": "off",
            "load_balancing_cross_zone_enabled": "use_load_balancer_configuration",
            "name": "CS6650L2-tg",
            "name_prefix": "",
            "port": 8080,
            "preserve_client_ip": null,
            "protocol": "HTTP",
            "protocol_version": "HTTP1",
            "proxy_protocol_v2": false,
            "region": "us-west-2",
            "slow_start": 0,
            "stickiness": [
              {
                "cookie_duration": 86400,
                "cookie_name": "",
                "enabled": false,
                "type": "lb_cookie"
              }
            ],
            "tags": {
              "Name": "CS6650L2-tg"
            },
            "tags_all": {
              "Name": "CS6650L2-tg"
            },
            "target_failover": [
              {
                "on_deregistration": null,
                "on_unhealthy": null
              }
            ],
            "target_group_health": [
              {
                "dns_failover": [
                  {
                    "minimum_healthy_targets_count": "1",
                    "minimum_healthy_targets_percentage": "off"
                  }
                ],
                "unhealthy_state_routing": [
                  {
                    "minimum_healthy_targets_count": 1,
                    "minimum_healthy_targets_percentage": "off"
                  }
                ]
              }
            ],
            "target_health_state": [
              {
                "enable_unhealthy_connection_termination": null,
                "unhealthy_draining_interval": null
              }
            ],
            "target_type": "ip",
            "vpc_id": "vpc-091eede37250c4e06"
          },
          "sensitive_attributes": [],
          "identity_schema_version": 0,
          "identity": {
            "arn": "arn:aws:elasticloadbalancing:us-west-2:637423451078:targetgroup/CS6650L2-tg/daad8f58164a80f3"
          },
          "private": "bnVsbA==",
          "dependencies": [
            "module.network.aws_vpc.main"
          ]
        }
      ]
    },
    {
      "module": "module.ecr",
      "mode": "managed",
      "type": "aws_ecr_repository",
      "name": "this",
      "provider": "provider[\"registry.terraform.io/hashicorp/aws\"]",
      "instances": [
        {
          "schema_version": 0,
          "attributes": {
            "arn": "arn:aws:ecr:us-west-2:637423451078:repository/ecr_service",
            "encryption_configuration": [
              {
                "encryption_type": "AES256",
                "kms_key": ""
              }
            ],
            "force_delete": null,
            "id": "ecr_service",
            "image_scanning_configuration": [
              {
                "scan_on_push": true
              }
            ],
            "image_tag_mutability": "MUTABLE",
            "name": "ecr_service",
            "region": "us-west-2",
            "registry_id": "637423451078",
            "repository_url": "637423451078.dkr.ecr.us-west-2.amazonaws.com/ecr_service",
            "tags": {
              "Name": "ecr_service"
            },
            "tags_all": {
              "Name": "ecr_service"
            },
            "timeouts": null
          },
          "sensitive_attributes": [],
          "identity_schema_version": 0,
          "private": "eyJlMmJmYjczMC1lY2FhLTExZTYtOGY4OC0zNDM2M2JjN2M0YzAiOnsiZGVsZXRlIjoxMjAwMDAwMDAwMDAwfX0="
        }
      ]
    },
    {
      "module": "module.ecs",
      "mode": "managed",
      "type": "aws_ecs_cluster",
      "name": "this",
      "provider": "provider[\"registry.terraform.io/hashicorp/aws\"]",
      "instances": [
        {
          "schema_version": 0,
          "attributes": {
            "arn": "arn:aws:ecs:us-west-2:637423451078:cluster/CS6650L2-cluster",
            "configuration": [],
            "id": "arn:aws:ecs:us-west-2:637423451078:cluster/CS6650L2-cluster",
            "name": "CS6650L2-cluster",
            "region": "us-west-2",
            "service_connect_defaults": [],
            "setting": [
              {
                "name": "containerInsights",
                "value": "disabled"
              }
            ],
            "tags": {
              "Name": "CS6650L2-cluster"
            },
            "tags_all": {
              "Name": "CS6650L2-cluster"
            }
          },
          "sensitive_attributes": [],
          "identity_schema_version": 0,
          "private": "bnVsbA=="
        }
      ]
    },
    {
      "module": "module.ecs",
      "mode": "managed",
      "type": "aws_ecs_service",
      "name": "this",
      "provider": "provider[\"registry.terraform.io/hashicorp/aws\"]",
      "instances": [
        {
          "schema_version": 1,
          "attributes": {
            "alarms": [],
            "arn": "arn:aws:ecs:us-west-2:637423451078:service/CS6650L2-cluster/CS6650L2",
            "availability_zone_rebalancing": "DISABLED",
            "capacity_provider_strategy": [],
            "cluster": "arn:aws:ecs:us-west-2:637423451078:cluster/CS6650L2-cluster",
            "deployment_circuit_breaker": [
              {
                "enable": false,
                "rollback": false
              }
            ],
            "deployment_configuration": [],
            "deployment_controller": [
              {
                "type": "ECS"
              }
            ],
            "deployment_maximum_percent": 200,
            "deployment_minimum_healthy_percent": 100,
            "desired_count": 3,
            "enable_ecs_managed_tags": false,
            "enable_execute_command": false,
            "force_delete": null,
            "force_new_deployment": null,
            "health_check_grace_period_seconds": 0,
            "iam_role": "/aws-service-role/ecs.amazonaws.com/AWSServiceRoleForECS",
            "id": "arn:aws:ecs:us-west-2:637423451078:service/CS6650L2-cluster/CS6650L2",
            "launch_type": "FARGATE",
            "load_balancer": [
              {
                "advanced_configuration": [],
                "container_name": "CS6650L2-container",
                "container_port": 8080,
                "elb_name": "",
                "target_group_arn": "arn:aws:elasticloadbalancing:us-west-2:637423451078:targetgroup/CS6650L2-tg/daad8f58164a80f3"
              }
            ],
            "name": "CS6650L2",
            "network_configuration": [
              {
                "assign_public_ip": false,
                "security_groups": [
                  "sg-06449906b04d7d3f5"
                ],
                "subnets": [
                  "subnet-0b4479575c6dcba9a",
                  "subnet-0d9999af17278bd3c"
                ]
              }
            ],
            "ordered_placement_strategy": [],
            "placement_constraints": [],
            "platform_version": "LATEST",
            "propagate_tags": "NONE",
            "region": "us-west-2",
            "scheduling_strategy": "REPLICA",
            "service_connect_configuration": [],
            "service_registries": [],
            "tags": {
              "Name": "CS6650L2"
            },
            "tags_all": {
              "Name": "CS6650L2"
            },
            "task_definition": "arn:aws:ecs:us-west-2:637423451078:task-definition/CS6650L2-task:5",
            "timeouts": null,
            "triggers": {},
            "volume_configuration": [],
            "vpc_lattice_configurations": [],
            "wait_for_steady_state": false
          },
          "sensitive_attributes": [],
          "identity_schema_version": 0,
          "private": "eyJlMmJmYjczMC1lY2FhLTExZTYtOGY4OC0zNDM2M2JjN2M0YzAiOnsiY3JlYXRlIjoxMjAwMDAwMDAwMDAwLCJkZWxldGUiOjEyMDAwMDAwMDAwMDAsInVwZGF0ZSI6MTIwMDAwMDAwMDAwMH0sInNjaGVtYV92ZXJzaW9uIjoiMSJ9",
          "dependencies": [
            "data.aws_iam_role.lab_role",
            "module.alb.aws_lb_target_group.main",
            "module.ecr.aws_ecr_repository.this",
            "module.ecs.aws_ecs_cluster.this",
            "module.ecs.aws_ecs_task_definition.this",
            "module.logging.aws_cloudwatch_log_group.this",
            "module.network.aws_security_group.alb",
            "module.network.aws_security_group.ecs",
            "module.network.aws_subnet.private",
            "module.network.aws_vpc.main",
            "module.network.data.aws_availability_zones.available"
          ]
        }
      ]
    },
    {
      "module": "module.ecs",
      "mode": "managed",
      "type": "aws_ecs_task_definition",
      "name": "this",
      "provider": "provider[\"registry.terraform.io/hashicorp/aws\"]",
      "instances": [
        {
          "schema_version": 1,
          "attributes": {
            "arn": "arn:aws:ecs:us-west-2:637423451078:task-definition/CS6650L2-task:5",
            "arn_without_revision": "arn:aws:ecs:us-west-2:637423451078:task-definition/CS6650L2-task",
            "container_definitions": "[{\"environment\":[],\"essential\":true,\"healthCheck\":{\"command\":[\"CMD-SHELL\",\"curl -f http://localhost:8080/health || exit 1\"],\"interval\":30,\"retries\":3,\"startPeriod\":60,\"timeout\":5},\"image\":\"637423451078.dkr.ecr.us-west-2.amazonaws.com/ecr_service:latest\",\"logConfiguration\":{\"logDriver\":\"awslogs\",\"options\":{\"awslogs-region\":\"us-west-2\",\"awslogs-stream-prefix\":\"ecs\",\"awslogs-group\":\"/ecs/CS6650L2\"}},\"mountPoints\":[],\"name\":\"CS6650L2-container\",\"portMappings\":[{\"containerPort\":8080,\"hostPort\":8080,\"protocol\":\"tcp\"}],\"systemControls\":[],\"volumesFrom\":[]}]",
            "cpu": "256",
            "enable_fault_injection": false,
            "ephemeral_storage": [],
            "execution_role_arn": "arn:aws:iam::637423451078:role/LabRole",
            "family": "CS6650L2-task",
            "id": "CS6650L2-task",
            "ipc_mode": "",
            "memory": "512",
            "network_mode": "awsvpc",
            "pid_mode": "",
            "placement_constraints": [],
            "proxy_configuration": [],
            "region": "us-west-2",
            "requires_compatibilities": [
              "FARGATE"
            ],
            "revision": 5,
            "runtime_platform": [],
            "skip_destroy": false,
            "tags": {
              "Name": "CS6650L2-task"
            },
            "tags_all": {
              "Name": "CS6650L2-task"
            },
            "task_role_arn": "arn:aws:iam::637423451078:role/LabRole",
            "track_latest": false,
            "volume": []
          },
          "sensitive_attributes": [],
          "identity_schema_version": 0,
          "private": "eyJzY2hlbWFfdmVyc2lvbiI6IjEifQ==",
          "dependencies": [
            "data.aws_iam_role.lab_role",
            "module.ecr.aws_ecr_repository.this",
            "module.logging.aws_cloudwatch_log_group.this"
          ]
        }
      ]
    },
    {
      "module": "module.logging",
      "mode": "managed",
      "type": "aws_cloudwatch_log_group",
      "name": "this",
      "provider": "provider[\"registry.terraform.io/hashicorp/aws\"]",
      "instances": [
        {
          "schema_version": 0,
          "attributes": {
            "arn": "arn:aws:logs:us-west-2:637423451078:log-group:/ecs/CS6650L2",
            "id": "/ecs/CS6650L2",
            "kms_key_id": "",
            "log_group_class": "STANDARD",
            "name": "/ecs/CS6650L2",
            "name_prefix": "",
            "region": "us-west-2",
            "retention_in_days": 7,
            "skip_destroy": false,
            "tags": {},
            "tags_all": {}
          },
          "sensitive_attributes": [],
          "identity_schema_version": 0,
          "private": "bnVsbA=="
        }
      ]
    },
    {
      "module": "module.network",
      "mode": "data",
      "type": "aws_availability_zones",
      "name": "available",
      "provider": "provider[\"registry.terraform.io/hashicorp/aws\"]",
      "instances": [
        {
          "schema_version": 0,
          "attributes": {
            "all_availability_zones": null,
            "exclude_names": null,
            "exclude_zone_ids": null,
            "filter": null,
            "group_names": [
              "us-west-2-zg-1"
            ],
            "id": "us-west-2",
            "names": [
              "us-west-2a",
              "us-west-2b",
              "us-west-2c",
              "us-west-2d"
            ],
            "region": "us-west-2",
            "state": "available",
            "timeouts": null,
            "zone_ids": [
              "usw2-az1",
              "usw2-az2",
              "usw2-az3",
              "usw2-az4"
            ]
          },
          "sensitive_attributes": [],
          "identity_schema_version": 0
        }
      ]
    },
    {
      "module": "module.network",
      "mode": "managed",
      "type": "aws_eip",
      "name": "nat",
      "provider": "provider[\"registry.terraform.io/hashicorp/aws\"]",
      "instances": [
        {
          "index_key": 0,
          "schema_version": 0,
          "attributes": {
            "address": null,
            "allocation_id": "eipalloc-0dc245962f8d08ca5",
            "arn": "arn:aws:ec2:us-west-2:637423451078:elastic-ip/eipalloc-0dc245962f8d08ca5",
            "associate_with_private_ip": null,
            "association_id": "eipassoc-02e4031668c1daf18",
            "carrier_ip": "",
            "customer_owned_ip": "",
            "customer_owned_ipv4_pool": "",
            "domain": "vpc",
            "id": "eipalloc-0dc245962f8d08ca5",
            "instance": "",
            "ipam_pool_id": null,
            "network_border_group": "us-west-2",
            "network_interface": "eni-0b969675eee5f53c6",
            "private_dns": "ip-10-0-1-102.us-west-2.compute.internal",
            "private_ip": "10.0.1.102",
            "ptr_record": "",
            "public_dns": "ec2-54-244-105-56.us-west-2.compute.amazonaws.com",
            "public_ip": "54.244.105.56",
            "public_ipv4_pool": "amazon",
            "region": "us-west-2",
            "tags": {
              "Name": "CS6650L2-nat-eip-1"
            },
            "tags_all": {
              "Name": "CS6650L2-nat-eip-1"
            },
            "timeouts": null
          },
          "sensitive_attributes": [],
          "identity_schema_version": 0,
          "private": "eyJlMmJmYjczMC1lY2FhLTExZTYtOGY4OC0zNDM2M2JjN2M0YzAiOnsiZGVsZXRlIjoxODAwMDAwMDAwMDAsInJlYWQiOjkwMDAwMDAwMDAwMCwidXBkYXRlIjozMDAwMDAwMDAwMDB9fQ=="
        },
        {
          "index_key": 1,
          "schema_version": 0,
          "attributes": {
            "address": null,
            "allocation_id": "eipalloc-0750083e15fd20f1d",
            "arn": "arn:aws:ec2:us-west-2:637423451078:elastic-ip/eipalloc-0750083e15fd20f1d",
            "associate_with_private_ip": null,
            "association_id": "eipassoc-0154131be8567b5d6",
            "carrier_ip": "",
            "customer_owned_ip": "",
            "customer_owned_ipv4_pool": "",
            "domain": "vpc",
            "id": "eipalloc-0750083e15fd20f1d",
            "instance": "",
            "ipam_pool_id": null,
            "network_border_group": "us-west-2",
            "network_interface": "eni-0a3ebd569a671593f",
            "private_dns": "ip-10-0-2-165.us-west-2.compute.internal",
            "private_ip": "10.0.2.165",
            "ptr_record": "",
            "public_dns": "ec2-54-70-8-1.us-west-2.compute.amazonaws.com",
            "public_ip": "54.70.8.1",
            "public_ipv4_pool": "amazon",
            "region": "us-west-2",
            "tags": {
              "Name": "CS6650L2-nat-eip-2"
            },
            "tags_all": {
              "Name": "CS6650L2-nat-eip-2"
            },
            "timeouts": null
          },
          "sensitive_attributes": [],
          "identity_schema_version": 0,
          "private": "eyJlMmJmYjczMC1lY2FhLTExZTYtOGY4OC0zNDM2M2JjN2M0YzAiOnsiZGVsZXRlIjoxODAwMDAwMDAwMDAsInJlYWQiOjkwMDAwMDAwMDAwMCwidXBkYXRlIjozMDAwMDAwMDAwMDB9fQ=="
        }
      ]
    },
    {
      "module": "module.network",
      "mode": "managed",
      "type": "aws_internet_gateway",
      "name": "main",
      "provider": "provider[\"registry.terraform.io/hashicorp/aws\"]",
      "instances": [
        {
          "schema_version": 0,
          "attributes": {
            "arn": "arn:aws:ec2:us-west-2:637423451078:internet-gateway/igw-067d9f9f49299c218",
            "id": "igw-067d9f9f49299c218",
            "owner_id": "637423451078",
            "region": "us-west-2",
            "tags": {
              "Name": "CS6650L2-igw"
            },
            "tags_all": {
              "Name": "CS6650L2-igw"
            },
            "timeouts": null,
            "vpc_id": "vpc-091eede37250c4e06"
          },
          "sensitive_attributes": [],
          "identity_schema_version": 0,
          "private": "eyJlMmJmYjczMC1lY2FhLTExZTYtOGY4OC0zNDM2M2JjN2M0YzAiOnsiY3JlYXRlIjoxMjAwMDAwMDAwMDAwLCJkZWxldGUiOjEyMDAwMDAwMDAwMDAsInVwZGF0ZSI6MTIwMDAwMDAwMDAwMH19",
          "dependencies": [
            "module.network.aws_vpc.main"
          ]
        }
      ]
    },
    {
      "module": "module.network",
      "mode": "managed",
      "type": "aws_nat_gateway",
      "name": "main",
      "provider": "provider[\"registry.terraform.io/hashicorp/aws\"]",
      "instances": [
        {
          "index_key": 0,
          "schema_version": 0,
          "attributes": {
            "allocation_id": "eipalloc-0dc245962f8d08ca5",
            "association_id": "eipassoc-02e4031668c1daf18",
            "connectivity_type": "public",
            "id": "nat-001f835f3330b0b5c",
            "network_interface_id": "eni-0b969675eee5f53c6",
            "private_ip": "10.0.1.102",
            "public_ip": "54.244.105.56",
            "region": "us-west-2",
            "secondary_allocation_ids": [],
            "secondary_private_ip_address_count": 0,
            "secondary_private_ip_addresses": [],
            "subnet_id": "subnet-0266985c671d5d353",
            "tags": {
              "Name": "CS6650L2-nat-1"
            },
            "tags_all": {
              "Name": "CS6650L2-nat-1"
            },
            "timeouts": null
          },
          "sensitive_attributes": [],
          "identity_schema_version": 0,
          "private": "eyJlMmJmYjczMC1lY2FhLTExZTYtOGY4OC0zNDM2M2JjN2M0YzAiOnsiY3JlYXRlIjo2MDAwMDAwMDAwMDAsImRlbGV0ZSI6MTgwMDAwMDAwMDAwMCwidXBkYXRlIjo2MDAwMDAwMDAwMDB9fQ==",
          "dependencies": [
            "module.network.aws_eip.nat",
            "module.network.aws_internet_gateway.main",
            "module.network.aws_subnet.public",
            "module.network.aws_vpc.main",
            "module.network.data.aws_availability_zones.available"
          ]
        },
        {
          "index_key": 1,
          "schema_version": 0,
          "attributes": {
            "allocation_id": "eipalloc-0750083e15fd20f1d",
            "association_id": "eipassoc-0154131be8567b5d6",
            "connectivity_type": "public",
            "id": "nat-03bb7853ba49d2dcf",
            "network_interface_id": "eni-0a3ebd569a671593f",
            "private_ip": "10.0.2.165",
            "public_ip": "54.70.8.1",
            "region": "us-west-2",
            "secondary_allocation_ids": [],
            "secondary_private_ip_address_count": 0,
            "secondary_private_ip_addresses": [],
            "subnet_id": "subnet-02ba5968513b2fc12",
            "tags": {
              "Name": "CS6650L2-nat-2"
            },
            "tags_all": {
              "Name": "CS6650L2-nat-2"
            },
            "timeouts": null
          },
          "sensitive_attributes": [],
          "identity_schema_version": 0,
          "private": "eyJlMmJmYjczMC1lY2FhLTExZTYtOGY4OC0zNDM2M2JjN2M0YzAiOnsiY3JlYXRlIjo2MDAwMDAwMDAwMDAsImRlbGV0ZSI6MTgwMDAwMDAwMDAwMCwidXBkYXRlIjo2MDAwMDAwMDAwMDB9fQ==",
          "dependencies": [
            "module.network.aws_eip.nat",
            "module.network.aws_internet_gateway.main",
            "module.network.aws_subnet.public",
            "module.network.aws_vpc.main",
            "module.network.data.aws_availability_zones.available"
          ]
        }
      ]
    },
    {
      "module": "module.network",
      "mode": "managed",
      "type": "aws_route_table",
      "name": "private",
      "provider": "provider[\"registry.terraform.io/hashicorp/aws\"]",
      "instances": [
        {
          "index_key": 0,
          "schema_version": 0,
          "attributes": {
            "arn": "arn:aws:ec2:us-west-2:637423451078:route-table/rtb-03a49e14b5f3eb6ac",
            "id": "rtb-03a49e14b5f3eb6ac",
            "owner_id": "637423451078",
            "propagating_vgws": [],
            "region": "us-west-2",
            "route": [
              {
                "carrier_gateway_id": "",
                "cidr_block": "0.0.0.0/0",
                "core_network_arn": "",
                "destination_prefix_list_id": "",
                "egress_only_gateway_id": "",
                "gateway_id": "",
                "ipv6_cidr_block": "",
                "local_gateway_id": "",
                "nat_gateway_id": "nat-001f835f3330b0b5c",
                "network_interface_id": "",
                "transit_gateway_id": "",
                "vpc_endpoint_id": "",
                "vpc_peering_connection_id": ""
              }
            ],
            "tags": {
              "Name": "CS6650L2-private-rt-1"
            },
            "tags_all": {
              "Name": "CS6650L2-private-rt-1"
            },
            "timeouts": null,
            "vpc_id": "vpc-091eede37250c4e06"
          },
          "sensitive_attributes": [],
          "identity_schema_version": 0,
          "private": "eyJlMmJmYjczMC1lY2FhLTExZTYtOGY4OC0zNDM2M2JjN2M0YzAiOnsiY3JlYXRlIjozMDAwMDAwMDAwMDAsImRlbGV0ZSI6MzAwMDAwMDAwMDAwLCJ1cGRhdGUiOjEyMDAwMDAwMDAwMH19",
          "dependencies": [
            "module.network.aws_eip.nat",
            "module.network.aws_internet_gateway.main",
            "module.network.aws_nat_gateway.main",
            "module.network.aws_subnet.public",
            "module.network.aws_vpc.main",
            "module.network.data.aws_availability_zones.available"
          ]
        },
        {
          "index_key": 1,
          "schema_version": 0,
          "attributes": {
            "arn": "arn:aws:ec2:us-west-2:637423451078:route-table/rtb-0588ac92dc9a7de6a",
            "id": "rtb-0588ac92dc9a7de6a",
            "owner_id": "637423451078",
            "propagating_vgws": [],
            "region": "us-west-2",
            "route": [
              {
                "carrier_gateway_id": "",
                "cidr_block": "0.0.0.0/0",
                "core_network_arn": "",
                "destination_prefix_list_id": "",
                "egress_only_gateway_id": "",
                "gateway_id": "",
                "ipv6_cidr_block": "",
                "local_gateway_id": "",
                "nat_gateway_id": "nat-03bb7853ba49d2dcf",
                "network_interface_id": "",
                "transit_gateway_id": "",
                "vpc_endpoint_id": "",
                "vpc_peering_connection_id": ""
              }
            ],
            "tags": {
              "Name": "CS6650L2-private-rt-2"
            },
            "tags_all": {
              "Name": "CS6650L2-private-rt-2"
            },
            "timeouts": null,
            "vpc_id": "vpc-091eede37250c4e06"
          },
          "sensitive_attributes": [],
          "identity_schema_version": 0,
          "private": "eyJlMmJmYjczMC1lY2FhLTExZTYtOGY4OC0zNDM2M2JjN2M0YzAiOnsiY3JlYXRlIjozMDAwMDAwMDAwMDAsImRlbGV0ZSI6MzAwMDAwMDAwMDAwLCJ1cGRhdGUiOjEyMDAwMDAwMDAwMH19",
          "dependencies": [
            "module.network.aws_eip.nat",
            "module.network.aws_internet_gateway.main",
            "module.network.aws_nat_gateway.main",
            "module.network.aws_subnet.public",
            "module.network.aws_vpc.main",
            "module.network.data.aws_availability_zones.available"
          ]
        }
      ]
    },
    {
      "module": "module.network",
      "mode": "managed",
      "type": "aws_route_table",
      "name": "public",
      "provider": "provider[\"registry.terraform.io/hashicorp/aws\"]",
      "instances": [
        {
          "schema_version": 0,
          "attributes": {
            "arn": "arn:aws:ec2:us-west-2:637423451078:route-table/rtb-0583b3250ea013824",
            "id": "rtb-0583b3250ea013824",
            "owner_id": "637423451078",
            "propagating_vgws": [],
            "region": "us-west-2",
            "route": [
              {
                "carrier_gateway_id": "",
                "cidr_block": "0.0.0.0/0",
                "core_network_arn": "",
                "destination_prefix_list_id": "",
                "egress_only_gateway_id": "",
                "gateway_id": "igw-067d9f9f49299c218",
                "ipv6_cidr_block": "",
                "local_gateway_id": "",
                "nat_gateway_id": "",
                "network_interface_id": "",
                "transit_gateway_id": "",
                "vpc_endpoint_id": "",
                "vpc_peering_connection_id": ""
              }
            ],
            "tags": {
              "Name": "CS6650L2-public-rt"
            },
            "tags_all": {
              "Name": "CS6650L2-public-rt"
            },
            "timeouts": null,
            "vpc_id": "vpc-091eede37250c4e06"
          },
          "sensitive_attributes": [],
          "identity_schema_version": 0,
          "private": "eyJlMmJmYjczMC1lY2FhLTExZTYtOGY4OC0zNDM2M2JjN2M0YzAiOnsiY3JlYXRlIjozMDAwMDAwMDAwMDAsImRlbGV0ZSI6MzAwMDAwMDAwMDAwLCJ1cGRhdGUiOjEyMDAwMDAwMDAwMH19",
          "dependencies": [
            "module.network.aws_internet_gateway.main",
            "module.network.aws_vpc.main"
          ]
        }
      ]
    },
    {
      "module": "module.network",
      "mode": "managed",
      "type": "aws_route_table_association",
      "name": "private",
      "provider": "provider[\"registry.terraform.io/hashicorp/aws\"]",
      "instances": [
        {
          "index_key": 0,
          "schema_version": 0,
          "attributes": {
            "gateway_id": "",
            "id": "rtbassoc-093a8de62e3dd69fb",
            "region": "us-west-2",
            "route_table_id": "rtb-03a49e14b5f3eb6ac",
            "subnet_id": "subnet-0b4479575c6dcba9a",
            "timeouts": null
          },
          "sensitive_attributes": [],
          "identity_schema_version": 0,
          "private": "eyJlMmJmYjczMC1lY2FhLTExZTYtOGY4OC0zNDM2M2JjN2M0YzAiOnsiY3JlYXRlIjozMDAwMDAwMDAwMDAsImRlbGV0ZSI6MzAwMDAwMDAwMDAwLCJ1cGRhdGUiOjEyMDAwMDAwMDAwMH19",
          "dependencies": [
            "module.network.aws_eip.nat",
            "module.network.aws_internet_gateway.main",
            "module.network.aws_nat_gateway.main",
            "module.network.aws_route_table.private",
            "module.network.aws_subnet.private",
            "module.network.aws_subnet.public",
            "module.network.aws_vpc.main",
            "module.network.data.aws_availability_zones.available"
          ]
        },
        {
          "index_key": 1,
          "schema_version": 0,
          "attributes": {
            "gateway_id": "",
            "id": "rtbassoc-04f7303fe213a1b3d",
            "region": "us-west-2",
            "route_table_id": "rtb-0588ac92dc9a7de6a",
            "subnet_id": "subnet-0d9999af17278bd3c",
            "timeouts": null
          },
          "sensitive_attributes": [],
          "identity_schema_version": 0,
          "private": "eyJlMmJmYjczMC1lY2FhLTExZTYtOGY4OC0zNDM2M2JjN2M0YzAiOnsiY3JlYXRlIjozMDAwMDAwMDAwMDAsImRlbGV0ZSI6MzAwMDAwMDAwMDAwLCJ1cGRhdGUiOjEyMDAwMDAwMDAwMH19",
          "dependencies": [
            "module.network.aws_eip.nat",
            "module.network.aws_internet_gateway.main",
            "module.network.aws_nat_gateway.main",
            "module.network.aws_route_table.private",
            "module.network.aws_subnet.private",
            "module.network.aws_subnet.public",
            "module.network.aws_vpc.main",
            "module.network.data.aws_availability_zones.available"
          ]
        }
      ]
    },
    {
      "module": "module.network",
      "mode": "managed",
      "type": "aws_route_table_association",
      "name": "public",
      "provider": "provider[\"registry.terraform.io/hashicorp/aws\"]",
      "instances": [
        {
          "index_key": 0,
          "schema_version": 0,
          "attributes": {
            "gateway_id": "",
            "id": "rtbassoc-0fd9229d3c1562d3d",
            "region": "us-west-2",
            "route_table_id": "rtb-0583b3250ea013824",
            "subnet_id": "subnet-0266985c671d5d353",
            "timeouts": null
          },
          "sensitive_attributes": [],
          "identity_schema_version": 0,
          "private": "eyJlMmJmYjczMC1lY2FhLTExZTYtOGY4OC0zNDM2M2JjN2M0YzAiOnsiY3JlYXRlIjozMDAwMDAwMDAwMDAsImRlbGV0ZSI6MzAwMDAwMDAwMDAwLCJ1cGRhdGUiOjEyMDAwMDAwMDAwMH19",
          "dependencies": [
            "module.network.aws_internet_gateway.main",
            "module.network.aws_route_table.public",
            "module.network.aws_subnet.public",
            "module.network.aws_vpc.main",
            "module.network.data.aws_availability_zones.available"
          ]
        },
        {
          "index_key": 1,
          "schema_version": 0,
          "attributes": {
            "gateway_id": "",
            "id": "rtbassoc-004ec894956224978",
            "region": "us-west-2",
            "route_table_id": "rtb-0583b3250ea013824",
            "subnet_id": "subnet-02ba5968513b2fc12",
            "timeouts": null
          },
          "sensitive_attributes": [],
          "identity_schema_version": 0,
          "private": "eyJlMmJmYjczMC1lY2FhLTExZTYtOGY4OC0zNDM2M2JjN2M0YzAiOnsiY3JlYXRlIjozMDAwMDAwMDAwMDAsImRlbGV0ZSI6MzAwMDAwMDAwMDAwLCJ1cGRhdGUiOjEyMDAwMDAwMDAwMH19",
          "dependencies": [
            "module.network.aws_internet_gateway.main",
            "module.network.aws_route_table.public",
            "module.network.aws_subnet.public",
            "module.network.aws_vpc.main",
            "module.network.data.aws_availability_zones.available"
          ]
        }
      ]
    },
    {
      "module": "module.network",
      "mode": "managed",
      "type": "aws_security_group",
      "name": "alb",
      "provider": "provider[\"registry.terraform.io/hashicorp/aws\"]",
      "instances": [
        {
          "schema_version": 1,
          "attributes": {
            "arn": "arn:aws:ec2:us-west-2:637423451078:security-group/sg-0e83afc7cce9889ca",
            "description": "Security group for ALB",
            "egress": [
              {
                "cidr_blocks": [
                  "0.0.0.0/0"
                ],
                "description": "Allow all outbound traffic",
                "from_port": 0,
                "ipv6_cidr_blocks": [],
                "prefix_list_ids": [],
                "protocol": "-1",
                "security_groups": [],
                "self": false,
                "to_port": 0
              }
            ],
            "id": "sg-0e83afc7cce9889ca",
            "ingress": [
              {
                "cidr_blocks": [
                  "0.0.0.0/0"
                ],
                "description": "Allow HTTP traffic from anywhere",
                "from_port": 80,
                "ipv6_cidr_blocks": [],
                "prefix_list_ids": [],
                "protocol": "tcp",
                "security_groups": [],
                "self": false,
                "to_port": 80
              }
            ],
            "name": "CS6650L2-alb-sg",
            "name_prefix": "",
            "owner_id": "637423451078",
            "region": "us-west-2",
            "revoke_rules_on_delete": false,
            "tags": {
              "Name": "CS6650L2-alb-sg"
            },
            "tags_all": {
              "Name": "CS6650L2-alb-sg"
            },
            "timeouts": null,
            "vpc_id": "vpc-091eede37250c4e06"
          },
          "sensitive_attributes": [],
          "identity_schema_version": 0,
          "private": "eyJlMmJmYjczMC1lY2FhLTExZTYtOGY4OC0zNDM2M2JjN2M0YzAiOnsiY3JlYXRlIjo2MDAwMDAwMDAwMDAsImRlbGV0ZSI6OTAwMDAwMDAwMDAwfSwic2NoZW1hX3ZlcnNpb24iOiIxIn0=",
          "dependencies": [
            "module.network.aws_vpc.main"
          ]
        }
      ]
    },
    {
      "module": "module.network",
      "mode": "managed",
      "type": "aws_security_group",
      "name": "ecs",
      "provider": "provider[\"registry.terraform.io/hashicorp/aws\"]",
      "instances": [
        {
          "schema_version": 1,
          "attributes": {
            "arn": "arn:aws:ec2:us-west-2:637423451078:security-group/sg-06449906b04d7d3f5",
            "description": "Security group for ECS tasks",
            "egress": [
              {
                "cidr_blocks": [
                  "0.0.0.0/0"
                ],
                "description": "Allow all outbound traffic",
                "from_port": 0,
                "ipv6_cidr_blocks": [],
                "prefix_list_ids": [],
                "protocol": "-1",
                "security_groups": [],
                "self": false,
                "to_port": 0
              }
            ],
            "id": "sg-06449906b04d7d3f5",
            "ingress": [
              {
                "cidr_blocks": [],
                "description": "Allow traffic from ALB",
                "from_port": 8080,
                "ipv6_cidr_blocks": [],
                "prefix_list_ids": [],
                "protocol": "tcp",
                "security_groups": [
                  "sg-0e83afc7cce9889ca"
                ],
                "self": false,
                "to_port": 8080
              }
            ],
            "name": "CS6650L2-ecs-sg",
            "name_prefix": "",
            "owner_id": "637423451078",
            "region": "us-west-2",
            "revoke_rules_on_delete": false,
            "tags": {
              "Name": "CS6650L2-ecs-sg"
            },
            "tags_all": {
              "Name": "CS6650L2-ecs-sg"
            },
            "timeouts": null,
            "vpc_id": "vpc-091eede37250c4e06"
          },
          "sensitive_attributes": [],
          "identity_schema_version": 0,
          "private": "eyJlMmJmYjczMC1lY2FhLTExZTYtOGY4OC0zNDM2M2JjN2M0YzAiOnsiY3JlYXRlIjo2MDAwMDAwMDAwMDAsImRlbGV0ZSI6OTAwMDAwMDAwMDAwfSwic2NoZW1hX3ZlcnNpb24iOiIxIn0=",
          "dependencies": [
            "module.network.aws_security_group.alb",
            "module.network.aws_vpc.main"
          ]
        }
      ]
    },
    {
      "module": "module.network",
      "mode": "managed",
      "type": "aws_subnet",
      "name": "private",
      "provider": "provider[\"registry.terraform.io/hashicorp/aws\"]",
      "instances": [
        {
          "index_key": 0,
          "schema_version": 1,
          "attributes": {
            "arn": "arn:aws:ec2:us-west-2:637423451078:subnet/subnet-0b4479575c6dcba9a",
            "assign_ipv6_address_on_creation": false,
            "availability_zone": "us-west-2a",
            "availability_zone_id": "usw2-az1",
            "cidr_block": "10.0.10.0/24",
            "customer_owned_ipv4_pool": "",
            "enable_dns64": false,
            "enable_lni_at_device_index": 0,
            "enable_resource_name_dns_a_record_on_launch": false,
            "enable_resource_name_dns_aaaa_record_on_launch": false,
            "id": "subnet-0b4479575c6dcba9a",
            "ipv6_cidr_block": "",
            "ipv6_cidr_block_association_id": "",
            "ipv6_native": false,
            "map_customer_owned_ip_on_launch": false,
            "map_public_ip_on_launch": false,
            "outpost_arn": "",
            "owner_id": "637423451078",
            "private_dns_hostname_type_on_launch": "ip-name",
            "region": "us-west-2",
            "tags": {
              "Name": "CS6650L2-private-subnet-1",
              "Type": "Private"
            },
            "tags_all": {
              "Name": "CS6650L2-private-subnet-1",
              "Type": "Private"
            },
            "timeouts": null,
            "vpc_id": "vpc-091eede37250c4e06"
          },
          "sensitive_attributes": [],
          "identity_schema_version": 0,
          "private": "eyJlMmJmYjczMC1lY2FhLTExZTYtOGY4OC0zNDM2M2JjN2M0YzAiOnsiY3JlYXRlIjo2MDAwMDAwMDAwMDAsImRlbGV0ZSI6MTIwMDAwMDAwMDAwMH0sInNjaGVtYV92ZXJzaW9uIjoiMSJ9",
          "dependencies": [
            "module.network.aws_vpc.main",
            "module.network.data.aws_availability_zones.available"
          ]
        },
        {
          "index_key": 1,
          "schema_version": 1,
          "attributes": {
            "arn": "arn:aws:ec2:us-west-2:637423451078:subnet/subnet-0d9999af17278bd3c",
            "assign_ipv6_address_on_creation": false,
            "availability_zone": "us-west-2b",
            "availability_zone_id": "usw2-az2",
            "cidr_block": "10.0.11.0/24",
            "customer_owned_ipv4_pool": "",
            "enable_dns64": false,
            "enable_lni_at_device_index": 0,
            "enable_resource_name_dns_a_record_on_launch": false,
            "enable_resource_name_dns_aaaa_record_on_launch": false,
            "id": "subnet-0d9999af17278bd3c",
            "ipv6_cidr_block": "",
            "ipv6_cidr_block_association_id": "",
            "ipv6_native": false,
            "map_customer_owned_ip_on_launch": false,
            "map_public_ip_on_launch": false,
            "outpost_arn": "",
            "owner_id": "637423451078",
            "private_dns_hostname_type_on_launch": "ip-name",
            "region": "us-west-2",
            "tags": {
              "Name": "CS6650L2-private-subnet-2",
              "Type": "Private"
            },
            "tags_all": {
              "Name": "CS6650L2-private-subnet-2",
              "Type": "Private"
            },
            "timeouts": null,
            "vpc_id": "vpc-091eede37250c4e06"
          },
          "sensitive_attributes": [],
          "identity_schema_version": 0,
          "private": "eyJlMmJmYjczMC1lY2FhLTExZTYtOGY4OC0zNDM2M2JjN2M0YzAiOnsiY3JlYXRlIjo2MDAwMDAwMDAwMDAsImRlbGV0ZSI6MTIwMDAwMDAwMDAwMH0sInNjaGVtYV92ZXJzaW9uIjoiMSJ9",
          "dependencies": [
            "module.network.aws_vpc.main",
            "module.network.data.aws_availability_zones.available"
          ]
        }
      ]
    },
    {
      "module": "module.network",
      "mode": "managed",
      "type": "aws_subnet",
      "name": "public",
      "provider": "provider[\"registry.terraform.io/hashicorp/aws\"]",
      "instances": [
        {
          "index_key": 0,
          "schema_version": 1,
          "attributes": {
            "arn": "arn:aws:ec2:us-west-2:637423451078:subnet/subnet-0266985c671d5d353",
            "assign_ipv6_address_on_creation": false,
            "availability_zone": "us-west-2a",
            "availability_zone_id": "usw2-az1",
            "cidr_block": "10.0.1.0/24",
            "customer_owned_ipv4_pool": "",
            "enable_dns64": false,
            "enable_lni_at_device_index": 0,
            "enable_resource_name_dns_a_record_on_launch": false,
            "enable_resource_name_dns_aaaa_record_on_launch": false,
            "id": "subnet-0266985c671d5d353",
            "ipv6_cidr_block": "",
            "ipv6_cidr_block_association_id": "",
            "ipv6_native": false,
            "map_customer_owned_ip_on_launch": false,
            "map_public_ip_on_launch": true,
            "outpost_arn": "",
            "owner_id": "637423451078",
            "private_dns_hostname_type_on_launch": "ip-name",
            "region": "us-west-2",
            "tags": {
              "Name": "CS6650L2-public-subnet-1",
              "Type": "Public"
            },
            "tags_all": {
              "Name": "CS6650L2-public-subnet-1",
              "Type": "Public"
            },
            "timeouts": null,
            "vpc_id": "vpc-091eede37250c4e06"
          },
          "sensitive_attributes": [],
          "identity_schema_version": 0,
          "private": "eyJlMmJmYjczMC1lY2FhLTExZTYtOGY4OC0zNDM2M2JjN2M0YzAiOnsiY3JlYXRlIjo2MDAwMDAwMDAwMDAsImRlbGV0ZSI6MTIwMDAwMDAwMDAwMH0sInNjaGVtYV92ZXJzaW9uIjoiMSJ9",
          "dependencies": [
            "module.network.aws_vpc.main",
            "module.network.data.aws_availability_zones.available"
          ]
        },
        {
          "index_key": 1,
          "schema_version": 1,
          "attributes": {
            "arn": "arn:aws:ec2:us-west-2:637423451078:subnet/subnet-02ba5968513b2fc12",
            "assign_ipv6_address_on_creation": false,
            "availability_zone": "us-west-2b",
            "availability_zone_id": "usw2-az2",
            "cidr_block": "10.0.2.0/24",
            "customer_owned_ipv4_pool": "",
            "enable_dns64": false,
            "enable_lni_at_device_index": 0,
            "enable_resource_name_dns_a_record_on_launch": false,
            "enable_resource_name_dns_aaaa_record_on_launch": false,
            "id": "subnet-02ba5968513b2fc12",
            "ipv6_cidr_block": "",
            "ipv6_cidr_block_association_id": "",
            "ipv6_native": false,
            "map_customer_owned_ip_on_launch": false,
            "map_public_ip_on_launch": true,
            "outpost_arn": "",
            "owner_id": "637423451078",
            "private_dns_hostname_type_on_launch": "ip-name",
            "region": "us-west-2",
            "tags": {
              "Name": "CS6650L2-public-subnet-2",
              "Type": "Public"
            },
            "tags_all": {
              "Name": "CS6650L2-public-subnet-2",
              "Type": "Public"
            },
            "timeouts": null,
            "vpc_id": "vpc-091eede37250c4e06"
          },
          "sensitive_attributes": [],
          "identity_schema_version": 0,
          "private": "eyJlMmJmYjczMC1lY2FhLTExZTYtOGY4OC0zNDM2M2JjN2M0YzAiOnsiY3JlYXRlIjo2MDAwMDAwMDAwMDAsImRlbGV0ZSI6MTIwMDAwMDAwMDAwMH0sInNjaGVtYV92ZXJzaW9uIjoiMSJ9",
          "dependencies": [
            "module.network.aws_vpc.main",
            "module.network.data.aws_availability_zones.available"
          ]
        }
      ]
    },
    {
      "module": "module.network",
      "mode": "managed",
      "type": "aws_vpc",
      "name": "main",
      "provider": "provider[\"registry.terraform.io/hashicorp/aws\"]",
      "instances": [
        {
          "schema_version": 1,
          "attributes": {
            "arn": "arn:aws:ec2:us-west-2:637423451078:vpc/vpc-091eede37250c4e06",
            "assign_generated_ipv6_cidr_block": false,
            "cidr_block": "10.0.0.0/16",
            "default_network_acl_id": "acl-09be6a83150bbcef5",
            "default_route_table_id": "rtb-03993ec95cc76ab1d",
            "default_security_group_id": "sg-0868c0a62803e50e2",
            "dhcp_options_id": "dopt-0d9edcf662c6094e6",
            "enable_dns_hostnames": true,
            "enable_dns_support": true,
            "enable_network_address_usage_metrics": false,
            "id": "vpc-091eede37250c4e06",
            "instance_tenancy": "default",
            "ipv4_ipam_pool_id": null,
            "ipv4_netmask_length": null,
            "ipv6_association_id": "",
            "ipv6_cidr_block": "",
            "ipv6_cidr_block_network_border_group": "",
            "ipv6_ipam_pool_id": "",
            "ipv6_netmask_length": 0,
            "main_route_table_id": "rtb-03993ec95cc76ab1d",
            "owner_id": "637423451078",
            "region": "us-west-2",
            "tags": {
              "Name": "CS6650L2-vpc"
            },
            "tags_all": {
              "Name": "CS6650L2-vpc"
            }
          },
          "sensitive_attributes": [],
          "identity_schema_version": 0,
          "private": "eyJzY2hlbWFfdmVyc2lvbiI6IjEifQ=="
        }
      ]
    }
  ],
  "check_results": null
}
