{
  "version": 4,
  "terraform_version": "1.13.2",
  "serial": 145,
  "lineage": "778bd865-aa8c-0341-6b48-e23f6669b7e5",
  "outputs": {
    "alb_dns_name": {
      "value": "CS6650L2-alb-397575304.us-west-2.elb.amazonaws.com",
      "type": "string"
    },
    "alb_url": {
      "value": "http://CS6650L2-alb-397575304.us-west-2.elb.amazonaws.com",
      "type": "string"
    },
    "ecr_repository_url": {
      "value": "637423451078.dkr.ecr.us-west-2.amazonaws.com/ecr_service",
      "type": "string"
    },
    "ecs_cluster_name": {
      "value": "CS6650L2-cluster",
      "type": "string"
    },
    "ecs_service_name": {
      "value": "CS6650L2",
      "type": "string"
    },
    "rds_endpoint": {
      "value": "terraform-20251103214459198300000001.cpkkycme8ops.us-west-2.rds.amazonaws.com:3306",
      "type": "string"
    },
    "task_public_ips": {
      "value": "Check ECS Console \u003e Tasks for public IPs",
      "type": "string"
    }
  },
  "resources": [
    {
      "mode": "data",
      "type": "aws_ecr_authorization_token",
      "name": "registry",
      "provider": "provider[\"registry.terraform.io/hashicorp/aws\"]",
      "instances": [
        {
          "schema_version": 0,
          "attributes": {
            "authorization_token": "QVdTOmV5SndZWGxzYjJGa0lqb2lNMDQ0TVM5RlRIWjFXV2RVZWtzMmIwTlFhV2hwZVRWUFNGVk5TMkkxVEN0ek1HZE9PV2RtVmtsRlVHRnlRbGxCTlZsWFpFOU1hbnBWWkU5ME5XaHBhemNyV0d4S1JrSjBPVXgwVW5GYVNHWnJlRzQwTldOTFdURjZPVTlGVTA1MlRuaGxSV1Z4YzNGelZUWnlhVmRFTjJKNFlXaEVWRmR2U3k5Mk56SlNNRE5pYlhKalowUkpSR1J5TUZjcmFrZEJiVlpLVG1GTVpVMVdSWGxuV204MmExSlJVRnBYYXpsclRtVjZiMFl2ZVZwUU9UbE9hRlZwVlU1cmR6RndPV1ZwYzNKQmExRnpiazVOTlVKMVRuQXJOMUZzTnk4ME4wWmlia1ZqWlM5aWJ6UXhRVVZhVlRGeE56VnhaVEZyYkdWbFZtdENkRU5CVGl0TU1WYzRTRmQzYlVGaGEwbHBNRTFXTkZKU1RXOXBUVUpQV1ZwNGJFVXliRmQ1ZEVFNWIxWTVRMnN5Vms5U2IxTnVhM1ZsTm1kVFJWcFZjRll6ZUVNMFFtdFlObk5XTlVaRU1qWkdPR1l4WXpKSVFqZGphRlZDWTIxRmVHVTVVMWRqYURFdmVEUjRRbXhsWVZKeVZqSnlRamRKZFZWTFlWbzFlbmx6Y0VKRWNXaE9RMUozTDNWb1MxSkZPV1paV0dkNldYZG1MemxHUVcxdVpHb3JTV1I2TUM5TmJuUnBSQ3M0VEVsNlF6UTRhMEpwY2xGc2EycHdhazgyYVZoS1UwTldZbVkxTDJsMVdIZHpkemxITVVKeFdqUnVjWFZYUzJ0clYwUmxSR0pGYVU5VVp6UkZURUZ1Vkd4aVJXRm9aMjloT0RWT1JHcG1WMmRNVkVaaFpXTnZUbE5LVURORlFrb3dXWFJOU0ZscFdHbEJVMUpsU0M5M2RYQXJSWEZYZHpKTVZsWlFhMkUxZUdwNU0zSXZRbVpEU1VaSWRGRndhelJpVm5BMk5HUm9XbWRIWTA5NWVXWTRSREppYkdWSWFVSklWamwyTlhac0wzUmtNMGRJVEhVNGVXVkthQzlDY1RCcVdHeEJUVkZ1Y21kWWJuUXJNalJUTjJoR09HWkVTek5EUkVONE4xRnpWVWhyU2psM1QzWTNOVnBqU1hrMVUzb3dlVU5pY2psWlRVVnpiVXdyUmxKRldWWnlhSEZYZERSemVuVllkbVIzWmxoaVJESklkMUJDY0M5R2JFeEdVVzlsWTJFNWJWWkZZbXhaVkVkamVsSjNRM2hRTHl0b2ExWm1iMFpOYkV4RVRXWmxhekppWkZwbVYyOWhPRmx5VVZOVVNXc3JNM05VYVVwNldETXhTeTlXUjBsSU9DczVOWEZhTTI5TGRIWjZWVFJDZFdnM05HMHZiVGczZVRaMFVraHRTV1p4UzNSM1VtVjRORE5aVVRScU5rc3dkVlU0ZUV0Mk0weExhbVJ3V2tOT1NEbExNakpXUlZCNldYSk1XR3hMUkdkd2JGWkVaSGR6VFRBMVJtWm5kSEJCUjJ0T00xUlVia0o0YlVKblIxbHNMMVl3ZWtaamRHcDVkVXAxV0hOUmVYZzJSbEZKTTBjMGFFUjJhRXBPZVRGWlNYVlpTa3ROSzBKR1VHMXVhRGt2VTJKQk9YQlNaVXRsYmxwMU1VZ3djRTlLVWtaclIwWkxXVXAwUldOTWEyczJXV1ZhZWtoaFNVNWFWbkFyTW1oVGR6QkZXa3hDZVZnd2QzWkVieTlpUlRGQlZsaGlLM05yT0RGNk1XWndlV1I2TTBaeVIyWjVVVGx6Y0hKTVJDdGFjUzlNWm1aQk5HODFXbUZVTVdKclQwRlBiaXRUU2s4NFREZzJjbTE0T0RkbGFYTm9abXBMT0c5WFlreERla1Z6VkhGTmR5dHBOVWc1UVhWcUwzYzVVVXhWYUN0RVltVkZRelpTT0ZSR1ZHVnljVFJVV25oNmRuVnFZMUpDWjBwQmVsTXpUM28wYjFJeFRHZFJXRzkyVVdkTlJVeFZOek5MYUZrMFVFaDVPRTlVTjAwck1WWkxlSFk1UjFZNGREZEpNVXBzYUhOWlYwWnVNRzQwTlhCV05rSTBTM2R6YlhOV01GRnBSSEZUYkdocmNFWmliMDE0YW5Kc2MwRlBjUzlCWmtsMGNqRXZNRlpPY1dNd1NIbG1Uemc1U25KNVYyRXZhbnBoWjNsalIwY3phak5UVFdkNmNYaEVXVlZUTmtGc2JuWnlVekFyZWpWbk1FMVNRV0Z0VEZodlpuUnFTRXAwVGpRMlpXNVJRVXhNU0ZCeWRXRjNjMlJpSWl3aVpHRjBZV3RsZVNJNklrRlJSVUpCU0dvMmJHTTBXRWxLZHk4M2JHNHdTR013TUVSTlpXczJSMFY0U0VOaVdUUlNTWEJVVFVOSk5UaEpibFYzUVVGQlNEUjNaa0ZaU2t0dldrbG9kbU5PUVZGalIyOUhPSGRpVVVsQ1FVUkNiMEpuYTNGb2EybEhPWGN3UWtKM1JYZElaMWxLV1VsYVNVRlhWVVJDUVVWMVRVSkZSVVJHTVdrM2FFOUhXRkZhWjBkaUswMUxRVWxDUlVsQk4xZEJabE5GZGpFeFJEWjBjVTgyYURac1psaHhhMlJXV1hVclZEbG5hMjlGVm10cGJIUXdha1ZIT0VFck9XVjNTVGhyZERkMFpFWllPVkpLZG05a1JISlBLM1F6ZERBekwzWnNhRE4yWlhNOUlpd2lkbVZ5YzJsdmJpSTZJaklpTENKMGVYQmxJam9pUkVGVVFWOUxSVmtpTENKbGVIQnBjbUYwYVc5dUlqb3hOell5TWpVMU9EY3dmUT09",
            "expires_at": "2025-11-04T11:31:10Z",
            "id": "us-west-2",
            "password": "eyJwYXlsb2FkIjoiM044MS9FTHZ1WWdUeks2b0NQaWhpeTVPSFVNS2I1TCtzMGdOOWdmVklFUGFyQllBNVlXZE9ManpVZE90NWhpazcrWGxKRkJ0OUx0UnFaSGZreG40NWNLWTF6OU9FU052TnhlRWVxc3FzVTZyaVdEN2J4YWhEVFdvSy92NzJSMDNibXJjZ0RJRGRyMFcrakdBbVZKTmFMZU1WRXlnWm82a1JRUFpXazlrTmV6b0YveVpQOTlOaFVpVU5rdzFwOWVpc3JBa1Fzbk5NNUJ1TnArN1FsNy80N0ZibkVjZS9ibzQxQUVaVTFxNzVxZTFrbGVlVmtCdENBTitMMVc4SFd3bUFha0lpME1WNFJSTW9pTUJPWVp4bEUybFd5dEE5b1Y5Q2syVk9Sb1Nua3VlNmdTRVpVcFYzeEM0QmtYNnNWNUZEMjZGOGYxYzJIQjdjaFVCY21FeGU5U1djaDEveDR4QmxlYVJyVjJyQjdJdVVLYVo1enlzcEJEcWhOQ1J3L3VoS1JFOWZZWGd6WXdmLzlGQW1uZGorSWR6MC9NbnRpRCs4TEl6QzQ4a0JpclFsa2pwak82aVhKU0NWYmY1L2l1WHdzdzlHMUJxWjRucXVXS2trV0RlRGJFaU9UZzRFTEFuVGxiRWFoZ29hODVORGpmV2dMVEZhZWNvTlNKUDNFQkowWXRNSFlpWGlBU1JlSC93dXArRXFXdzJMVlZQa2E1eGp5M3IvQmZDSUZIdFFwazRiVnA2NGRoWmdHY095eWY4RDJibGVIaUJIVjl2NXZsL3RkM0dITHU4eWVKaC9CcTBqWGxBTVFucmdYbnQrMjRTN2hGOGZESzNDREN4N1FzVUhrSjl3T3Y3NVpjSXk1U3oweUNicjlZTUVzbUwrRlJFWVZyaHFXdDRzenVYdmR3ZlhiRDJId1BCcC9GbExGUW9lY2E5bVZFYmxZVEdjelJ3Q3hQLytoa1Zmb0ZNbExETWZlazJiZFpmV29hOFlyUVNUSWsrM3NUaUp6WDMxSy9WR0lIOCs5NXFaM29LdHZ6VTRCdWg3NG0vbTg3eTZ0UkhtSWZxS3R3UmV4NDNZUTRqNkswdVU4eEt2M0xLamRwWkNOSDlLMjJWRVB6WXJMWGxLRGdwbFZEZHdzTTA1RmZndHBBR2tOM1RUbkJ4bUJnR1lsL1YwekZjdGp5dUp1WHNReXg2RlFJM0c0aER2aEpOeTFZSXVZSktNK0JGUG1uaDkvU2JBOXBSZUtlblp1MUgwcE9KUkZrR0ZLWUp0RWNMa2s2WWVaekhhSU5aVnArMmhTdzBFWkxCeVgwd3ZEby9iRTFBVlhiK3NrODF6MWZweWR6M0ZyR2Z5UTlzcHJMRCtacS9MZmZBNG81WmFUMWJrT0FPbitTSk84TDg2cm14ODdlaXNoZmpLOG9XYkxDekVzVHFNdytpNUg5QXVqL3c5UUxVaCtEYmVFQzZSOFRGVGVycTRUWnh6dnVqY1JCZ0pBelMzT3o0b1IxTGdRWG92UWdNRUxVNzNLaFk0UEh5OE9UN00rMVZLeHY5R1Y4dDdJMUpsaHNZV0ZuMG40NXBWNkI0S3dzbXNWMFFpRHFTbGhrcEZib014anJsc0FPcS9BZkl0cjEvMFZOcWMwSHlmTzg5SnJ5V2EvanphZ3ljR0czajNTTWd6cXhEWVVTNkFsbnZyUzArejVnME1SQWFtTFhvZnRqSEp0TjQ2ZW5RQUxMSFBydWF3c2RiIiwiZGF0YWtleSI6IkFRRUJBSGo2bGM0WElKdy83bG4wSGMwMERNZWs2R0V4SENiWTRSSXBUTUNJNThJblV3QUFBSDR3ZkFZSktvWklodmNOQVFjR29HOHdiUUlCQURCb0Jna3Foa2lHOXcwQkJ3RXdIZ1lKWUlaSUFXVURCQUV1TUJFRURGMWk3aE9HWFFaZ0diK01LQUlCRUlBN1dBZlNFdjExRDZ0cU82aDZsZlhxa2RWWXUrVDlna29FVmtpbHQwakVHOEErOWV3SThrdDd0ZEZYOVJKdm9kRHJPK3QzdDAzL3ZsaDN2ZXM9IiwidmVyc2lvbiI6IjIiLCJ0eXBlIjoiREFUQV9LRVkiLCJleHBpcmF0aW9uIjoxNzYyMjU1ODcwfQ==",
            "proxy_endpoint": "https://637423451078.dkr.ecr.us-west-2.amazonaws.com",
            "region": "us-west-2",
            "registry_id": null,
            "user_name": "AWS"
          },
          "sensitive_attributes": [
            [
              {
                "type": "get_attr",
                "value": "authorization_token"
              }
            ],
            [
              {
                "type": "get_attr",
                "value": "password"
              }
            ]
          ],
          "identity_schema_version": 0
        }
      ]
    },
    {
      "mode": "data",
      "type": "aws_iam_role",
      "name": "lab_role",
      "provider": "provider[\"registry.terraform.io/hashicorp/aws\"]",
      "instances": [
        {
          "schema_version": 0,
          "attributes": {
            "arn": "arn:aws:iam::637423451078:role/LabRole",
            "assume_role_policy": "{\"Version\":\"2012-10-17\",\"Statement\":[{\"Effect\":\"Allow\",\"Principal\":{\"Service\":[\"eks.amazonaws.com\",\"codedeploy.amazonaws.com\",\"codewhisperer.amazonaws.com\",\"glue.amazonaws.com\",\"ec2.amazonaws.com\",\"ecs.amazonaws.com\",\"cloudtrail.amazonaws.com\",\"athena.amazonaws.com\",\"elasticbeanstalk.amazonaws.com\",\"sqs.amazonaws.com\",\"logs.amazonaws.com\",\"resource-groups.amazonaws.com\",\"iot.amazonaws.com\",\"ecs-tasks.amazonaws.com\",\"states.amazonaws.com\",\"lambda.amazonaws.com\",\"credentials.iot.amazonaws.com\",\"cloud9.amazonaws.com\",\"scheduler.amazonaws.com\",\"batch.amazonaws.com\",\"autoscaling.amazonaws.com\",\"kinesisanalytics.amazonaws.com\",\"pipes.amazonaws.com\",\"backup.amazonaws.com\",\"servicecatalog.amazonaws.com\",\"rds.amazonaws.com\",\"kinesis.amazonaws.com\",\"forecast.amazonaws.com\",\"firehose.amazonaws.com\",\"rekognition.amazonaws.com\",\"codecommit.amazonaws.com\",\"apigateway.amazonaws.com\",\"events.amazonaws.com\",\"elasticloadbalancing.amazonaws.com\",\"iotevents.amazonaws.com\",\"sns.amazonaws.com\",\"elasticfilesystem.amazonaws.com\",\"iotanalytics.amazonaws.com\",\"ec2.application-autoscaling.amazonaws.com\",\"application-autoscaling.amazonaws.com\",\"elasticmapreduce.amazonaws.com\",\"cloudformation.amazonaws.com\",\"dynamodb.amazonaws.com\",\"eks-fargate-pods.amazonaws.com\",\"redshift.amazonaws.com\",\"deepracer.amazonaws.com\",\"s3.amazonaws.com\",\"cognito-idp.amazonaws.com\",\"secretsmanager.amazonaws.com\",\"databrew.amazonaws.com\",\"ssm.amazonaws.com\",\"kms.amazonaws.com\",\"sagemaker.amazonaws.com\"],\"AWS\":\"arn:aws:iam::637423451078:role/LabRole\"},\"Action\":\"sts:AssumeRole\"}]}",
            "create_date": "2025-09-05T20:26:06Z",
            "description": "",
            "id": "LabRole",
            "max_session_duration": 3600,
            "name": "LabRole",
            "path": "/",
            "permissions_boundary": "",
            "role_last_used": [
              {
                "last_used_date": "2025-11-03T23:24:40Z",
                "region": "us-west-2"
              }
            ],
            "tags": {
              "cloudlab": "c169671a4380641l11469598t1w637423451078"
            },
            "unique_id": "AROAZI2LF7PDMMSHGFDYW"
          },
          "sensitive_attributes": [],
          "identity_schema_version": 0
        }
      ]
    },
    {
      "module": "module.alb",
      "mode": "managed",
      "type": "aws_lb",
      "name": "main",
      "provider": "provider[\"registry.terraform.io/hashicorp/aws\"]",
      "instances": [
        {
          "schema_version": 0,
          "attributes": {
            "access_logs": [
              {
                "bucket": "",
                "enabled": false,
                "prefix": ""
              }
            ],
            "arn": "arn:aws:elasticloadbalancing:us-west-2:637423451078:loadbalancer/app/CS6650L2-alb/a96c33e3b03d54b0",
            "arn_suffix": "app/CS6650L2-alb/a96c33e3b03d54b0",
            "client_keep_alive": 3600,
            "connection_logs": [
              {
                "bucket": "",
                "enabled": false,
                "prefix": ""
              }
            ],
            "customer_owned_ipv4_pool": "",
            "desync_mitigation_mode": "defensive",
            "dns_name": "CS6650L2-alb-397575304.us-west-2.elb.amazonaws.com",
            "dns_record_client_routing_policy": null,
            "drop_invalid_header_fields": false,
            "enable_cross_zone_load_balancing": true,
            "enable_deletion_protection": false,
            "enable_http2": true,
            "enable_tls_version_and_cipher_suite_headers": false,
            "enable_waf_fail_open": false,
            "enable_xff_client_port": false,
            "enable_zonal_shift": false,
            "enforce_security_group_inbound_rules_on_private_link_traffic": "",
            "id": "arn:aws:elasticloadbalancing:us-west-2:637423451078:loadbalancer/app/CS6650L2-alb/a96c33e3b03d54b0",
            "idle_timeout": 60,
            "internal": false,
            "ip_address_type": "ipv4",
            "ipam_pools": [],
            "load_balancer_type": "application",
            "minimum_load_balancer_capacity": [],
            "name": "CS6650L2-alb",
            "name_prefix": "",
            "preserve_host_header": false,
            "region": "us-west-2",
            "security_groups": [
              "sg-0e83afc7cce9889ca"
            ],
            "subnet_mapping": [
              {
                "allocation_id": "",
                "ipv6_address": "",
                "outpost_id": "",
                "private_ipv4_address": "",
                "subnet_id": "subnet-0266985c671d5d353"
              },
              {
                "allocation_id": "",
                "ipv6_address": "",
                "outpost_id": "",
                "private_ipv4_address": "",
                "subnet_id": "subnet-02ba5968513b2fc12"
              }
            ],
            "subnets": [
              "subnet-0266985c671d5d353",
              "subnet-02ba5968513b2fc12"
            ],
            "tags": {
              "Name": "CS6650L2-alb"
            },
            "tags_all": {
              "Name": "CS6650L2-alb"
            },
            "timeouts": null,
            "vpc_id": "vpc-091eede37250c4e06",
            "xff_header_processing_mode": "append",
            "zone_id": "Z1H1FL5HABSF5"
          },
          "sensitive_attributes": [],
          "identity_schema_version": 0,
          "identity": {
            "arn": "arn:aws:elasticloadbalancing:us-west-2:637423451078:loadbalancer/app/CS6650L2-alb/a96c33e3b03d54b0"
          },
          "private": "eyJlMmJmYjczMC1lY2FhLTExZTYtOGY4OC0zNDM2M2JjN2M0YzAiOnsiY3JlYXRlIjo2MDAwMDAwMDAwMDAsImRlbGV0ZSI6NjAwMDAwMDAwMDAwLCJ1cGRhdGUiOjYwMDAwMDAwMDAwMH19",
          "dependencies": [
            "module.network.aws_security_group.alb",
            "module.network.aws_subnet.public",
            "module.network.aws_vpc.main",
            "module.network.data.aws_availability_zones.available"
          ]
        }
      ]
    },
    {
      "module": "module.alb",
      "mode": "managed",
      "type": "aws_lb_listener",
      "name": "main",
      "provider": "provider[\"registry.terraform.io/hashicorp/aws\"]",
      "instances": [
        {
          "schema_version": 0,
          "attributes": {
            "alpn_policy": null,
            "arn": "arn:aws:elasticloadbalancing:us-west-2:637423451078:listener/app/CS6650L2-alb/a96c33e3b03d54b0/39a4009bdd78b9d4",
            "certificate_arn": null,
            "default_action": [
              {
                "authenticate_cognito": [],
                "authenticate_oidc": [],
                "fixed_response": [],
                "forward": [],
                "order": 1,
                "redirect": [],
                "target_group_arn": "arn:aws:elasticloadbalancing:us-west-2:637423451078:targetgroup/CS6650L2-tg/daad8f58164a80f3",
                "type": "forward"
              }
            ],
            "id": "arn:aws:elasticloadbalancing:us-west-2:637423451078:listener/app/CS6650L2-alb/a96c33e3b03d54b0/39a4009bdd78b9d4",
            "load_balancer_arn": "arn:aws:elasticloadbalancing:us-west-2:637423451078:loadbalancer/app/CS6650L2-alb/a96c33e3b03d54b0",
            "mutual_authentication": [],
            "port": 80,
            "protocol": "HTTP",
            "region": "us-west-2",
            "routing_http_request_x_amzn_mtls_clientcert_header_name": null,
            "routing_http_request_x_amzn_mtls_clientcert_issuer_header_name": null,
            "routing_http_request_x_amzn_mtls_clientcert_leaf_header_name": null,
            "routing_http_request_x_amzn_mtls_clientcert_serial_number_header_name": null,
            "routing_http_request_x_amzn_mtls_clientcert_subject_header_name": null,
            "routing_http_request_x_amzn_mtls_clientcert_validity_header_name": null,
            "routing_http_request_x_amzn_tls_cipher_suite_header_name": null,
            "routing_http_request_x_amzn_tls_version_header_name": null,
            "routing_http_response_access_control_allow_credentials_header_value": "",
            "routing_http_response_access_control_allow_headers_header_value": "",
            "routing_http_response_access_control_allow_methods_header_value": "",
            "routing_http_response_access_control_allow_origin_header_value": "",
            "routing_http_response_access_control_expose_headers_header_value": "",
            "routing_http_response_access_control_max_age_header_value": "",
            "routing_http_response_content_security_policy_header_value": "",
            "routing_http_response_server_enabled": true,
            "routing_http_response_strict_transport_security_header_value": "",
            "routing_http_response_x_content_type_options_header_value": "",
            "routing_http_response_x_frame_options_header_value": "",
            "ssl_policy": "",
            "tags": {},
            "tags_all": {},
            "tcp_idle_timeout_seconds": null,
            "timeouts": null
          },
          "sensitive_attributes": [],
          "identity_schema_version": 0,
          "identity": {
            "arn": "arn:aws:elasticloadbalancing:us-west-2:637423451078:listener/app/CS6650L2-alb/a96c33e3b03d54b0/39a4009bdd78b9d4"
          },
          "private": "eyJlMmJmYjczMC1lY2FhLTExZTYtOGY4OC0zNDM2M2JjN2M0YzAiOnsiY3JlYXRlIjozMDAwMDAwMDAwMDAsInVwZGF0ZSI6MzAwMDAwMDAwMDAwfX0=",
          "dependencies": [
            "module.alb.aws_lb.main",
            "module.alb.aws_lb_target_group.main",
            "module.network.aws_security_group.alb",
            "module.network.aws_subnet.public",
            "module.network.aws_vpc.main",
            "module.network.data.aws_availability_zones.available"
          ]
        }
      ]
    },
    {
      "module": "module.alb",
      "mode": "managed",
      "type": "aws_lb_target_group",
      "name": "main",
      "provider": "provider[\"registry.terraform.io/hashicorp/aws\"]",
      "instances": [
        {
          "schema_version": 0,
          "attributes": {
            "arn": "arn:aws:elasticloadbalancing:us-west-2:637423451078:targetgroup/CS6650L2-tg/daad8f58164a80f3",
            "arn_suffix": "targetgroup/CS6650L2-tg/daad8f58164a80f3",
            "connection_termination": null,
            "deregistration_delay": "30",
            "health_check": [
              {
                "enabled": true,
                "healthy_threshold": 2,
                "interval": 30,
                "matcher": "200",
                "path": "/health",
                "port": "traffic-port",
                "protocol": "HTTP",
                "timeout": 5,
                "unhealthy_threshold": 3
              }
            ],
            "id": "arn:aws:elasticloadbalancing:us-west-2:637423451078:targetgroup/CS6650L2-tg/daad8f58164a80f3",
            "ip_address_type": "ipv4",
            "lambda_multi_value_headers_enabled": false,
            "load_balancer_arns": [
              "arn:aws:elasticloadbalancing:us-west-2:637423451078:loadbalancer/app/CS6650L2-alb/a96c33e3b03d54b0"
            ],
            "load_balancing_algorithm_type": "round_robin",
            "load_balancing_anomaly_mitigation": "off",
            "load_balancing_cross_zone_enabled": "use_load_balancer_configuration",
            "name": "CS6650L2-tg",
            "name_prefix": "",
            "port": 8080,
            "preserve_client_ip": null,
            "protocol": "HTTP",
            "protocol_version": "HTTP1",
            "proxy_protocol_v2": false,
            "region": "us-west-2",
            "slow_start": 0,
            "stickiness": [
              {
                "cookie_duration": 86400,
                "cookie_name": "",
                "enabled": false,
                "type": "lb_cookie"
              }
            ],
            "tags": {
              "Name": "CS6650L2-tg"
            },
            "tags_all": {
              "Name": "CS6650L2-tg"
            },
            "target_failover": [
              {
                "on_deregistration": null,
                "on_unhealthy": null
              }
            ],
            "target_group_health": [
              {
                "dns_failover": [
                  {
                    "minimum_healthy_targets_count": "1",
                    "minimum_healthy_targets_percentage": "off"
                  }
                ],
                "unhealthy_state_routing": [
                  {
                    "minimum_healthy_targets_count": 1,
                    "minimum_healthy_targets_percentage": "off"
                  }
                ]
              }
            ],
            "target_health_state": [
              {
                "enable_unhealthy_connection_termination": null,
                "unhealthy_draining_interval": null
              }
            ],
            "target_type": "ip",
            "vpc_id": "vpc-091eede37250c4e06"
          },
          "sensitive_attributes": [],
          "identity_schema_version": 0,
          "identity": {
            "arn": "arn:aws:elasticloadbalancing:us-west-2:637423451078:targetgroup/CS6650L2-tg/daad8f58164a80f3"
          },
          "private": "bnVsbA==",
          "dependencies": [
            "module.network.aws_vpc.main"
          ]
        }
      ]
    },
    {
      "module": "module.dynamodb",
      "mode": "managed",
      "type": "aws_dynamodb_table",
      "name": "shopping_carts",
      "provider": "provider[\"registry.terraform.io/hashicorp/aws\"]",
      "instances": [
        {
          "schema_version": 1,
          "attributes": {
            "arn": "arn:aws:dynamodb:us-west-2:637423451078:table/CS6650L2-shopping-carts",
            "attribute": [
              {
                "name": "customer_id",
                "type": "N"
              },
              {
                "name": "pk",
                "type": "S"
              },
              {
                "name": "sk",
                "type": "S"
              }
            ],
            "billing_mode": "PAY_PER_REQUEST",
            "deletion_protection_enabled": false,
            "global_secondary_index": [
              {
                "hash_key": "customer_id",
                "name": "CustomerIdIndex",
                "non_key_attributes": [],
                "on_demand_throughput": [],
                "projection_type": "ALL",
                "range_key": "sk",
                "read_capacity": 5,
                "write_capacity": 5
              }
            ],
            "hash_key": "pk",
            "id": "CS6650L2-shopping-carts",
            "import_table": [],
            "local_secondary_index": [],
            "name": "CS6650L2-shopping-carts",
            "on_demand_throughput": [],
            "point_in_time_recovery": [
              {
                "enabled": false,
                "recovery_period_in_days": 0
              }
            ],
            "range_key": "sk",
            "read_capacity": 0,
            "region": "us-west-2",
            "replica": [],
            "restore_date_time": null,
            "restore_source_name": null,
            "restore_source_table_arn": null,
            "restore_to_latest_time": null,
            "server_side_encryption": [],
            "stream_arn": "",
            "stream_enabled": false,
            "stream_label": "",
            "stream_view_type": "",
            "table_class": "STANDARD",
            "tags": {
              "Name": "CS6650L2-shopping-carts"
            },
            "tags_all": {
              "Name": "CS6650L2-shopping-carts"
            },
            "timeouts": null,
            "ttl": [
              {
                "attribute_name": "",
                "enabled": false
              }
            ],
            "write_capacity": 0
          },
          "sensitive_attributes": [],
          "identity_schema_version": 0,
          "private": "eyJlMmJmYjczMC1lY2FhLTExZTYtOGY4OC0zNDM2M2JjN2M0YzAiOnsiY3JlYXRlIjoxODAwMDAwMDAwMDAwLCJkZWxldGUiOjYwMDAwMDAwMDAwMCwidXBkYXRlIjozNjAwMDAwMDAwMDAwfSwic2NoZW1hX3ZlcnNpb24iOiIxIn0="
        }
      ]
    },
    {
      "module": "module.ecs",
      "mode": "managed",
      "type": "aws_ecs_cluster",
      "name": "this",
      "provider": "provider[\"registry.terraform.io/hashicorp/aws\"]",
      "instances": [
        {
          "schema_version": 0,
          "attributes": {
            "arn": "arn:aws:ecs:us-west-2:637423451078:cluster/CS6650L2-cluster",
            "configuration": [],
            "id": "arn:aws:ecs:us-west-2:637423451078:cluster/CS6650L2-cluster",
            "name": "CS6650L2-cluster",
            "region": "us-west-2",
            "service_connect_defaults": [],
            "setting": [
              {
                "name": "containerInsights",
                "value": "enhanced"
              }
            ],
            "tags": {
              "Name": "CS6650L2-cluster"
            },
            "tags_all": {
              "Name": "CS6650L2-cluster"
            }
          },
          "sensitive_attributes": [],
          "identity_schema_version": 0,
          "private": "bnVsbA=="
        }
      ]
    },
    {
      "module": "module.ecs",
      "mode": "managed",
      "type": "aws_ecs_service",
      "name": "this",
      "provider": "provider[\"registry.terraform.io/hashicorp/aws\"]",
      "instances": [
        {
          "schema_version": 1,
          "attributes": {
            "alarms": [],
            "arn": "arn:aws:ecs:us-west-2:637423451078:service/CS6650L2-cluster/CS6650L2",
            "availability_zone_rebalancing": "DISABLED",
            "capacity_provider_strategy": [],
            "cluster": "arn:aws:ecs:us-west-2:637423451078:cluster/CS6650L2-cluster",
            "deployment_circuit_breaker": [
              {
                "enable": false,
                "rollback": false
              }
            ],
            "deployment_configuration": [],
            "deployment_controller": [
              {
                "type": "ECS"
              }
            ],
            "deployment_maximum_percent": 200,
            "deployment_minimum_healthy_percent": 100,
            "desired_count": 3,
            "enable_ecs_managed_tags": false,
            "enable_execute_command": false,
            "force_delete": null,
            "force_new_deployment": null,
            "health_check_grace_period_seconds": 0,
            "iam_role": "/aws-service-role/ecs.amazonaws.com/AWSServiceRoleForECS",
            "id": "arn:aws:ecs:us-west-2:637423451078:service/CS6650L2-cluster/CS6650L2",
            "launch_type": "FARGATE",
            "load_balancer": [
              {
                "advanced_configuration": [],
                "container_name": "CS6650L2-container",
                "container_port": 8080,
                "elb_name": "",
                "target_group_arn": "arn:aws:elasticloadbalancing:us-west-2:637423451078:targetgroup/CS6650L2-tg/daad8f58164a80f3"
              }
            ],
            "name": "CS6650L2",
            "network_configuration": [
              {
                "assign_public_ip": false,
                "security_groups": [
                  "sg-00384c270bb6d9138"
                ],
                "subnets": [
                  "subnet-0b4479575c6dcba9a",
                  "subnet-0d9999af17278bd3c"
                ]
              }
            ],
            "ordered_placement_strategy": [],
            "placement_constraints": [],
            "platform_version": "LATEST",
            "propagate_tags": "NONE",
            "region": "us-west-2",
            "scheduling_strategy": "REPLICA",
            "service_connect_configuration": [],
            "service_registries": [],
            "tags": {
              "Name": "CS6650L2"
            },
            "tags_all": {
              "Name": "CS6650L2"
            },
            "task_definition": "arn:aws:ecs:us-west-2:637423451078:task-definition/CS6650L2-task:17",
            "timeouts": null,
            "triggers": {},
            "volume_configuration": [],
            "vpc_lattice_configurations": [],
            "wait_for_steady_state": false
          },
          "sensitive_attributes": [],
          "identity_schema_version": 0,
          "private": "eyJlMmJmYjczMC1lY2FhLTExZTYtOGY4OC0zNDM2M2JjN2M0YzAiOnsiY3JlYXRlIjoxMjAwMDAwMDAwMDAwLCJkZWxldGUiOjEyMDAwMDAwMDAwMDAsInVwZGF0ZSI6MTIwMDAwMDAwMDAwMH0sInNjaGVtYV92ZXJzaW9uIjoiMSJ9",
          "dependencies": [
            "data.aws_iam_role.lab_role",
            "module.alb.aws_lb_target_group.main",
            "module.dynamodb.aws_dynamodb_table.shopping_carts",
            "module.ecr.aws_ecr_repository.this",
            "module.ecs.aws_ecs_cluster.this",
            "module.ecs.aws_ecs_task_definition.this",
            "module.logging.aws_cloudwatch_log_group.this",
            "module.network.aws_security_group.alb",
            "module.network.aws_security_group.ecs",
            "module.network.aws_subnet.private",
            "module.network.aws_vpc.main",
            "module.network.data.aws_availability_zones.available",
            "module.rds.aws_db_instance.rds_instance",
            "module.rds.aws_db_subnet_group.rds_subnet_group",
            "module.rds.aws_security_group.rds_sg"
          ]
        }
      ]
    },
    {
      "module": "module.logging",
      "mode": "managed",
      "type": "aws_cloudwatch_log_group",
      "name": "this",
      "provider": "provider[\"registry.terraform.io/hashicorp/aws\"]",
      "instances": [
        {
          "schema_version": 0,
          "attributes": {
            "arn": "arn:aws:logs:us-west-2:637423451078:log-group:/ecs/CS6650L2",
            "id": "/ecs/CS6650L2",
            "kms_key_id": "",
            "log_group_class": "STANDARD",
            "name": "/ecs/CS6650L2",
            "name_prefix": "",
            "region": "us-west-2",
            "retention_in_days": 7,
            "skip_destroy": false,
            "tags": {},
            "tags_all": {}
          },
          "sensitive_attributes": [],
          "identity_schema_version": 0,
          "private": "bnVsbA=="
        }
      ]
    },
    {
      "module": "module.network",
      "mode": "data",
      "type": "aws_availability_zones",
      "name": "available",
      "provider": "provider[\"registry.terraform.io/hashicorp/aws\"]",
      "instances": [
        {
          "schema_version": 0,
          "attributes": {
            "all_availability_zones": null,
            "exclude_names": null,
            "exclude_zone_ids": null,
            "filter": null,
            "group_names": [
              "us-west-2-zg-1"
            ],
            "id": "us-west-2",
            "names": [
              "us-west-2a",
              "us-west-2b",
              "us-west-2c",
              "us-west-2d"
            ],
            "region": "us-west-2",
            "state": "available",
            "timeouts": null,
            "zone_ids": [
              "usw2-az1",
              "usw2-az2",
              "usw2-az3",
              "usw2-az4"
            ]
          },
          "sensitive_attributes": [],
          "identity_schema_version": 0
        }
      ]
    },
    {
      "module": "module.network",
      "mode": "managed",
      "type": "aws_eip",
      "name": "nat",
      "provider": "provider[\"registry.terraform.io/hashicorp/aws\"]",
      "instances": [
        {
          "index_key": 0,
          "schema_version": 0,
          "attributes": {
            "address": null,
            "allocation_id": "eipalloc-0dc245962f8d08ca5",
            "arn": "arn:aws:ec2:us-west-2:637423451078:elastic-ip/eipalloc-0dc245962f8d08ca5",
            "associate_with_private_ip": null,
            "association_id": "eipassoc-02e4031668c1daf18",
            "carrier_ip": "",
            "customer_owned_ip": "",
            "customer_owned_ipv4_pool": "",
            "domain": "vpc",
            "id": "eipalloc-0dc245962f8d08ca5",
            "instance": "",
            "ipam_pool_id": null,
            "network_border_group": "us-west-2",
            "network_interface": "eni-0b969675eee5f53c6",
            "private_dns": "ip-10-0-1-102.us-west-2.compute.internal",
            "private_ip": "10.0.1.102",
            "ptr_record": "",
            "public_dns": "ec2-54-244-105-56.us-west-2.compute.amazonaws.com",
            "public_ip": "54.244.105.56",
            "public_ipv4_pool": "amazon",
            "region": "us-west-2",
            "tags": {
              "Name": "CS6650L2-nat-eip-1"
            },
            "tags_all": {
              "Name": "CS6650L2-nat-eip-1"
            },
            "timeouts": null
          },
          "sensitive_attributes": [],
          "identity_schema_version": 0,
          "private": "eyJlMmJmYjczMC1lY2FhLTExZTYtOGY4OC0zNDM2M2JjN2M0YzAiOnsiZGVsZXRlIjoxODAwMDAwMDAwMDAsInJlYWQiOjkwMDAwMDAwMDAwMCwidXBkYXRlIjozMDAwMDAwMDAwMDB9fQ=="
        },
        {
          "index_key": 1,
          "schema_version": 0,
          "attributes": {
            "address": null,
            "allocation_id": "eipalloc-0750083e15fd20f1d",
            "arn": "arn:aws:ec2:us-west-2:637423451078:elastic-ip/eipalloc-0750083e15fd20f1d",
            "associate_with_private_ip": null,
            "association_id": "eipassoc-0154131be8567b5d6",
            "carrier_ip": "",
            "customer_owned_ip": "",
            "customer_owned_ipv4_pool": "",
            "domain": "vpc",
            "id": "eipalloc-0750083e15fd20f1d",
            "instance": "",
            "ipam_pool_id": null,
            "network_border_group": "us-west-2",
            "network_interface": "eni-0a3ebd569a671593f",
            "private_dns": "ip-10-0-2-165.us-west-2.compute.internal",
            "private_ip": "10.0.2.165",
            "ptr_record": "",
            "public_dns": "ec2-54-70-8-1.us-west-2.compute.amazonaws.com",
            "public_ip": "54.70.8.1",
            "public_ipv4_pool": "amazon",
            "region": "us-west-2",
            "tags": {
              "Name": "CS6650L2-nat-eip-2"
            },
            "tags_all": {
              "Name": "CS6650L2-nat-eip-2"
            },
            "timeouts": null
          },
          "sensitive_attributes": [],
          "identity_schema_version": 0,
          "private": "eyJlMmJmYjczMC1lY2FhLTExZTYtOGY4OC0zNDM2M2JjN2M0YzAiOnsiZGVsZXRlIjoxODAwMDAwMDAwMDAsInJlYWQiOjkwMDAwMDAwMDAwMCwidXBkYXRlIjozMDAwMDAwMDAwMDB9fQ=="
        }
      ]
    },
    {
      "module": "module.network",
      "mode": "managed",
      "type": "aws_internet_gateway",
      "name": "main",
      "provider": "provider[\"registry.terraform.io/hashicorp/aws\"]",
      "instances": [
        {
          "schema_version": 0,
          "attributes": {
            "arn": "arn:aws:ec2:us-west-2:637423451078:internet-gateway/igw-067d9f9f49299c218",
            "id": "igw-067d9f9f49299c218",
            "owner_id": "637423451078",
            "region": "us-west-2",
            "tags": {
              "Name": "CS6650L2-igw"
            },
            "tags_all": {
              "Name": "CS6650L2-igw"
            },
            "timeouts": null,
            "vpc_id": "vpc-091eede37250c4e06"
          },
          "sensitive_attributes": [],
          "identity_schema_version": 0,
          "private": "eyJlMmJmYjczMC1lY2FhLTExZTYtOGY4OC0zNDM2M2JjN2M0YzAiOnsiY3JlYXRlIjoxMjAwMDAwMDAwMDAwLCJkZWxldGUiOjEyMDAwMDAwMDAwMDAsInVwZGF0ZSI6MTIwMDAwMDAwMDAwMH19",
          "dependencies": [
            "module.network.aws_vpc.main"
          ]
        }
      ]
    },
    {
      "module": "module.network",
      "mode": "managed",
      "type": "aws_nat_gateway",
      "name": "main",
      "provider": "provider[\"registry.terraform.io/hashicorp/aws\"]",
      "instances": [
        {
          "index_key": 0,
          "schema_version": 0,
          "attributes": {
            "allocation_id": "eipalloc-0dc245962f8d08ca5",
            "association_id": "eipassoc-02e4031668c1daf18",
            "connectivity_type": "public",
            "id": "nat-001f835f3330b0b5c",
            "network_interface_id": "eni-0b969675eee5f53c6",
            "private_ip": "10.0.1.102",
            "public_ip": "54.244.105.56",
            "region": "us-west-2",
            "secondary_allocation_ids": [],
            "secondary_private_ip_address_count": 0,
            "secondary_private_ip_addresses": [],
            "subnet_id": "subnet-0266985c671d5d353",
            "tags": {
              "Name": "CS6650L2-nat-1"
            },
            "tags_all": {
              "Name": "CS6650L2-nat-1"
            },
            "timeouts": null
          },
          "sensitive_attributes": [],
          "identity_schema_version": 0,
          "private": "eyJlMmJmYjczMC1lY2FhLTExZTYtOGY4OC0zNDM2M2JjN2M0YzAiOnsiY3JlYXRlIjo2MDAwMDAwMDAwMDAsImRlbGV0ZSI6MTgwMDAwMDAwMDAwMCwidXBkYXRlIjo2MDAwMDAwMDAwMDB9fQ==",
          "dependencies": [
            "module.network.aws_eip.nat",
            "module.network.aws_internet_gateway.main",
            "module.network.aws_subnet.public",
            "module.network.aws_vpc.main",
            "module.network.data.aws_availability_zones.available"
          ]
        },
        {
          "index_key": 1,
          "schema_version": 0,
          "attributes": {
            "allocation_id": "eipalloc-0750083e15fd20f1d",
            "association_id": "eipassoc-0154131be8567b5d6",
            "connectivity_type": "public",
            "id": "nat-03bb7853ba49d2dcf",
            "network_interface_id": "eni-0a3ebd569a671593f",
            "private_ip": "10.0.2.165",
            "public_ip": "54.70.8.1",
            "region": "us-west-2",
            "secondary_allocation_ids": [],
            "secondary_private_ip_address_count": 0,
            "secondary_private_ip_addresses": [],
            "subnet_id": "subnet-02ba5968513b2fc12",
            "tags": {
              "Name": "CS6650L2-nat-2"
            },
            "tags_all": {
              "Name": "CS6650L2-nat-2"
            },
            "timeouts": null
          },
          "sensitive_attributes": [],
          "identity_schema_version": 0,
          "private": "eyJlMmJmYjczMC1lY2FhLTExZTYtOGY4OC0zNDM2M2JjN2M0YzAiOnsiY3JlYXRlIjo2MDAwMDAwMDAwMDAsImRlbGV0ZSI6MTgwMDAwMDAwMDAwMCwidXBkYXRlIjo2MDAwMDAwMDAwMDB9fQ==",
          "dependencies": [
            "module.network.aws_eip.nat",
            "module.network.aws_internet_gateway.main",
            "module.network.aws_subnet.public",
            "module.network.aws_vpc.main",
            "module.network.data.aws_availability_zones.available"
          ]
        }
      ]
    },
    {
      "module": "module.network",
      "mode": "managed",
      "type": "aws_route_table",
      "name": "private",
      "provider": "provider[\"registry.terraform.io/hashicorp/aws\"]",
      "instances": [
        {
          "index_key": 0,
          "schema_version": 0,
          "attributes": {
            "arn": "arn:aws:ec2:us-west-2:637423451078:route-table/rtb-03a49e14b5f3eb6ac",
            "id": "rtb-03a49e14b5f3eb6ac",
            "owner_id": "637423451078",
            "propagating_vgws": [],
            "region": "us-west-2",
            "route": [
              {
                "carrier_gateway_id": "",
                "cidr_block": "0.0.0.0/0",
                "core_network_arn": "",
                "destination_prefix_list_id": "",
                "egress_only_gateway_id": "",
                "gateway_id": "",
                "ipv6_cidr_block": "",
                "local_gateway_id": "",
                "nat_gateway_id": "nat-001f835f3330b0b5c",
                "network_interface_id": "",
                "transit_gateway_id": "",
                "vpc_endpoint_id": "",
                "vpc_peering_connection_id": ""
              }
            ],
            "tags": {
              "Name": "CS6650L2-private-rt-1"
            },
            "tags_all": {
              "Name": "CS6650L2-private-rt-1"
            },
            "timeouts": null,
            "vpc_id": "vpc-091eede37250c4e06"
          },
          "sensitive_attributes": [],
          "identity_schema_version": 0,
          "private": "eyJlMmJmYjczMC1lY2FhLTExZTYtOGY4OC0zNDM2M2JjN2M0YzAiOnsiY3JlYXRlIjozMDAwMDAwMDAwMDAsImRlbGV0ZSI6MzAwMDAwMDAwMDAwLCJ1cGRhdGUiOjEyMDAwMDAwMDAwMH19",
          "dependencies": [
            "module.network.aws_eip.nat",
            "module.network.aws_internet_gateway.main",
            "module.network.aws_nat_gateway.main",
            "module.network.aws_subnet.public",
            "module.network.aws_vpc.main",
            "module.network.data.aws_availability_zones.available"
          ]
        },
        {
          "index_key": 1,
          "schema_version": 0,
          "attributes": {
            "arn": "arn:aws:ec2:us-west-2:637423451078:route-table/rtb-0588ac92dc9a7de6a",
            "id": "rtb-0588ac92dc9a7de6a",
            "owner_id": "637423451078",
            "propagating_vgws": [],
            "region": "us-west-2",
            "route": [
              {
                "carrier_gateway_id": "",
                "cidr_block": "0.0.0.0/0",
                "core_network_arn": "",
                "destination_prefix_list_id": "",
                "egress_only_gateway_id": "",
                "gateway_id": "",
                "ipv6_cidr_block": "",
                "local_gateway_id": "",
                "nat_gateway_id": "nat-03bb7853ba49d2dcf",
                "network_interface_id": "",
                "transit_gateway_id": "",
                "vpc_endpoint_id": "",
                "vpc_peering_connection_id": ""
              }
            ],
            "tags": {
              "Name": "CS6650L2-private-rt-2"
            },
            "tags_all": {
              "Name": "CS6650L2-private-rt-2"
            },
            "timeouts": null,
            "vpc_id": "vpc-091eede37250c4e06"
          },
          "sensitive_attributes": [],
          "identity_schema_version": 0,
          "private": "eyJlMmJmYjczMC1lY2FhLTExZTYtOGY4OC0zNDM2M2JjN2M0YzAiOnsiY3JlYXRlIjozMDAwMDAwMDAwMDAsImRlbGV0ZSI6MzAwMDAwMDAwMDAwLCJ1cGRhdGUiOjEyMDAwMDAwMDAwMH19",
          "dependencies": [
            "module.network.aws_eip.nat",
            "module.network.aws_internet_gateway.main",
            "module.network.aws_nat_gateway.main",
            "module.network.aws_subnet.public",
            "module.network.aws_vpc.main",
            "module.network.data.aws_availability_zones.available"
          ]
        }
      ]
    },
    {
      "module": "module.network",
      "mode": "managed",
      "type": "aws_route_table",
      "name": "public",
      "provider": "provider[\"registry.terraform.io/hashicorp/aws\"]",
      "instances": [
        {
          "schema_version": 0,
          "attributes": {
            "arn": "arn:aws:ec2:us-west-2:637423451078:route-table/rtb-0583b3250ea013824",
            "id": "rtb-0583b3250ea013824",
            "owner_id": "637423451078",
            "propagating_vgws": [],
            "region": "us-west-2",
            "route": [
              {
                "carrier_gateway_id": "",
                "cidr_block": "0.0.0.0/0",
                "core_network_arn": "",
                "destination_prefix_list_id": "",
                "egress_only_gateway_id": "",
                "gateway_id": "igw-067d9f9f49299c218",
                "ipv6_cidr_block": "",
                "local_gateway_id": "",
                "nat_gateway_id": "",
                "network_interface_id": "",
                "transit_gateway_id": "",
                "vpc_endpoint_id": "",
                "vpc_peering_connection_id": ""
              }
            ],
            "tags": {
              "Name": "CS6650L2-public-rt"
            },
            "tags_all": {
              "Name": "CS6650L2-public-rt"
            },
            "timeouts": null,
            "vpc_id": "vpc-091eede37250c4e06"
          },
          "sensitive_attributes": [],
          "identity_schema_version": 0,
          "private": "eyJlMmJmYjczMC1lY2FhLTExZTYtOGY4OC0zNDM2M2JjN2M0YzAiOnsiY3JlYXRlIjozMDAwMDAwMDAwMDAsImRlbGV0ZSI6MzAwMDAwMDAwMDAwLCJ1cGRhdGUiOjEyMDAwMDAwMDAwMH19",
          "dependencies": [
            "module.network.aws_internet_gateway.main",
            "module.network.aws_vpc.main"
          ]
        }
      ]
    },
    {
      "module": "module.network",
      "mode": "managed",
      "type": "aws_route_table_association",
      "name": "private",
      "provider": "provider[\"registry.terraform.io/hashicorp/aws\"]",
      "instances": [
        {
          "index_key": 0,
          "schema_version": 0,
          "attributes": {
            "gateway_id": "",
            "id": "rtbassoc-093a8de62e3dd69fb",
            "region": "us-west-2",
            "route_table_id": "rtb-03a49e14b5f3eb6ac",
            "subnet_id": "subnet-0b4479575c6dcba9a",
            "timeouts": null
          },
          "sensitive_attributes": [],
          "identity_schema_version": 0,
          "private": "eyJlMmJmYjczMC1lY2FhLTExZTYtOGY4OC0zNDM2M2JjN2M0YzAiOnsiY3JlYXRlIjozMDAwMDAwMDAwMDAsImRlbGV0ZSI6MzAwMDAwMDAwMDAwLCJ1cGRhdGUiOjEyMDAwMDAwMDAwMH19",
          "dependencies": [
            "module.network.aws_eip.nat",
            "module.network.aws_internet_gateway.main",
            "module.network.aws_nat_gateway.main",
            "module.network.aws_route_table.private",
            "module.network.aws_subnet.private",
            "module.network.aws_subnet.public",
            "module.network.aws_vpc.main",
            "module.network.data.aws_availability_zones.available"
          ]
        },
        {
          "index_key": 1,
          "schema_version": 0,
          "attributes": {
            "gateway_id": "",
            "id": "rtbassoc-04f7303fe213a1b3d",
            "region": "us-west-2",
            "route_table_id": "rtb-0588ac92dc9a7de6a",
            "subnet_id": "subnet-0d9999af17278bd3c",
            "timeouts": null
          },
          "sensitive_attributes": [],
          "identity_schema_version": 0,
          "private": "eyJlMmJmYjczMC1lY2FhLTExZTYtOGY4OC0zNDM2M2JjN2M0YzAiOnsiY3JlYXRlIjozMDAwMDAwMDAwMDAsImRlbGV0ZSI6MzAwMDAwMDAwMDAwLCJ1cGRhdGUiOjEyMDAwMDAwMDAwMH19",
          "dependencies": [
            "module.network.aws_eip.nat",
            "module.network.aws_internet_gateway.main",
            "module.network.aws_nat_gateway.main",
            "module.network.aws_route_table.private",
            "module.network.aws_subnet.private",
            "module.network.aws_subnet.public",
            "module.network.aws_vpc.main",
            "module.network.data.aws_availability_zones.available"
          ]
        }
      ]
    },
    {
      "module": "module.network",
      "mode": "managed",
      "type": "aws_route_table_association",
      "name": "public",
      "provider": "provider[\"registry.terraform.io/hashicorp/aws\"]",
      "instances": [
        {
          "index_key": 0,
          "schema_version": 0,
          "attributes": {
            "gateway_id": "",
            "id": "rtbassoc-0fd9229d3c1562d3d",
            "region": "us-west-2",
            "route_table_id": "rtb-0583b3250ea013824",
            "subnet_id": "subnet-0266985c671d5d353",
            "timeouts": null
          },
          "sensitive_attributes": [],
          "identity_schema_version": 0,
          "private": "eyJlMmJmYjczMC1lY2FhLTExZTYtOGY4OC0zNDM2M2JjN2M0YzAiOnsiY3JlYXRlIjozMDAwMDAwMDAwMDAsImRlbGV0ZSI6MzAwMDAwMDAwMDAwLCJ1cGRhdGUiOjEyMDAwMDAwMDAwMH19",
          "dependencies": [
            "module.network.aws_internet_gateway.main",
            "module.network.aws_route_table.public",
            "module.network.aws_subnet.public",
            "module.network.aws_vpc.main",
            "module.network.data.aws_availability_zones.available"
          ]
        },
        {
          "index_key": 1,
          "schema_version": 0,
          "attributes": {
            "gateway_id": "",
            "id": "rtbassoc-004ec894956224978",
            "region": "us-west-2",
            "route_table_id": "rtb-0583b3250ea013824",
            "subnet_id": "subnet-02ba5968513b2fc12",
            "timeouts": null
          },
          "sensitive_attributes": [],
          "identity_schema_version": 0,
          "private": "eyJlMmJmYjczMC1lY2FhLTExZTYtOGY4OC0zNDM2M2JjN2M0YzAiOnsiY3JlYXRlIjozMDAwMDAwMDAwMDAsImRlbGV0ZSI6MzAwMDAwMDAwMDAwLCJ1cGRhdGUiOjEyMDAwMDAwMDAwMH19",
          "dependencies": [
            "module.network.aws_internet_gateway.main",
            "module.network.aws_route_table.public",
            "module.network.aws_subnet.public",
            "module.network.aws_vpc.main",
            "module.network.data.aws_availability_zones.available"
          ]
        }
      ]
    },
    {
      "module": "module.network",
      "mode": "managed",
      "type": "aws_security_group",
      "name": "alb",
      "provider": "provider[\"registry.terraform.io/hashicorp/aws\"]",
      "instances": [
        {
          "schema_version": 1,
          "attributes": {
            "arn": "arn:aws:ec2:us-west-2:637423451078:security-group/sg-0e83afc7cce9889ca",
            "description": "Security group for ALB",
            "egress": [
              {
                "cidr_blocks": [
                  "0.0.0.0/0"
                ],
                "description": "Allow all outbound traffic",
                "from_port": 0,
                "ipv6_cidr_blocks": [],
                "prefix_list_ids": [],
                "protocol": "-1",
                "security_groups": [],
                "self": false,
                "to_port": 0
              }
            ],
            "id": "sg-0e83afc7cce9889ca",
            "ingress": [
              {
                "cidr_blocks": [
                  "0.0.0.0/0"
                ],
                "description": "Allow HTTP traffic from anywhere",
                "from_port": 80,
                "ipv6_cidr_blocks": [],
                "prefix_list_ids": [],
                "protocol": "tcp",
                "security_groups": [],
                "self": false,
                "to_port": 80
              }
            ],
            "name": "CS6650L2-alb-sg",
            "name_prefix": "",
            "owner_id": "637423451078",
            "region": "us-west-2",
            "revoke_rules_on_delete": false,
            "tags": {
              "Name": "CS6650L2-alb-sg"
            },
            "tags_all": {
              "Name": "CS6650L2-alb-sg"
            },
            "timeouts": null,
            "vpc_id": "vpc-091eede37250c4e06"
          },
          "sensitive_attributes": [],
          "identity_schema_version": 0,
          "private": "eyJlMmJmYjczMC1lY2FhLTExZTYtOGY4OC0zNDM2M2JjN2M0YzAiOnsiY3JlYXRlIjo2MDAwMDAwMDAwMDAsImRlbGV0ZSI6OTAwMDAwMDAwMDAwfSwic2NoZW1hX3ZlcnNpb24iOiIxIn0=",
          "dependencies": [
            "module.network.aws_vpc.main"
          ]
        }
      ]
    },
    {
      "module": "module.network",
      "mode": "managed",
      "type": "aws_security_group",
      "name": "ecs",
      "provider": "provider[\"registry.terraform.io/hashicorp/aws\"]",
      "instances": [
        {
          "schema_version": 1,
          "attributes": {
            "arn": "arn:aws:ec2:us-west-2:637423451078:security-group/sg-00384c270bb6d9138",
            "description": "Security group for ECS tasks",
            "egress": [
              {
                "cidr_blocks": [
                  "0.0.0.0/0"
                ],
                "description": "Allow all outbound traffic",
                "from_port": 0,
                "ipv6_cidr_blocks": [],
                "prefix_list_ids": [],
                "protocol": "-1",
                "security_groups": [],
                "self": false,
                "to_port": 0
              }
            ],
            "id": "sg-00384c270bb6d9138",
            "ingress": [
              {
                "cidr_blocks": [],
                "description": "Allow traffic from ALB",
                "from_port": 8080,
                "ipv6_cidr_blocks": [],
                "prefix_list_ids": [],
                "protocol": "tcp",
                "security_groups": [
                  "sg-0e83afc7cce9889ca"
                ],
                "self": false,
                "to_port": 8080
              }
            ],
            "name": "CS6650L2-ecs-sg",
            "name_prefix": "",
            "owner_id": "637423451078",
            "region": "us-west-2",
            "revoke_rules_on_delete": false,
            "tags": {
              "Name": "CS6650L2-ecs-sg"
            },
            "tags_all": {
              "Name": "CS6650L2-ecs-sg"
            },
            "timeouts": null,
            "vpc_id": "vpc-091eede37250c4e06"
          },
          "sensitive_attributes": [],
          "identity_schema_version": 0,
          "private": "eyJlMmJmYjczMC1lY2FhLTExZTYtOGY4OC0zNDM2M2JjN2M0YzAiOnsiY3JlYXRlIjo2MDAwMDAwMDAwMDAsImRlbGV0ZSI6OTAwMDAwMDAwMDAwfSwic2NoZW1hX3ZlcnNpb24iOiIxIn0=",
          "dependencies": [
            "module.network.aws_security_group.alb",
            "module.network.aws_vpc.main"
          ]
        }
      ]
    },
    {
      "module": "module.network",
      "mode": "managed",
      "type": "aws_subnet",
      "name": "private",
      "provider": "provider[\"registry.terraform.io/hashicorp/aws\"]",
      "instances": [
        {
          "index_key": 0,
          "schema_version": 1,
          "attributes": {
            "arn": "arn:aws:ec2:us-west-2:637423451078:subnet/subnet-0b4479575c6dcba9a",
            "assign_ipv6_address_on_creation": false,
            "availability_zone": "us-west-2a",
            "availability_zone_id": "usw2-az1",
            "cidr_block": "10.0.10.0/24",
            "customer_owned_ipv4_pool": "",
            "enable_dns64": false,
            "enable_lni_at_device_index": 0,
            "enable_resource_name_dns_a_record_on_launch": false,
            "enable_resource_name_dns_aaaa_record_on_launch": false,
            "id": "subnet-0b4479575c6dcba9a",
            "ipv6_cidr_block": "",
            "ipv6_cidr_block_association_id": "",
            "ipv6_native": false,
            "map_customer_owned_ip_on_launch": false,
            "map_public_ip_on_launch": false,
            "outpost_arn": "",
            "owner_id": "637423451078",
            "private_dns_hostname_type_on_launch": "ip-name",
            "region": "us-west-2",
            "tags": {
              "Name": "CS6650L2-private-subnet-1",
              "Type": "Private"
            },
            "tags_all": {
              "Name": "CS6650L2-private-subnet-1",
              "Type": "Private"
            },
            "timeouts": null,
            "vpc_id": "vpc-091eede37250c4e06"
          },
          "sensitive_attributes": [],
          "identity_schema_version": 0,
          "private": "eyJlMmJmYjczMC1lY2FhLTExZTYtOGY4OC0zNDM2M2JjN2M0YzAiOnsiY3JlYXRlIjo2MDAwMDAwMDAwMDAsImRlbGV0ZSI6MTIwMDAwMDAwMDAwMH0sInNjaGVtYV92ZXJzaW9uIjoiMSJ9",
          "dependencies": [
            "module.network.aws_vpc.main",
            "module.network.data.aws_availability_zones.available"
          ]
        },
        {
          "index_key": 1,
          "schema_version": 1,
          "attributes": {
            "arn": "arn:aws:ec2:us-west-2:637423451078:subnet/subnet-0d9999af17278bd3c",
            "assign_ipv6_address_on_creation": false,
            "availability_zone": "us-west-2b",
            "availability_zone_id": "usw2-az2",
            "cidr_block": "10.0.11.0/24",
            "customer_owned_ipv4_pool": "",
            "enable_dns64": false,
            "enable_lni_at_device_index": 0,
            "enable_resource_name_dns_a_record_on_launch": false,
            "enable_resource_name_dns_aaaa_record_on_launch": false,
            "id": "subnet-0d9999af17278bd3c",
            "ipv6_cidr_block": "",
            "ipv6_cidr_block_association_id": "",
            "ipv6_native": false,
            "map_customer_owned_ip_on_launch": false,
            "map_public_ip_on_launch": false,
            "outpost_arn": "",
            "owner_id": "637423451078",
            "private_dns_hostname_type_on_launch": "ip-name",
            "region": "us-west-2",
            "tags": {
              "Name": "CS6650L2-private-subnet-2",
              "Type": "Private"
            },
            "tags_all": {
              "Name": "CS6650L2-private-subnet-2",
              "Type": "Private"
            },
            "timeouts": null,
            "vpc_id": "vpc-091eede37250c4e06"
          },
          "sensitive_attributes": [],
          "identity_schema_version": 0,
          "private": "eyJlMmJmYjczMC1lY2FhLTExZTYtOGY4OC0zNDM2M2JjN2M0YzAiOnsiY3JlYXRlIjo2MDAwMDAwMDAwMDAsImRlbGV0ZSI6MTIwMDAwMDAwMDAwMH0sInNjaGVtYV92ZXJzaW9uIjoiMSJ9",
          "dependencies": [
            "module.network.aws_vpc.main",
            "module.network.data.aws_availability_zones.available"
          ]
        }
      ]
    },
    {
      "module": "module.network",
      "mode": "managed",
      "type": "aws_subnet",
      "name": "public",
      "provider": "provider[\"registry.terraform.io/hashicorp/aws\"]",
      "instances": [
        {
          "index_key": 0,
          "schema_version": 1,
          "attributes": {
            "arn": "arn:aws:ec2:us-west-2:637423451078:subnet/subnet-0266985c671d5d353",
            "assign_ipv6_address_on_creation": false,
            "availability_zone": "us-west-2a",
            "availability_zone_id": "usw2-az1",
            "cidr_block": "10.0.1.0/24",
            "customer_owned_ipv4_pool": "",
            "enable_dns64": false,
            "enable_lni_at_device_index": 0,
            "enable_resource_name_dns_a_record_on_launch": false,
            "enable_resource_name_dns_aaaa_record_on_launch": false,
            "id": "subnet-0266985c671d5d353",
            "ipv6_cidr_block": "",
            "ipv6_cidr_block_association_id": "",
            "ipv6_native": false,
            "map_customer_owned_ip_on_launch": false,
            "map_public_ip_on_launch": true,
            "outpost_arn": "",
            "owner_id": "637423451078",
            "private_dns_hostname_type_on_launch": "ip-name",
            "region": "us-west-2",
            "tags": {
              "Name": "CS6650L2-public-subnet-1",
              "Type": "Public"
            },
            "tags_all": {
              "Name": "CS6650L2-public-subnet-1",
              "Type": "Public"
            },
            "timeouts": null,
            "vpc_id": "vpc-091eede37250c4e06"
          },
          "sensitive_attributes": [],
          "identity_schema_version": 0,
          "private": "eyJlMmJmYjczMC1lY2FhLTExZTYtOGY4OC0zNDM2M2JjN2M0YzAiOnsiY3JlYXRlIjo2MDAwMDAwMDAwMDAsImRlbGV0ZSI6MTIwMDAwMDAwMDAwMH0sInNjaGVtYV92ZXJzaW9uIjoiMSJ9",
          "dependencies": [
            "module.network.aws_vpc.main",
            "module.network.data.aws_availability_zones.available"
          ]
        },
        {
          "index_key": 1,
          "schema_version": 1,
          "attributes": {
            "arn": "arn:aws:ec2:us-west-2:637423451078:subnet/subnet-02ba5968513b2fc12",
            "assign_ipv6_address_on_creation": false,
            "availability_zone": "us-west-2b",
            "availability_zone_id": "usw2-az2",
            "cidr_block": "10.0.2.0/24",
            "customer_owned_ipv4_pool": "",
            "enable_dns64": false,
            "enable_lni_at_device_index": 0,
            "enable_resource_name_dns_a_record_on_launch": false,
            "enable_resource_name_dns_aaaa_record_on_launch": false,
            "id": "subnet-02ba5968513b2fc12",
            "ipv6_cidr_block": "",
            "ipv6_cidr_block_association_id": "",
            "ipv6_native": false,
            "map_customer_owned_ip_on_launch": false,
            "map_public_ip_on_launch": true,
            "outpost_arn": "",
            "owner_id": "637423451078",
            "private_dns_hostname_type_on_launch": "ip-name",
            "region": "us-west-2",
            "tags": {
              "Name": "CS6650L2-public-subnet-2",
              "Type": "Public"
            },
            "tags_all": {
              "Name": "CS6650L2-public-subnet-2",
              "Type": "Public"
            },
            "timeouts": null,
            "vpc_id": "vpc-091eede37250c4e06"
          },
          "sensitive_attributes": [],
          "identity_schema_version": 0,
          "private": "eyJlMmJmYjczMC1lY2FhLTExZTYtOGY4OC0zNDM2M2JjN2M0YzAiOnsiY3JlYXRlIjo2MDAwMDAwMDAwMDAsImRlbGV0ZSI6MTIwMDAwMDAwMDAwMH0sInNjaGVtYV92ZXJzaW9uIjoiMSJ9",
          "dependencies": [
            "module.network.aws_vpc.main",
            "module.network.data.aws_availability_zones.available"
          ]
        }
      ]
    },
    {
      "module": "module.network",
      "mode": "managed",
      "type": "aws_vpc",
      "name": "main",
      "provider": "provider[\"registry.terraform.io/hashicorp/aws\"]",
      "instances": [
        {
          "schema_version": 1,
          "attributes": {
            "arn": "arn:aws:ec2:us-west-2:637423451078:vpc/vpc-091eede37250c4e06",
            "assign_generated_ipv6_cidr_block": false,
            "cidr_block": "10.0.0.0/16",
            "default_network_acl_id": "acl-09be6a83150bbcef5",
            "default_route_table_id": "rtb-03993ec95cc76ab1d",
            "default_security_group_id": "sg-0868c0a62803e50e2",
            "dhcp_options_id": "dopt-0d9edcf662c6094e6",
            "enable_dns_hostnames": true,
            "enable_dns_support": true,
            "enable_network_address_usage_metrics": false,
            "id": "vpc-091eede37250c4e06",
            "instance_tenancy": "default",
            "ipv4_ipam_pool_id": null,
            "ipv4_netmask_length": null,
            "ipv6_association_id": "",
            "ipv6_cidr_block": "",
            "ipv6_cidr_block_network_border_group": "",
            "ipv6_ipam_pool_id": "",
            "ipv6_netmask_length": 0,
            "main_route_table_id": "rtb-03993ec95cc76ab1d",
            "owner_id": "637423451078",
            "region": "us-west-2",
            "tags": {
              "Name": "CS6650L2-vpc"
            },
            "tags_all": {
              "Name": "CS6650L2-vpc"
            }
          },
          "sensitive_attributes": [],
          "identity_schema_version": 0,
          "private": "eyJzY2hlbWFfdmVyc2lvbiI6IjEifQ=="
        }
      ]
    },
    {
      "module": "module.rds",
      "mode": "managed",
      "type": "aws_db_instance",
      "name": "rds_instance",
      "provider": "provider[\"registry.terraform.io/hashicorp/aws\"]",
      "instances": [
        {
          "schema_version": 2,
          "attributes": {
            "address": "terraform-20251103214459198300000001.cpkkycme8ops.us-west-2.rds.amazonaws.com",
            "allocated_storage": 20,
            "allow_major_version_upgrade": null,
            "apply_immediately": false,
            "arn": "arn:aws:rds:us-west-2:637423451078:db:terraform-20251103214459198300000001",
            "auto_minor_version_upgrade": true,
            "availability_zone": "us-west-2b",
            "backup_retention_period": 0,
            "backup_target": "region",
            "backup_window": "12:58-13:28",
            "blue_green_update": [],
            "ca_cert_identifier": "rds-ca-rsa2048-g1",
            "character_set_name": "",
            "copy_tags_to_snapshot": false,
            "custom_iam_instance_profile": "",
            "customer_owned_ip_enabled": false,
            "database_insights_mode": "standard",
            "db_name": "mydb",
            "db_subnet_group_name": "mydb",
            "dedicated_log_volume": false,
            "delete_automated_backups": true,
            "deletion_protection": false,
            "domain": "",
            "domain_auth_secret_arn": "",
            "domain_dns_ips": [],
            "domain_fqdn": "",
            "domain_iam_role_name": "",
            "domain_ou": "",
            "enabled_cloudwatch_logs_exports": [],
            "endpoint": "terraform-20251103214459198300000001.cpkkycme8ops.us-west-2.rds.amazonaws.com:3306",
            "engine": "mysql",
            "engine_lifecycle_support": "open-source-rds-extended-support",
            "engine_version": "8.0",
            "engine_version_actual": "8.0.42",
            "final_snapshot_identifier": null,
            "hosted_zone_id": "Z1PVIF0B656C1W",
            "iam_database_authentication_enabled": false,
            "id": "db-2CXYFXQC37YGSZCWUYCBZJE3AA",
            "identifier": "terraform-20251103214459198300000001",
            "identifier_prefix": "terraform-",
            "instance_class": "db.t3.micro",
            "iops": 0,
            "kms_key_id": "",
            "latest_restorable_time": "",
            "license_model": "general-public-license",
            "listener_endpoint": [],
            "maintenance_window": "wed:08:29-wed:08:59",
            "manage_master_user_password": null,
            "master_user_secret": [],
            "master_user_secret_kms_key_id": null,
            "max_allocated_storage": 0,
            "monitoring_interval": 0,
            "monitoring_role_arn": "",
            "multi_az": false,
            "nchar_character_set_name": "",
            "network_type": "IPV4",
            "option_group_name": "default:mysql-8-0",
            "parameter_group_name": "default.mysql8.0",
            "password": "your-secure-password",
            "password_wo": null,
            "password_wo_version": null,
            "performance_insights_enabled": false,
            "performance_insights_kms_key_id": "",
            "performance_insights_retention_period": 0,
            "port": 3306,
            "publicly_accessible": false,
            "region": "us-west-2",
            "replica_mode": "",
            "replicas": [],
            "replicate_source_db": "",
            "resource_id": "db-2CXYFXQC37YGSZCWUYCBZJE3AA",
            "restore_to_point_in_time": [],
            "s3_import": [],
            "skip_final_snapshot": true,
            "snapshot_identifier": null,
            "status": "available",
            "storage_encrypted": false,
            "storage_throughput": 0,
            "storage_type": "gp2",
            "tags": {},
            "tags_all": {},
            "timeouts": null,
            "timezone": "",
            "upgrade_storage_config": null,
            "username": "admin",
            "vpc_security_group_ids": [
              "sg-0020d21e6271ee536"
            ]
          },
          "sensitive_attributes": [
            [
              {
                "type": "get_attr",
                "value": "password"
              }
            ],
            [
              {
                "type": "get_attr",
                "value": "password_wo"
              }
            ]
          ],
          "identity_schema_version": 0,
          "private": "eyJlMmJmYjczMC1lY2FhLTExZTYtOGY4OC0zNDM2M2JjN2M0YzAiOnsiY3JlYXRlIjozMDAwMDAwMDAwMDAwLCJkZWxldGUiOjM2MDAwMDAwMDAwMDAsInVwZGF0ZSI6NDgwMDAwMDAwMDAwMH0sInNjaGVtYV92ZXJzaW9uIjoiMiJ9",
          "dependencies": [
            "module.network.aws_security_group.alb",
            "module.network.aws_security_group.ecs",
            "module.network.aws_subnet.private",
            "module.network.aws_vpc.main",
            "module.network.data.aws_availability_zones.available",
            "module.rds.aws_db_subnet_group.rds_subnet_group",
            "module.rds.aws_security_group.rds_sg"
          ]
        }
      ]
    },
    {
      "module": "module.rds",
      "mode": "managed",
      "type": "aws_db_subnet_group",
      "name": "rds_subnet_group",
      "provider": "provider[\"registry.terraform.io/hashicorp/aws\"]",
      "instances": [
        {
          "schema_version": 0,
          "attributes": {
            "arn": "arn:aws:rds:us-west-2:637423451078:subgrp:mydb",
            "description": "Managed by Terraform",
            "id": "mydb",
            "name": "mydb",
            "name_prefix": "",
            "region": "us-west-2",
            "subnet_ids": [
              "subnet-0b4479575c6dcba9a",
              "subnet-0d9999af17278bd3c"
            ],
            "supported_network_types": [
              "IPV4"
            ],
            "tags": {},
            "tags_all": {},
            "vpc_id": "vpc-091eede37250c4e06"
          },
          "sensitive_attributes": [],
          "identity_schema_version": 0,
          "private": "bnVsbA==",
          "dependencies": [
            "module.network.aws_subnet.private",
            "module.network.aws_vpc.main",
            "module.network.data.aws_availability_zones.available"
          ]
        }
      ]
    },
    {
      "module": "module.rds",
      "mode": "managed",
      "type": "aws_security_group",
      "name": "rds_sg",
      "provider": "provider[\"registry.terraform.io/hashicorp/aws\"]",
      "instances": [
        {
          "schema_version": 1,
          "attributes": {
            "arn": "arn:aws:ec2:us-west-2:637423451078:security-group/sg-0020d21e6271ee536",
            "description": "Allow traffic to RDS",
            "egress": [
              {
                "cidr_blocks": [
                  "0.0.0.0/0"
                ],
                "description": "",
                "from_port": 0,
                "ipv6_cidr_blocks": [],
                "prefix_list_ids": [],
                "protocol": "-1",
                "security_groups": [],
                "self": false,
                "to_port": 0
              }
            ],
            "id": "sg-0020d21e6271ee536",
            "ingress": [
              {
                "cidr_blocks": [],
                "description": "",
                "from_port": 3306,
                "ipv6_cidr_blocks": [],
                "prefix_list_ids": [],
                "protocol": "tcp",
                "security_groups": [
                  "sg-00384c270bb6d9138"
                ],
                "self": false,
                "to_port": 3306
              }
            ],
            "name": "mydb-sg",
            "name_prefix": "",
            "owner_id": "637423451078",
            "region": "us-west-2",
            "revoke_rules_on_delete": false,
            "tags": {},
            "tags_all": {},
            "timeouts": null,
            "vpc_id": "vpc-091eede37250c4e06"
          },
          "sensitive_attributes": [],
          "identity_schema_version": 0,
          "private": "eyJlMmJmYjczMC1lY2FhLTExZTYtOGY4OC0zNDM2M2JjN2M0YzAiOnsiY3JlYXRlIjo2MDAwMDAwMDAwMDAsImRlbGV0ZSI6OTAwMDAwMDAwMDAwfSwic2NoZW1hX3ZlcnNpb24iOiIxIn0=",
          "dependencies": [
            "module.network.aws_security_group.alb",
            "module.network.aws_security_group.ecs",
            "module.network.aws_vpc.main"
          ]
        }
      ]
    }
  ],
  "check_results": null
}
