{
  "version": 4,
  "terraform_version": "1.13.2",
  "serial": 82,
  "lineage": "778bd865-aa8c-0341-6b48-e23f6669b7e5",
  "outputs": {
    "ecs_cluster_name": {
      "value": "CS6650L2-cluster",
      "type": "string"
    },
    "ecs_service_name": {
      "value": "CS6650L2",
      "type": "string"
    }
  },
  "resources": [
    {
      "mode": "data",
      "type": "aws_ecr_authorization_token",
      "name": "registry",
      "provider": "provider[\"registry.terraform.io/hashicorp/aws\"]",
      "instances": [
        {
          "schema_version": 0,
          "attributes": {
            "authorization_token": "QVdTOmV5SndZWGxzYjJGa0lqb2lNRTl4VTIwMFZtTkJTbmRqY2xwS1NuTmxiMUEzTjJKUmJYRmFMMFowU1U5a1V6ZHVkamxDUzFWaFJFOWlPRkIzUXpOWGFrMXJiVWRLVVZsd1pVdHNZVXRRSzNsSFpXbGpPRVV6YlVOc1MwaE9NMGN4V1c5MFJEWmpZbGxXWmxsRGRXNVFNRGxuWVRoVVNVWkhMM0JFYzFkbVQxVjJXWGxEY2xaM1VUWk1lVTVrZG1KR1kwVnhSWFF5U1ZGU2VtUk9VMkozY21kc1RHRllSVnBJZG5OSU5ESnNSbW8xV1M5bVJFaHdVVE5RV0N0b1dreFJlRmxuY3k5SldFbEJhV1JaVkdKNVNtVTFlVzFGWlVwTmRWZFVhM2RpYVdWQk5USkRlR3hEVHk5dmRGTjVUMHN2ZUZWRFpYTmxVRnBJTjBaWUwwSlZlVkJ6TkhwbUwyaHViME5HUldGTmFYTldOVlpDYUZZM1dVbFZTRW93V1RRd2NFWnljRFJtUkRkeE4xbHVOblV2VDJSNlIxY3pWMDl3VDFSb1RXdExSbU4xTVV4dFpuTlRUWG8wVDFsWU5EaEpia3hrY25kNVJYaEtNRTl0V2psTFltaFdSMDlHYVZOa1UwaDZURXhGVld0ckwxRk9Lemx2VmxoVE9UbEpjbFI1UlV4WFMzUldaa3d6UVhNclluRnNjV0ZKVUdKUU1tUnZRekJXU2psUkwySlZPVk5aZEhNMVYydFpiazVPUjJnME4xQXdZV1F4UjBod09Gb3hWM1JZUmpreWFqUXJVbHBXV1RSR1l6bENUVTB6ZW1wRU1YcEpXbGxZU0RWNVJEUlFjalJ5VDJZeFoxbHNlVWxyYWpneloxbEhTR2MzVldOTmJWVlJkM2t2UkVKVE5sWTBjalJqUlc1a1RGWkxXVkZvVW1oQ2FTOHhURTQyYTBsM2FWZFNRM1ZVUTA1VlMzVlZkMUJFYjJGMlRWZFBSVzRyYkVVNWVGbHNZa3BrVkZNdk9HazRPVUpYUTJoTVQxUkVRMkpRY0ZkWU1XNVhSWHBGWTJaeFlWVktTamRxTlRoQmRrMUdZVTByTmtWWU16WnVjMVoyWWpWT2JFZGhTbGxhV1d4NFRtMVZVRUZOY0dGeFVtcFlSemsxVTJwTmIxcHBTMFZSTUhReWVVaFZkbVk1YTFsdlRVUlBVVE5DVTBkSE4wc3dXR2xzVG1wYVpURnNNazlaU0UxMWEyMXBia1J4WnpGb1NrODJXalpJZVU1cmNXWXhTbkZuTnpWQ1UxbzJjQzlMVjNKNVl5dHdSRmxCY0U1b1dVY3JTMGQyYVVacWNUVlplWEE1VFRjNFNrUkpabGhVVWtKNlMyVm9TRTR3YVVwb2NrdzFlWGxyWlc1NGJGQnRReTlhTW1wUFVHWlNZVUpLYW1RMFFsZDRTRlEzVTJKeVdIRk5TSGxITDA1SFoyUlZSamxDU1hjNEsyOU9NM2wzWlVseVNsWXplVEp3ZW1SNU9FeHhSWG80WmxsUVZuWmtRVnBqT1VzeVUyWldOVGswYUdOSGRUUmpNVXAxTTNWRk5tcGlTSGxSYTNoYVlYbDRTSEZ2TmxGRlFVTm5aMWhaUmxSemNUWjFjMWhQT0ZFMWNrSm9kVlUxUkRrdlkyVm9SVVp1TDFGMmFYbEdjRkJVVjBGSlJrd3dNRU5EWkZrcmFFcFVWa2xyVURsM1ZuRTNaalkzTTJkT2NWVk1PREpFVjNKTFJIazVWa0Z5Ym1FelZWb3hVRGhPVGpFM1MxWmFhMDlEV21seVIyTmlOMHdyYjNCeVoyNTZXRlJ3WkVzM05VMHlVM0JrY2pVM1NqaFBRbmhpZVVKNFRXaFZXRUZSTHk5c1psVTVNRFpIYURadmFHZEZSWFIzZEdSRWVGSnBaR1kzYWpoSVUzY3dVRlkwYzJaMEszVjJlVkY2WW01WWNVTlFPRmwwTDNsdmMyRldVVlo0VkRkNlMyRXZXRGh5VVd4SlJ6SlRkM0ZPVEhrdmRFZG5WbTl5VjFaWldGaEVOMWxwZUdzd1pXdHNWemh1WmpCMGN6aDBOSEJWVjJVNE1reE9RVVZLV0dwTVpqWk1ZMGRPYkhOMVRVTTVRblZGY1dKcmNFRlRhbFU0YzNKcGVtdHJjME5sUkdOcVVFSldWbkoyY1ZGaUwyczNXa2hKTVRJMlF6QlhUbWRxU25WTWVqTkJiWEpLVDI1MFlYY3JiemhGVHpkQksyOU1TVFIxVWtSWFowWnRRazlTYnpZelkxUmxOblk0ZDFCaFFrOUJVV2xWYm5aa2EyTXlVa1JuZWt4UmVYVkhaRzVHSWl3aVpHRjBZV3RsZVNJNklrRlJSVUpCU0dvMmJHTTBXRWxLZHk4M2JHNHdTR013TUVSTlpXczJSMFY0U0VOaVdUUlNTWEJVVFVOSk5UaEpibFYzUVVGQlNEUjNaa0ZaU2t0dldrbG9kbU5PUVZGalIyOUhPSGRpVVVsQ1FVUkNiMEpuYTNGb2EybEhPWGN3UWtKM1JYZElaMWxLV1VsYVNVRlhWVVJDUVVWMVRVSkZSVVJJU2xZelozSm5Sbmh2U2xZcllrSkVVVWxDUlVsQk56QTRibFpFYkZCRU9Ea3lNamc0TkUwdk5VWkxhRGQ2ZVhCRlkyazNWVFZxTlZkVGFGSlRZVWsxVmpRMWMzWndXbFZOUmtaeE4xSnphMjlLWms5dWNtTXhia01yVUdkc1kyOURabGRKTVdzOUlpd2lkbVZ5YzJsdmJpSTZJaklpTENKMGVYQmxJam9pUkVGVVFWOUxSVmtpTENKbGVIQnBjbUYwYVc5dUlqb3hOell3TWpZd01UWTBmUT09",
            "expires_at": "2025-10-12T09:09:24Z",
            "id": "us-west-2",
            "password": "eyJwYXlsb2FkIjoiME9xU200VmNBSndjclpKSnNlb1A3N2JRbXFaL0Z0SU9kUzdudjlCS1VhRE9iOFB3QzNXak1rbUdKUVlwZUtsYUtQK3lHZWljOEUzbUNsS0hOM0cxWW90RDZjYllWZllDdW5QMDlnYThUSUZHL3BEc1dmT1V2WXlDclZ3UTZMeU5kdmJGY0VxRXQySVFSemROU2J3cmdsTGFYRVpIdnNINDJsRmo1WS9mREhwUTNQWCtoWkxReFlncy9JWElBaWRZVGJ5SmU1eW1FZUpNdVdUa3diaWVBNTJDeGxDTy9vdFN5T0sveFVDZXNlUFpIN0ZYL0JVeVBzNHpmL2hub0NGRWFNaXNWNVZCaFY3WUlVSEowWTQwcEZycDRmRDdxN1luNnUvT2R6R1czV09wT1RoTWtLRmN1MUxtZnNTTXo0T1lYNDhJbkxkcnd5RXhKME9tWjlLYmhWR09GaVNkU0h6TExFVWtrL1FOKzlvVlhTOTlJclR5RUxXS3RWZkwzQXMrYnFscWFJUGJQMmRvQzBWSjlRL2JVOVNZdHM1V2tZbk5OR2g0N1AwYWQxR0hwOFoxV3RYRjkyajQrUlpWWTRGYzlCTU0zempEMXpJWllYSDV5RDRQcjRyT2YxZ1lseUlrajgzZ1lHSGc3VWNNbVVRd3kvREJTNlY0cjRjRW5kTFZLWVFoUmhCaS8xTE42a0l3aVdSQ3VUQ05VS3VVd1BEb2F2TVdPRW4rbEU5eFlsYkpkVFMvOGk4OUJXQ2hMT1REQ2JQcFdYMW5XRXpFY2ZxYVVKSjdqNThBdk1GYU0rNkVYMzZuc1Z2YjVObEdhSllaWWx4Tm1VUEFNcGFxUmpYRzk1U2pNb1ppS0VRMHQyeUhVdmY5a1lvTURPUTNCU0dHN0swWGlsTmpaZTFsMk9ZSE11a21pbkRxZzFoSk82WjZIeU5rcWYxSnFnNzVCU1o2cC9LV3J5YytwRFlBcE5oWUcrS0d2aUZqcTVZeXA5TTc4SkRJZlhUUkJ6S2VoSE4waUpockw1eXlrZW54bFBtQy9aMmpPUGZSYUJKamQ0Qld4SFQ3U2JyWHFNSHlHL05HZ2RVRjlCSXc4K29OM3l3ZUlySlYzeTJwemR5OExxRXo4ZllQVnZkQVpjOUsyU2ZWNTk0aGNHdTRjMUp1M3VFNmpiSHlRa3haYXl4SHFvNlFFQUNnZ1hZRlRzcTZ1c1hPOFE1ckJodVU1RDkvY2VoRUZuL1F2aXlGcFBUV0FJRkwwMENDZFkraEpUVklrUDl3VnE3ZjY3M2dOcVVMODJEV3JLRHk5VkFybmEzVVoxUDhOTjE3S1Zaa09DWmlyR2NiN0wrb3ByZ256WFRwZEs3NU0yU3BkcjU3SjhPQnhieUJ4TWhVWEFRLy9sZlU5MDZHaDZvaGdFRXR3dGREeFJpZGY3ajhIU3cwUFY0c2Z0K3V2eVF6Ym5YcUNQOFl0L3lvc2FWUVZ4VDd6S2EvWDhyUWxJRzJTd3FOTHkvdEdnVm9yV1ZZWFhEN1lpeGswZWtsVzhuZjB0czh0NHBVV2U4MkxOQUVKWGpMZjZMY0dObHN1TUM5QnVFcWJrcEFTalU4c3Jpemtrc0NlRGNqUEJWVnJ2cVFiL2s3WkhJMTI2QzBXTmdqSnVMejNBbXJKT250YXcrbzhFTzdBK29MSTR1UkRXZ0ZtQk9SbzYzY1RlNnY4d1BhQk9BUWlVbnZka2MyUkRnekxReXVHZG5GIiwiZGF0YWtleSI6IkFRRUJBSGo2bGM0WElKdy83bG4wSGMwMERNZWs2R0V4SENiWTRSSXBUTUNJNThJblV3QUFBSDR3ZkFZSktvWklodmNOQVFjR29HOHdiUUlCQURCb0Jna3Foa2lHOXcwQkJ3RXdIZ1lKWUlaSUFXVURCQUV1TUJFRURISlYzZ3JnRnhvSlYrYkJEUUlCRUlBNzA4blZEbFBEODkyMjg4NE0vNUZLaDd6eXBFY2k3VTVqNVdTaFJTYUk1VjQ1c3ZwWlVNRkZxN1Jza29KZk9ucmMxbkMrUGdsY29DZldJMWs9IiwidmVyc2lvbiI6IjIiLCJ0eXBlIjoiREFUQV9LRVkiLCJleHBpcmF0aW9uIjoxNzYwMjYwMTY0fQ==",
            "proxy_endpoint": "https://637423451078.dkr.ecr.us-west-2.amazonaws.com",
            "region": "us-west-2",
            "registry_id": null,
            "user_name": "AWS"
          },
          "sensitive_attributes": [
            [
              {
                "type": "get_attr",
                "value": "authorization_token"
              }
            ],
            [
              {
                "type": "get_attr",
                "value": "password"
              }
            ]
          ],
          "identity_schema_version": 0
        }
      ]
    },
    {
      "mode": "data",
      "type": "aws_iam_role",
      "name": "lab_role",
      "provider": "provider[\"registry.terraform.io/hashicorp/aws\"]",
      "instances": [
        {
          "schema_version": 0,
          "attributes": {
            "arn": "arn:aws:iam::637423451078:role/LabRole",
            "assume_role_policy": "{\"Version\":\"2012-10-17\",\"Statement\":[{\"Effect\":\"Allow\",\"Principal\":{\"AWS\":\"arn:aws:iam::637423451078:role/LabRole\",\"Service\":[\"iotanalytics.amazonaws.com\",\"elasticfilesystem.amazonaws.com\",\"sns.amazonaws.com\",\"codecommit.amazonaws.com\",\"ecs-tasks.amazonaws.com\",\"iotevents.amazonaws.com\",\"logs.amazonaws.com\",\"rekognition.amazonaws.com\",\"eks.amazonaws.com\",\"application-autoscaling.amazonaws.com\",\"elasticloadbalancing.amazonaws.com\",\"servicecatalog.amazonaws.com\",\"rds.amazonaws.com\",\"sqs.amazonaws.com\",\"codedeploy.amazonaws.com\",\"backup.amazonaws.com\",\"cloud9.amazonaws.com\",\"pipes.amazonaws.com\",\"credentials.iot.amazonaws.com\",\"ec2.amazonaws.com\",\"athena.amazonaws.com\",\"lambda.amazonaws.com\",\"forecast.amazonaws.com\",\"iot.amazonaws.com\",\"codewhisperer.amazonaws.com\",\"elasticmapreduce.amazonaws.com\",\"ec2.application-autoscaling.amazonaws.com\",\"resource-groups.amazonaws.com\",\"kms.amazonaws.com\",\"apigateway.amazonaws.com\",\"sagemaker.amazonaws.com\",\"scheduler.amazonaws.com\",\"autoscaling.amazonaws.com\",\"batch.amazonaws.com\",\"firehose.amazonaws.com\",\"elasticbeanstalk.amazonaws.com\",\"s3.amazonaws.com\",\"redshift.amazonaws.com\",\"cloudformation.amazonaws.com\",\"ecs.amazonaws.com\",\"states.amazonaws.com\",\"kinesis.amazonaws.com\",\"events.amazonaws.com\",\"secretsmanager.amazonaws.com\",\"databrew.amazonaws.com\",\"ssm.amazonaws.com\",\"dynamodb.amazonaws.com\",\"cognito-idp.amazonaws.com\",\"glue.amazonaws.com\",\"eks-fargate-pods.amazonaws.com\",\"cloudtrail.amazonaws.com\",\"kinesisanalytics.amazonaws.com\",\"deepracer.amazonaws.com\"]},\"Action\":\"sts:AssumeRole\"}]}",
            "create_date": "2025-09-05T20:26:06Z",
            "description": "",
            "id": "LabRole",
            "max_session_duration": 3600,
            "name": "LabRole",
            "path": "/",
            "permissions_boundary": "",
            "role_last_used": [
              {
                "last_used_date": "2025-10-11T20:57:46Z",
                "region": "us-west-2"
              }
            ],
            "tags": {
              "cloudlab": "c169671a4380641l11469598t1w637423451078"
            },
            "unique_id": "AROAZI2LF7PDMMSHGFDYW"
          },
          "sensitive_attributes": [],
          "identity_schema_version": 0
        }
      ]
    },
    {
      "mode": "managed",
      "type": "docker_image",
      "name": "app",
      "provider": "provider[\"registry.terraform.io/kreuzwerker/docker\"]",
      "instances": [
        {
          "schema_version": 0,
          "attributes": {
            "build": [
              {
                "auth_config": [],
                "build_arg": null,
                "build_args": null,
                "build_id": "",
                "cache_from": [],
                "cgroup_parent": "",
                "context": "../src",
                "cpu_period": null,
                "cpu_quota": null,
                "cpu_set_cpus": "",
                "cpu_set_mems": "",
                "cpu_shares": null,
                "dockerfile": "Dockerfile",
                "extra_hosts": [],
                "force_remove": null,
                "isolation": "",
                "label": null,
                "labels": null,
                "memory": null,
                "memory_swap": null,
                "network_mode": "",
                "no_cache": null,
                "path": "",
                "platform": "linux/amd64",
                "pull_parent": null,
                "remote_context": "",
                "remove": true,
                "security_opt": [],
                "session_id": "",
                "shm_size": null,
                "squash": null,
                "suppress_output": null,
                "tag": [],
                "target": "",
                "ulimit": [],
                "version": ""
              }
            ],
            "force_remove": null,
            "id": "sha256:857834bd8388e0f009c7af1e46098ef04bcd90737f96568a2c814dd731fbdb63637423451078.dkr.ecr.us-west-2.amazonaws.com/ecr_service:latest",
            "image_id": "sha256:857834bd8388e0f009c7af1e46098ef04bcd90737f96568a2c814dd731fbdb63",
            "keep_locally": null,
            "latest": "sha256:857834bd8388e0f009c7af1e46098ef04bcd90737f96568a2c814dd731fbdb63",
            "name": "637423451078.dkr.ecr.us-west-2.amazonaws.com/ecr_service:latest",
            "output": null,
            "platform": null,
            "pull_trigger": null,
            "pull_triggers": null,
            "repo_digest": "",
            "triggers": null
          },
          "sensitive_attributes": [],
          "identity_schema_version": 0,
          "private": "bnVsbA==",
          "dependencies": [
            "data.aws_ecr_authorization_token.registry",
            "module.ecr.aws_ecr_repository.this"
          ]
        }
      ]
    },
    {
      "mode": "managed",
      "type": "docker_registry_image",
      "name": "app",
      "provider": "provider[\"registry.terraform.io/kreuzwerker/docker\"]",
      "instances": [
        {
          "schema_version": 0,
          "attributes": {
            "build": [],
            "id": "sha256:01a1896fdf4013770086fe362dec5c30260e41d242ebc1a3f6f062e6d53137d2",
            "insecure_skip_verify": false,
            "keep_remotely": false,
            "name": "637423451078.dkr.ecr.us-west-2.amazonaws.com/ecr_service:latest",
            "sha256_digest": "sha256:01a1896fdf4013770086fe362dec5c30260e41d242ebc1a3f6f062e6d53137d2",
            "triggers": null
          },
          "sensitive_attributes": [],
          "identity_schema_version": 0,
          "private": "bnVsbA==",
          "dependencies": [
            "data.aws_ecr_authorization_token.registry",
            "docker_image.app",
            "module.ecr.aws_ecr_repository.this"
          ]
        }
      ]
    },
    {
      "module": "module.ecr",
      "mode": "managed",
      "type": "aws_ecr_repository",
      "name": "this",
      "provider": "provider[\"registry.terraform.io/hashicorp/aws\"]",
      "instances": [
        {
          "schema_version": 0,
          "attributes": {
            "arn": "arn:aws:ecr:us-west-2:637423451078:repository/ecr_service",
            "encryption_configuration": [
              {
                "encryption_type": "AES256",
                "kms_key": ""
              }
            ],
            "force_delete": null,
            "id": "ecr_service",
            "image_scanning_configuration": [
              {
                "scan_on_push": false
              }
            ],
            "image_tag_mutability": "MUTABLE",
            "name": "ecr_service",
            "region": "us-west-2",
            "registry_id": "637423451078",
            "repository_url": "637423451078.dkr.ecr.us-west-2.amazonaws.com/ecr_service",
            "tags": null,
            "tags_all": {},
            "timeouts": null
          },
          "sensitive_attributes": [],
          "identity_schema_version": 0,
          "private": "eyJlMmJmYjczMC1lY2FhLTExZTYtOGY4OC0zNDM2M2JjN2M0YzAiOnsiZGVsZXRlIjoxMjAwMDAwMDAwMDAwfX0="
        }
      ]
    },
    {
      "module": "module.ecs",
      "mode": "managed",
      "type": "aws_ecs_cluster",
      "name": "this",
      "provider": "provider[\"registry.terraform.io/hashicorp/aws\"]",
      "instances": [
        {
          "schema_version": 0,
          "attributes": {
            "arn": "arn:aws:ecs:us-west-2:637423451078:cluster/CS6650L2-cluster",
            "configuration": [],
            "id": "arn:aws:ecs:us-west-2:637423451078:cluster/CS6650L2-cluster",
            "name": "CS6650L2-cluster",
            "region": "us-west-2",
            "service_connect_defaults": [],
            "setting": [
              {
                "name": "containerInsights",
                "value": "disabled"
              }
            ],
            "tags": null,
            "tags_all": {}
          },
          "sensitive_attributes": [],
          "identity_schema_version": 0,
          "private": "bnVsbA=="
        }
      ]
    },
    {
      "module": "module.ecs",
      "mode": "managed",
      "type": "aws_ecs_service",
      "name": "this",
      "provider": "provider[\"registry.terraform.io/hashicorp/aws\"]",
      "instances": [
        {
          "schema_version": 1,
          "attributes": {
            "alarms": [],
            "arn": "arn:aws:ecs:us-west-2:637423451078:service/CS6650L2-cluster/CS6650L2",
            "availability_zone_rebalancing": "DISABLED",
            "capacity_provider_strategy": [],
            "cluster": "arn:aws:ecs:us-west-2:637423451078:cluster/CS6650L2-cluster",
            "deployment_circuit_breaker": [
              {
                "enable": false,
                "rollback": false
              }
            ],
            "deployment_configuration": [],
            "deployment_controller": [
              {
                "type": "ECS"
              }
            ],
            "deployment_maximum_percent": 200,
            "deployment_minimum_healthy_percent": 100,
            "desired_count": 1,
            "enable_ecs_managed_tags": false,
            "enable_execute_command": false,
            "force_delete": null,
            "force_new_deployment": null,
            "health_check_grace_period_seconds": 0,
            "iam_role": "/aws-service-role/ecs.amazonaws.com/AWSServiceRoleForECS",
            "id": "arn:aws:ecs:us-west-2:637423451078:service/CS6650L2-cluster/CS6650L2",
            "launch_type": "FARGATE",
            "load_balancer": [],
            "name": "CS6650L2",
            "network_configuration": [
              {
                "assign_public_ip": true,
                "security_groups": [
                  "sg-0235d79e5fc5867ce"
                ],
                "subnets": [
                  "subnet-0661ebf514f57dd21",
                  "subnet-06881ab7df082d79f",
                  "subnet-08c1bc124941b9678",
                  "subnet-0cd68d07b9aef480f"
                ]
              }
            ],
            "ordered_placement_strategy": [],
            "placement_constraints": [],
            "platform_version": "LATEST",
            "propagate_tags": "NONE",
            "region": "us-west-2",
            "scheduling_strategy": "REPLICA",
            "service_connect_configuration": [],
            "service_registries": [],
            "tags": null,
            "tags_all": {},
            "task_definition": "arn:aws:ecs:us-west-2:637423451078:task-definition/CS6650L2-task:4",
            "timeouts": null,
            "triggers": {},
            "volume_configuration": [],
            "vpc_lattice_configurations": [],
            "wait_for_steady_state": false
          },
          "sensitive_attributes": [],
          "identity_schema_version": 0,
          "private": "eyJlMmJmYjczMC1lY2FhLTExZTYtOGY4OC0zNDM2M2JjN2M0YzAiOnsiY3JlYXRlIjoxMjAwMDAwMDAwMDAwLCJkZWxldGUiOjEyMDAwMDAwMDAwMDAsInVwZGF0ZSI6MTIwMDAwMDAwMDAwMH0sInNjaGVtYV92ZXJzaW9uIjoiMSJ9",
          "dependencies": [
            "data.aws_iam_role.lab_role",
            "module.ecr.aws_ecr_repository.this",
            "module.ecs.aws_ecs_cluster.this",
            "module.ecs.aws_ecs_task_definition.this",
            "module.logging.aws_cloudwatch_log_group.this",
            "module.network.aws_security_group.this",
            "module.network.data.aws_subnets.default",
            "module.network.data.aws_vpc.default"
          ]
        }
      ]
    },
    {
      "module": "module.ecs",
      "mode": "managed",
      "type": "aws_ecs_task_definition",
      "name": "this",
      "provider": "provider[\"registry.terraform.io/hashicorp/aws\"]",
      "instances": [
        {
          "schema_version": 1,
          "attributes": {
            "arn": "arn:aws:ecs:us-west-2:637423451078:task-definition/CS6650L2-task:4",
            "arn_without_revision": "arn:aws:ecs:us-west-2:637423451078:task-definition/CS6650L2-task",
            "container_definitions": "[{\"environment\":[],\"essential\":true,\"image\":\"637423451078.dkr.ecr.us-west-2.amazonaws.com/ecr_service:latest\",\"logConfiguration\":{\"logDriver\":\"awslogs\",\"options\":{\"awslogs-group\":\"/ecs/CS6650L2\",\"awslogs-region\":\"us-west-2\",\"awslogs-stream-prefix\":\"ecs\"}},\"mountPoints\":[],\"name\":\"CS6650L2-container\",\"portMappings\":[{\"containerPort\":8080,\"hostPort\":8080,\"protocol\":\"tcp\"}],\"systemControls\":[],\"volumesFrom\":[]}]",
            "cpu": "256",
            "enable_fault_injection": false,
            "ephemeral_storage": [],
            "execution_role_arn": "arn:aws:iam::637423451078:role/LabRole",
            "family": "CS6650L2-task",
            "id": "CS6650L2-task",
            "ipc_mode": "",
            "memory": "512",
            "network_mode": "awsvpc",
            "pid_mode": "",
            "placement_constraints": [],
            "proxy_configuration": [],
            "region": "us-west-2",
            "requires_compatibilities": [
              "FARGATE"
            ],
            "revision": 4,
            "runtime_platform": [],
            "skip_destroy": false,
            "tags": null,
            "tags_all": {},
            "task_role_arn": "arn:aws:iam::637423451078:role/LabRole",
            "track_latest": false,
            "volume": []
          },
          "sensitive_attributes": [],
          "identity_schema_version": 0,
          "private": "eyJzY2hlbWFfdmVyc2lvbiI6IjEifQ==",
          "dependencies": [
            "data.aws_iam_role.lab_role",
            "module.ecr.aws_ecr_repository.this",
            "module.logging.aws_cloudwatch_log_group.this"
          ]
        }
      ]
    },
    {
      "module": "module.logging",
      "mode": "managed",
      "type": "aws_cloudwatch_log_group",
      "name": "this",
      "provider": "provider[\"registry.terraform.io/hashicorp/aws\"]",
      "instances": [
        {
          "schema_version": 0,
          "attributes": {
            "arn": "arn:aws:logs:us-west-2:637423451078:log-group:/ecs/CS6650L2",
            "id": "/ecs/CS6650L2",
            "kms_key_id": "",
            "log_group_class": "STANDARD",
            "name": "/ecs/CS6650L2",
            "name_prefix": "",
            "region": "us-west-2",
            "retention_in_days": 7,
            "skip_destroy": false,
            "tags": null,
            "tags_all": {}
          },
          "sensitive_attributes": [],
          "identity_schema_version": 0,
          "private": "bnVsbA=="
        }
      ]
    },
    {
      "module": "module.network",
      "mode": "data",
      "type": "aws_subnets",
      "name": "default",
      "provider": "provider[\"registry.terraform.io/hashicorp/aws\"]",
      "instances": [
        {
          "schema_version": 0,
          "attributes": {
            "filter": [
              {
                "name": "vpc-id",
                "values": [
                  "vpc-084a384b0e103e42a"
                ]
              }
            ],
            "id": "us-west-2",
            "ids": [
              "subnet-0661ebf514f57dd21",
              "subnet-08c1bc124941b9678",
              "subnet-0cd68d07b9aef480f",
              "subnet-06881ab7df082d79f"
            ],
            "region": "us-west-2",
            "tags": null,
            "timeouts": null
          },
          "sensitive_attributes": [],
          "identity_schema_version": 0
        }
      ]
    },
    {
      "module": "module.network",
      "mode": "data",
      "type": "aws_vpc",
      "name": "default",
      "provider": "provider[\"registry.terraform.io/hashicorp/aws\"]",
      "instances": [
        {
          "schema_version": 0,
          "attributes": {
            "arn": "arn:aws:ec2:us-west-2:637423451078:vpc/vpc-084a384b0e103e42a",
            "cidr_block": "172.31.0.0/16",
            "cidr_block_associations": [
              {
                "association_id": "vpc-cidr-assoc-051f7e521df7ae034",
                "cidr_block": "172.31.0.0/16",
                "state": "associated"
              }
            ],
            "default": true,
            "dhcp_options_id": "dopt-0d9edcf662c6094e6",
            "enable_dns_hostnames": true,
            "enable_dns_support": true,
            "enable_network_address_usage_metrics": false,
            "filter": null,
            "id": "vpc-084a384b0e103e42a",
            "instance_tenancy": "default",
            "ipv6_association_id": "",
            "ipv6_cidr_block": "",
            "main_route_table_id": "rtb-0c80beaa7615e4108",
            "owner_id": "637423451078",
            "region": "us-west-2",
            "state": null,
            "tags": {},
            "timeouts": null
          },
          "sensitive_attributes": [],
          "identity_schema_version": 0
        }
      ]
    },
    {
      "module": "module.network",
      "mode": "managed",
      "type": "aws_security_group",
      "name": "this",
      "provider": "provider[\"registry.terraform.io/hashicorp/aws\"]",
      "instances": [
        {
          "schema_version": 1,
          "attributes": {
            "arn": "arn:aws:ec2:us-west-2:637423451078:security-group/sg-0235d79e5fc5867ce",
            "description": "Allow inbound on 8080",
            "egress": [
              {
                "cidr_blocks": [
                  "0.0.0.0/0"
                ],
                "description": "Allow all outbound",
                "from_port": 0,
                "ipv6_cidr_blocks": [],
                "prefix_list_ids": [],
                "protocol": "-1",
                "security_groups": [],
                "self": false,
                "to_port": 0
              }
            ],
            "id": "sg-0235d79e5fc5867ce",
            "ingress": [
              {
                "cidr_blocks": [
                  "0.0.0.0/0"
                ],
                "description": "Allow HTTP traffic",
                "from_port": 8080,
                "ipv6_cidr_blocks": [],
                "prefix_list_ids": [],
                "protocol": "tcp",
                "security_groups": [],
                "self": false,
                "to_port": 8080
              }
            ],
            "name": "CS6650L2-sg",
            "name_prefix": "",
            "owner_id": "637423451078",
            "region": "us-west-2",
            "revoke_rules_on_delete": false,
            "tags": null,
            "tags_all": {},
            "timeouts": null,
            "vpc_id": "vpc-084a384b0e103e42a"
          },
          "sensitive_attributes": [],
          "identity_schema_version": 0,
          "private": "eyJlMmJmYjczMC1lY2FhLTExZTYtOGY4OC0zNDM2M2JjN2M0YzAiOnsiY3JlYXRlIjo2MDAwMDAwMDAwMDAsImRlbGV0ZSI6OTAwMDAwMDAwMDAwfSwic2NoZW1hX3ZlcnNpb24iOiIxIn0=",
          "dependencies": [
            "module.network.data.aws_vpc.default"
          ]
        }
      ]
    }
  ],
  "check_results": null
}
