{
  "version": 4,
  "terraform_version": "1.13.2",
  "serial": 85,
  "lineage": "778bd865-aa8c-0341-6b48-e23f6669b7e5",
  "outputs": {
    "ecs_cluster_name": {
      "value": "CS6650L2-cluster",
      "type": "string"
    },
    "ecs_service_name": {
      "value": "CS6650L2",
      "type": "string"
    }
  },
  "resources": [
    {
      "mode": "data",
      "type": "aws_ecr_authorization_token",
      "name": "registry",
      "provider": "provider[\"registry.terraform.io/hashicorp/aws\"]",
      "instances": [
        {
          "schema_version": 0,
          "attributes": {
            "authorization_token": "QVdTOmV5SndZWGxzYjJGa0lqb2lPWEpSVEhwdlRHUjZkRFpJUjFSbmQwY3hOV05MUVcxbFkyd3haa0pqY0dwck0ycG5TbkprWXpWVFoyVXdiM28yZHpOTVQzSkRRMVEzU0U4dmFqTTVNMmRwYkZKQ2VVUmhiM1ZUUjB0NFVGUTRNVVpHYjNSV2VWSlllV0p2ZGtkSmJHUk9NbmhsTWs5SFFreE9aVlZPY1d0UlZuWlRNRzA0ZDA4MldUSnFSRFJvUTBoTWJFZE5abWd3WjBOUWJGcERNMWd5YUM5dGNWUXdielpXUVVGb1JVRkJWMFpFU1RkRFlYQllWSFJNZFc5V2FHWm5VVWRPTmxReWFtNVlhSEpPY2psWlVXeG9VbVJUYjB4UWFIRldWbm93TkZKUFQweGxNRFI1Tml0c1kwSk5VVE4xTWtoUlZ6QlBaSFJhU0VWaWRrOTBVa281TUdweU9HVTJVM0F6UTFRdk1EZEVTbUkxWVdsUVRtTjJUWEp0VjA1bU1uQmFjRE40Wnl0amJGTTNWMGRwZEUxdmNHdEZRM1ZRYVROaWEydG9lVGwyUjA4M1FUTkdkMWd5YUcxWFZYcHdVM1V4V25sVFNWbG5XR0prWVRsTFZURTJPV2RHUjJoV1lsbEdiVGt3Vnpnd2JXSk9NMDF1U0ZCVFZqSXhXUzgzVlVSWFRFRlFabTVwU0U5QlRVMW5iMEpsUWxKSVdVeEtaR3BFUm5odlFVUjRibVY2TUdVNWVWQkxTelJKTURsR1dWcHJiMGh6Ymt4eFpFRkNUVWxYU2s4eVJVSnViM2MyZVhkemFFcFNWV2RNTVVGclNXaHhkMFJaZVdoeFNqTXdibmRUUm5SMlNDdENNSFp3T1ZwMWVuSndUM2xVWms5dVpGRXlkMUZDTm5kVFVGUk5hMGROVm5wUmJuTmpUbEpRVm5kTGFXUjVLM1F3ZG0xcVRIUkRRMFZsWTFvdlRVVjNSbTFCTTNSYWFFOU9NemREZEc1bkwwWldLMEprZUhSa01YRXZPQzlWUW10VWFqVXlOMFkyZVZKYVMydHJVRVIzVkM4dlJra3Jha05DWVd4RmNrUnVhWEp3TjFodU4yaGtaMUpHZVdsR0wxVldNV1EyYlRsMVMwRk1WR2hGZGtOeVMyTlhaVkJQVWxNMGFVd3hkRFJCYW5kcldVcEVOMGhGWjNkclJVaFJVbEppVG1KT1FtNUJWRWhETTBNMlJIbzFLMUp5WlU4NU9USktkV0ZET1RWWlJXWk1SQzl6U1ZSNEx6Vk9ZWHBtV2tac2FFVmFZbmRpY2xBeWNVZGFZMVpMZDJGMlZsaEVWbEUxYXpsR1FWSk1SbXAxUVhveWNtOVFWekJYVFhkQlFqQnhRMjl4Y3pCUVl6WmhlbXRNTDNoTlIwaHFjMEo0WlRaV05XUjRUMUk1WXk4ck5sWjNSV2cwTkM5bGFVMXFLMHQwY0VsUFpWZFBWSFl6Ym0xUGFqbFVOVVp6VG5CbVptZFZUU3RCYUZwSlZFdEZUMUZpVXpJeWF6SnFNSFY2UkRSM1ZYVm1UblZrY1Voc1RVWlJUakZvZHpZMU1rRmFhVXhOZERoNVNXMTFWak14TnpkNmFsRk5RVFpLWVRkSlRYbDRjRlJGVVhSV2FtSm5TV296YTNSWmVFRnliMmR5VVVJd1RYaFBXak5rTm5CSWNtbHNVM0ppVjA1SlYxQjFhRlZYS3pGaWVtMVFSR05KWTBOc1dVeEhTbkIyU25oMmRWWkJaM1ZVWjNKMVNrczRTMGQyVEVoRFZYTjVPVkZqTldOR2MwSjRMMFI2ZVhGb2MyUlJXSHB4Y0ZwWEswZDVTSGwxZG1wYWRqZHdiVlpuUVdaTldtZ3pPRUpvUW1oVVoyRjVaalZMYURRMVVqWm9iVFJNZFZvMFpHcEtWR2M0TUdGek1EbG1TRmxCWlN0MlZ6bFFVMUJsVDBoS05ucDNSME5CYVZCdWIxRlpaaXRsTVVGRFVuVnlPVTVUYkhsSlVITmljUzlQUm01dmFHNWpNVWxrS3l0eU1EZEdXV05CVjNNeE4wVjROR1IxTURNcmVFOU9UREpKT1U5dldETk5kV0ZRVWtSdlJVRnVjV2xNYUd4bVJpOW1jMnhoVG1wMU16UTJRMjFJWVVFNFYzZHdjREowYVZOemRYQnZTRTlYY21KcGIxaFhiazFEY2tsMFp6SjFOakZ4V2pCdVEwaHdjbkJJZUVOd2NtOTFXbGRMVkZwNE5ESTBWR1Z3TkRneFduRXhSMll3WVRkVVdrUlBXalU1YzI0NGFEaGtRM1JZYW1KaFFVTlVXRFozTmxaVWRWbHJOVkZTSWl3aVpHRjBZV3RsZVNJNklrRlJSVUpCU0dvMmJHTTBXRWxLZHk4M2JHNHdTR013TUVSTlpXczJSMFY0U0VOaVdUUlNTWEJVVFVOSk5UaEpibFYzUVVGQlNEUjNaa0ZaU2t0dldrbG9kbU5PUVZGalIyOUhPSGRpVVVsQ1FVUkNiMEpuYTNGb2EybEhPWGN3UWtKM1JYZElaMWxLV1VsYVNVRlhWVVJDUVVWMVRVSkZSVVJCUWtWblVrZG9XR2t2ZDAxMU1uVlFaMGxDUlVsQk55dGFhelJYU1RBd0sxaGxNRlJ6TUM4NU5FaHRXRlI1VTJ4cFpGcGFhV2h3ZDFFNWFtSXJWbmwyVDBVdk9HaElRM3BzZUhaTVdsVk9kRzR4VlZaSldrVlhkV0ZHZFhwd1luWTNiMmxTWTBrOUlpd2lkbVZ5YzJsdmJpSTZJaklpTENKMGVYQmxJam9pUkVGVVFWOUxSVmtpTENKbGVIQnBjbUYwYVc5dUlqb3hOell3TkRJMU56SXhmUT09",
            "expires_at": "2025-10-14T07:08:41Z",
            "id": "us-west-2",
            "password": "eyJwYXlsb2FkIjoiOXJRTHpvTGR6dDZIR1Rnd0cxNWNLQW1lY2wxZkJjcGprM2pnSnJkYzVTZ2Uwb3o2dzNMT3JDQ1Q3SE8vajM5M2dpbFJCeURhb3VTR0t4UFQ4MUZGb3RWeVJYeWJvdkdJbGROMnhlMk9HQkxOZVVOcWtRVnZTMG04d082WTJqRDRoQ0hMbEdNZmgwZ0NQbFpDM1gyaC9tcVQwbzZWQUFoRUFBV0ZESTdDYXBYVHRMdW9WaGZnUUdONlQyam5YaHJOcjlZUWxoUmRTb0xQaHFWVnowNFJPT0xlMDR5NitsY0JNUTN1MkhRVzBPZHRaSEVidk90Uko5MGpyOGU2U3AzQ1QvMDdESmI1YWlQTmN2TXJtV05mMnBacDN4ZytjbFM3V0dpdE1vcGtFQ3VQaTNia2toeTl2R083QTNGd1gyaG1XVXpwU3UxWnlTSVlnWGJkYTlLVTE2OWdGR2hWYllGbTkwVzgwbWJOM01uSFBTVjIxWS83VURXTEFQZm5pSE9BTU1nb0JlQlJIWUxKZGpERnhvQUR4bmV6MGU5eVBLSzRJMDlGWVprb0hzbkxxZEFCTUlXSk8yRUJub3c2eXdzaEpSVWdMMUFrSWhxd0RZeWhxSjMwbndTRnR2SCtCMHZwOVp1enJwT3lUZk9uZFEyd1FCNndTUFRNa0dNVnpRbnNjTlJQVndLaWR5K3Qwdm1qTHRDQ0VlY1ovTUV3Rm1BM3RaaE9OMzdDdG5nL0ZWK0JkeHRkMXEvOC9VQmtUajUyN0Y2eVJaS2trUER3VC8vRkkrakNCYWxFckRuaXJwN1huN2hkZ1JGeWlGL1VWMWQ2bTl1S0FMVGhFdkNyS2NXZVBPUlM0aUwxdDRBandrWUpEN0hFZ3drRUhRUlJiTmJOQm5BVEhDM0M2RHo1K1JyZU85OTJKdWFDOTVZRWZMRC9zSVR4LzVOYXpmWkZsaEVaYndiclAycUdaY1ZLd2F2VlhEVlE1azlGQVJMRmp1QXoycm9QVzBXTXdBQjBxQ29xczBQYzZhemtML3hNR0hqc0J4ZTZWNWR4T1I5Yy8rNlZ3RWg0NC9laU1qK0t0cElPZVdPVHYzbm1PajlUNUZzTnBmZmdVTStBaFpJVEtFT1FiUzIyazJqMHV6RDR3VXVmTnVkcUhsTUZRTjFodzY1MkFaaUxNdDh5SW11VjMxNzd6alFNQTZKYTdJTXl4cFRFUXRWamJnSWoza3RZeEFyb2dyUUIwTXhPWjNkNnBIcmlsU3JiV05JV1B1aFVXKzFiem1QRGNJY0NsWUxHSnB2Snh2dVZBZ3VUZ3J1Sks4S0d2TEhDVXN5OVFjNWNGc0J4L0R6eXFoc2RRWHpxcFpXK0d5SHl1dmpadjdwbVZnQWZNWmgzOEJoQmhUZ2F5ZjVLaDQ1UjZobTRMdVo0ZGpKVGc4MGFzMDlmSFlBZSt2VzlQU1BlT0hKNnp3R0NBaVBub1FZZitlMUFDUnVyOU5TbHlJUHNicS9PRm5vaG5jMUlkKytyMDdGWWNBV3MxN0V4NGR1MDMreE9OTDJJOU9vWDNNdWFQUkRvRUFucWlMaGxmRi9mc2xhTmp1MzQ2Q21IYUE4V3dwcDJ0aVNzdXBvSE9XcmJpb1hXbk1Dckl0ZzJ1NjFxWjBuQ0hwcnBIeENwcm91WldLVFp4NDI0VGVwNDgxWnExR2YwYTdUWkRPWjU5c244aDhkQ3RYamJhQUNUWDZ3NlZUdVlrNVFSIiwiZGF0YWtleSI6IkFRRUJBSGo2bGM0WElKdy83bG4wSGMwMERNZWs2R0V4SENiWTRSSXBUTUNJNThJblV3QUFBSDR3ZkFZSktvWklodmNOQVFjR29HOHdiUUlCQURCb0Jna3Foa2lHOXcwQkJ3RXdIZ1lKWUlaSUFXVURCQUV1TUJFRURBQkVnUkdoWGkvd011MnVQZ0lCRUlBNytaazRXSTAwK1hlMFRzMC85NEhtWFR5U2xpZFpaaWhwd1E5amIrVnl2T0UvOGhIQ3pseHZMWlVOdG4xVVZJWkVXdWFGdXpwYnY3b2lSY0k9IiwidmVyc2lvbiI6IjIiLCJ0eXBlIjoiREFUQV9LRVkiLCJleHBpcmF0aW9uIjoxNzYwNDI1NzIxfQ==",
            "proxy_endpoint": "https://637423451078.dkr.ecr.us-west-2.amazonaws.com",
            "region": "us-west-2",
            "registry_id": null,
            "user_name": "AWS"
          },
          "sensitive_attributes": [
            [
              {
                "type": "get_attr",
                "value": "authorization_token"
              }
            ],
            [
              {
                "type": "get_attr",
                "value": "password"
              }
            ]
          ],
          "identity_schema_version": 0
        }
      ]
    },
    {
      "mode": "data",
      "type": "aws_iam_role",
      "name": "lab_role",
      "provider": "provider[\"registry.terraform.io/hashicorp/aws\"]",
      "instances": [
        {
          "schema_version": 0,
          "attributes": {
            "arn": "arn:aws:iam::637423451078:role/LabRole",
            "assume_role_policy": "{\"Version\":\"2012-10-17\",\"Statement\":[{\"Effect\":\"Allow\",\"Principal\":{\"Service\":[\"kms.amazonaws.com\",\"cloudformation.amazonaws.com\",\"ssm.amazonaws.com\",\"scheduler.amazonaws.com\",\"batch.amazonaws.com\",\"sagemaker.amazonaws.com\",\"autoscaling.amazonaws.com\",\"eks-fargate-pods.amazonaws.com\",\"athena.amazonaws.com\",\"resource-groups.amazonaws.com\",\"elasticmapreduce.amazonaws.com\",\"cognito-idp.amazonaws.com\",\"codewhisperer.amazonaws.com\",\"deepracer.amazonaws.com\",\"eks.amazonaws.com\",\"forecast.amazonaws.com\",\"kinesis.amazonaws.com\",\"secretsmanager.amazonaws.com\",\"apigateway.amazonaws.com\",\"s3.amazonaws.com\",\"redshift.amazonaws.com\",\"sqs.amazonaws.com\",\"ec2.application-autoscaling.amazonaws.com\",\"ecs.amazonaws.com\",\"codedeploy.amazonaws.com\",\"elasticloadbalancing.amazonaws.com\",\"rekognition.amazonaws.com\",\"application-autoscaling.amazonaws.com\",\"codecommit.amazonaws.com\",\"sns.amazonaws.com\",\"elasticfilesystem.amazonaws.com\",\"iotanalytics.amazonaws.com\",\"lambda.amazonaws.com\",\"iotevents.amazonaws.com\",\"ecs-tasks.amazonaws.com\",\"databrew.amazonaws.com\",\"cloudtrail.amazonaws.com\",\"ec2.amazonaws.com\",\"glue.amazonaws.com\",\"credentials.iot.amazonaws.com\",\"servicecatalog.amazonaws.com\",\"iot.amazonaws.com\",\"dynamodb.amazonaws.com\",\"rds.amazonaws.com\",\"kinesisanalytics.amazonaws.com\",\"backup.amazonaws.com\",\"firehose.amazonaws.com\",\"logs.amazonaws.com\",\"pipes.amazonaws.com\",\"cloud9.amazonaws.com\",\"events.amazonaws.com\",\"states.amazonaws.com\",\"elasticbeanstalk.amazonaws.com\"],\"AWS\":\"arn:aws:iam::637423451078:role/LabRole\"},\"Action\":\"sts:AssumeRole\"}]}",
            "create_date": "2025-09-05T20:26:06Z",
            "description": "",
            "id": "LabRole",
            "max_session_duration": 3600,
            "name": "LabRole",
            "path": "/",
            "permissions_boundary": "",
            "role_last_used": [
              {
                "last_used_date": "2025-10-11T21:57:18Z",
                "region": "us-west-2"
              }
            ],
            "tags": {
              "cloudlab": "c169671a4380641l11469598t1w637423451078"
            },
            "unique_id": "AROAZI2LF7PDMMSHGFDYW"
          },
          "sensitive_attributes": [],
          "identity_schema_version": 0
        }
      ]
    },
    {
      "mode": "managed",
      "type": "docker_image",
      "name": "app",
      "provider": "provider[\"registry.terraform.io/kreuzwerker/docker\"]",
      "instances": [
        {
          "schema_version": 0,
          "attributes": {
            "build": [
              {
                "auth_config": [],
                "build_arg": {},
                "build_args": {},
                "build_id": "",
                "cache_from": [],
                "cgroup_parent": "",
                "context": "../src",
                "cpu_period": 0,
                "cpu_quota": 0,
                "cpu_set_cpus": "",
                "cpu_set_mems": "",
                "cpu_shares": 0,
                "dockerfile": "Dockerfile",
                "extra_hosts": [],
                "force_remove": false,
                "isolation": "",
                "label": {},
                "labels": {},
                "memory": 0,
                "memory_swap": 0,
                "network_mode": "",
                "no_cache": false,
                "path": "",
                "platform": "linux/amd64",
                "pull_parent": false,
                "remote_context": "",
                "remove": true,
                "security_opt": [],
                "session_id": "",
                "shm_size": 0,
                "squash": false,
                "suppress_output": false,
                "tag": [],
                "target": "",
                "ulimit": [],
                "version": ""
              }
            ],
            "force_remove": null,
            "id": "sha256:857834bd8388e0f009c7af1e46098ef04bcd90737f96568a2c814dd731fbdb63637423451078.dkr.ecr.us-west-2.amazonaws.com/ecr_service:latest",
            "image_id": "sha256:857834bd8388e0f009c7af1e46098ef04bcd90737f96568a2c814dd731fbdb63",
            "keep_locally": null,
            "latest": "sha256:857834bd8388e0f009c7af1e46098ef04bcd90737f96568a2c814dd731fbdb63",
            "name": "637423451078.dkr.ecr.us-west-2.amazonaws.com/ecr_service:latest",
            "output": null,
            "platform": null,
            "pull_trigger": null,
            "pull_triggers": null,
            "repo_digest": "637423451078.dkr.ecr.us-west-2.amazonaws.com/ecr_service@sha256:01a1896fdf4013770086fe362dec5c30260e41d242ebc1a3f6f062e6d53137d2",
            "triggers": null
          },
          "sensitive_attributes": [],
          "identity_schema_version": 0,
          "private": "bnVsbA==",
          "dependencies": [
            "data.aws_ecr_authorization_token.registry",
            "module.ecr.aws_ecr_repository.this"
          ]
        }
      ]
    },
    {
      "mode": "managed",
      "type": "docker_registry_image",
      "name": "app",
      "provider": "provider[\"registry.terraform.io/kreuzwerker/docker\"]",
      "instances": [
        {
          "schema_version": 0,
          "attributes": {
            "build": [],
            "id": "sha256:01a1896fdf4013770086fe362dec5c30260e41d242ebc1a3f6f062e6d53137d2",
            "insecure_skip_verify": false,
            "keep_remotely": false,
            "name": "637423451078.dkr.ecr.us-west-2.amazonaws.com/ecr_service:latest",
            "sha256_digest": "sha256:01a1896fdf4013770086fe362dec5c30260e41d242ebc1a3f6f062e6d53137d2",
            "triggers": null
          },
          "sensitive_attributes": [],
          "identity_schema_version": 0,
          "private": "bnVsbA==",
          "dependencies": [
            "data.aws_ecr_authorization_token.registry",
            "docker_image.app",
            "module.ecr.aws_ecr_repository.this"
          ]
        }
      ]
    },
    {
      "module": "module.ecr",
      "mode": "managed",
      "type": "aws_ecr_repository",
      "name": "this",
      "provider": "provider[\"registry.terraform.io/hashicorp/aws\"]",
      "instances": [
        {
          "schema_version": 0,
          "attributes": {
            "arn": "arn:aws:ecr:us-west-2:637423451078:repository/ecr_service",
            "encryption_configuration": [
              {
                "encryption_type": "AES256",
                "kms_key": ""
              }
            ],
            "force_delete": null,
            "id": "ecr_service",
            "image_scanning_configuration": [
              {
                "scan_on_push": false
              }
            ],
            "image_tag_mutability": "MUTABLE",
            "name": "ecr_service",
            "region": "us-west-2",
            "registry_id": "637423451078",
            "repository_url": "637423451078.dkr.ecr.us-west-2.amazonaws.com/ecr_service",
            "tags": {},
            "tags_all": {},
            "timeouts": null
          },
          "sensitive_attributes": [],
          "identity_schema_version": 0,
          "private": "eyJlMmJmYjczMC1lY2FhLTExZTYtOGY4OC0zNDM2M2JjN2M0YzAiOnsiZGVsZXRlIjoxMjAwMDAwMDAwMDAwfX0="
        }
      ]
    },
    {
      "module": "module.ecs",
      "mode": "managed",
      "type": "aws_ecs_cluster",
      "name": "this",
      "provider": "provider[\"registry.terraform.io/hashicorp/aws\"]",
      "instances": [
        {
          "schema_version": 0,
          "attributes": {
            "arn": "arn:aws:ecs:us-west-2:637423451078:cluster/CS6650L2-cluster",
            "configuration": [],
            "id": "arn:aws:ecs:us-west-2:637423451078:cluster/CS6650L2-cluster",
            "name": "CS6650L2-cluster",
            "region": "us-west-2",
            "service_connect_defaults": [],
            "setting": [
              {
                "name": "containerInsights",
                "value": "disabled"
              }
            ],
            "tags": null,
            "tags_all": {}
          },
          "sensitive_attributes": [],
          "identity_schema_version": 0,
          "private": "bnVsbA=="
        }
      ]
    },
    {
      "module": "module.ecs",
      "mode": "managed",
      "type": "aws_ecs_service",
      "name": "this",
      "provider": "provider[\"registry.terraform.io/hashicorp/aws\"]",
      "instances": [
        {
          "schema_version": 1,
          "attributes": {
            "alarms": [],
            "arn": "arn:aws:ecs:us-west-2:637423451078:service/CS6650L2-cluster/CS6650L2",
            "availability_zone_rebalancing": "DISABLED",
            "capacity_provider_strategy": [],
            "cluster": "arn:aws:ecs:us-west-2:637423451078:cluster/CS6650L2-cluster",
            "deployment_circuit_breaker": [
              {
                "enable": false,
                "rollback": false
              }
            ],
            "deployment_configuration": [],
            "deployment_controller": [
              {
                "type": "ECS"
              }
            ],
            "deployment_maximum_percent": 200,
            "deployment_minimum_healthy_percent": 100,
            "desired_count": 1,
            "enable_ecs_managed_tags": false,
            "enable_execute_command": false,
            "force_delete": null,
            "force_new_deployment": null,
            "health_check_grace_period_seconds": 0,
            "iam_role": "/aws-service-role/ecs.amazonaws.com/AWSServiceRoleForECS",
            "id": "arn:aws:ecs:us-west-2:637423451078:service/CS6650L2-cluster/CS6650L2",
            "launch_type": "FARGATE",
            "load_balancer": [],
            "name": "CS6650L2",
            "network_configuration": [
              {
                "assign_public_ip": true,
                "security_groups": [
                  "sg-0235d79e5fc5867ce"
                ],
                "subnets": [
                  "subnet-0661ebf514f57dd21",
                  "subnet-06881ab7df082d79f",
                  "subnet-08c1bc124941b9678",
                  "subnet-0cd68d07b9aef480f"
                ]
              }
            ],
            "ordered_placement_strategy": [],
            "placement_constraints": [],
            "platform_version": "LATEST",
            "propagate_tags": "NONE",
            "region": "us-west-2",
            "scheduling_strategy": "REPLICA",
            "service_connect_configuration": [],
            "service_registries": [],
            "tags": null,
            "tags_all": {},
            "task_definition": "arn:aws:ecs:us-west-2:637423451078:task-definition/CS6650L2-task:4",
            "timeouts": null,
            "triggers": {},
            "volume_configuration": [],
            "vpc_lattice_configurations": [],
            "wait_for_steady_state": false
          },
          "sensitive_attributes": [],
          "identity_schema_version": 0,
          "private": "eyJlMmJmYjczMC1lY2FhLTExZTYtOGY4OC0zNDM2M2JjN2M0YzAiOnsiY3JlYXRlIjoxMjAwMDAwMDAwMDAwLCJkZWxldGUiOjEyMDAwMDAwMDAwMDAsInVwZGF0ZSI6MTIwMDAwMDAwMDAwMH0sInNjaGVtYV92ZXJzaW9uIjoiMSJ9",
          "dependencies": [
            "data.aws_iam_role.lab_role",
            "module.ecr.aws_ecr_repository.this",
            "module.ecs.aws_ecs_cluster.this",
            "module.ecs.aws_ecs_task_definition.this",
            "module.logging.aws_cloudwatch_log_group.this",
            "module.network.aws_security_group.this",
            "module.network.data.aws_subnets.default",
            "module.network.data.aws_vpc.default"
          ]
        }
      ]
    },
    {
      "module": "module.ecs",
      "mode": "managed",
      "type": "aws_ecs_task_definition",
      "name": "this",
      "provider": "provider[\"registry.terraform.io/hashicorp/aws\"]",
      "instances": [
        {
          "schema_version": 1,
          "attributes": {
            "arn": "arn:aws:ecs:us-west-2:637423451078:task-definition/CS6650L2-task:4",
            "arn_without_revision": "arn:aws:ecs:us-west-2:637423451078:task-definition/CS6650L2-task",
            "container_definitions": "[{\"environment\":[],\"essential\":true,\"image\":\"637423451078.dkr.ecr.us-west-2.amazonaws.com/ecr_service:latest\",\"logConfiguration\":{\"logDriver\":\"awslogs\",\"options\":{\"awslogs-group\":\"/ecs/CS6650L2\",\"awslogs-region\":\"us-west-2\",\"awslogs-stream-prefix\":\"ecs\"}},\"mountPoints\":[],\"name\":\"CS6650L2-container\",\"portMappings\":[{\"containerPort\":8080,\"hostPort\":8080,\"protocol\":\"tcp\"}],\"systemControls\":[],\"volumesFrom\":[]}]",
            "cpu": "256",
            "enable_fault_injection": false,
            "ephemeral_storage": [],
            "execution_role_arn": "arn:aws:iam::637423451078:role/LabRole",
            "family": "CS6650L2-task",
            "id": "CS6650L2-task",
            "ipc_mode": "",
            "memory": "512",
            "network_mode": "awsvpc",
            "pid_mode": "",
            "placement_constraints": [],
            "proxy_configuration": [],
            "region": "us-west-2",
            "requires_compatibilities": [
              "FARGATE"
            ],
            "revision": 4,
            "runtime_platform": [],
            "skip_destroy": false,
            "tags": {},
            "tags_all": {},
            "task_role_arn": "arn:aws:iam::637423451078:role/LabRole",
            "track_latest": false,
            "volume": []
          },
          "sensitive_attributes": [],
          "identity_schema_version": 0,
          "private": "eyJzY2hlbWFfdmVyc2lvbiI6IjEifQ==",
          "dependencies": [
            "data.aws_iam_role.lab_role",
            "module.ecr.aws_ecr_repository.this",
            "module.logging.aws_cloudwatch_log_group.this"
          ]
        }
      ]
    },
    {
      "module": "module.logging",
      "mode": "managed",
      "type": "aws_cloudwatch_log_group",
      "name": "this",
      "provider": "provider[\"registry.terraform.io/hashicorp/aws\"]",
      "instances": [
        {
          "schema_version": 0,
          "attributes": {
            "arn": "arn:aws:logs:us-west-2:637423451078:log-group:/ecs/CS6650L2",
            "id": "/ecs/CS6650L2",
            "kms_key_id": "",
            "log_group_class": "STANDARD",
            "name": "/ecs/CS6650L2",
            "name_prefix": "",
            "region": "us-west-2",
            "retention_in_days": 7,
            "skip_destroy": false,
            "tags": {},
            "tags_all": {}
          },
          "sensitive_attributes": [],
          "identity_schema_version": 0,
          "private": "bnVsbA=="
        }
      ]
    },
    {
      "module": "module.network",
      "mode": "data",
      "type": "aws_subnets",
      "name": "default",
      "provider": "provider[\"registry.terraform.io/hashicorp/aws\"]",
      "instances": [
        {
          "schema_version": 0,
          "attributes": {
            "filter": [
              {
                "name": "vpc-id",
                "values": [
                  "vpc-084a384b0e103e42a"
                ]
              }
            ],
            "id": "us-west-2",
            "ids": [
              "subnet-0661ebf514f57dd21",
              "subnet-08c1bc124941b9678",
              "subnet-0cd68d07b9aef480f",
              "subnet-06881ab7df082d79f"
            ],
            "region": "us-west-2",
            "tags": null,
            "timeouts": null
          },
          "sensitive_attributes": [],
          "identity_schema_version": 0
        }
      ]
    },
    {
      "module": "module.network",
      "mode": "data",
      "type": "aws_vpc",
      "name": "default",
      "provider": "provider[\"registry.terraform.io/hashicorp/aws\"]",
      "instances": [
        {
          "schema_version": 0,
          "attributes": {
            "arn": "arn:aws:ec2:us-west-2:637423451078:vpc/vpc-084a384b0e103e42a",
            "cidr_block": "172.31.0.0/16",
            "cidr_block_associations": [
              {
                "association_id": "vpc-cidr-assoc-051f7e521df7ae034",
                "cidr_block": "172.31.0.0/16",
                "state": "associated"
              }
            ],
            "default": true,
            "dhcp_options_id": "dopt-0d9edcf662c6094e6",
            "enable_dns_hostnames": true,
            "enable_dns_support": true,
            "enable_network_address_usage_metrics": false,
            "filter": null,
            "id": "vpc-084a384b0e103e42a",
            "instance_tenancy": "default",
            "ipv6_association_id": "",
            "ipv6_cidr_block": "",
            "main_route_table_id": "rtb-0c80beaa7615e4108",
            "owner_id": "637423451078",
            "region": "us-west-2",
            "state": null,
            "tags": {},
            "timeouts": null
          },
          "sensitive_attributes": [],
          "identity_schema_version": 0
        }
      ]
    },
    {
      "module": "module.network",
      "mode": "managed",
      "type": "aws_security_group",
      "name": "this",
      "provider": "provider[\"registry.terraform.io/hashicorp/aws\"]",
      "instances": [
        {
          "schema_version": 1,
          "attributes": {
            "arn": "arn:aws:ec2:us-west-2:637423451078:security-group/sg-0235d79e5fc5867ce",
            "description": "Allow inbound on 8080",
            "egress": [
              {
                "cidr_blocks": [
                  "0.0.0.0/0"
                ],
                "description": "Allow all outbound",
                "from_port": 0,
                "ipv6_cidr_blocks": [],
                "prefix_list_ids": [],
                "protocol": "-1",
                "security_groups": [],
                "self": false,
                "to_port": 0
              }
            ],
            "id": "sg-0235d79e5fc5867ce",
            "ingress": [
              {
                "cidr_blocks": [
                  "0.0.0.0/0"
                ],
                "description": "Allow HTTP traffic",
                "from_port": 8080,
                "ipv6_cidr_blocks": [],
                "prefix_list_ids": [],
                "protocol": "tcp",
                "security_groups": [],
                "self": false,
                "to_port": 8080
              }
            ],
            "name": "CS6650L2-sg",
            "name_prefix": "",
            "owner_id": "637423451078",
            "region": "us-west-2",
            "revoke_rules_on_delete": false,
            "tags": {},
            "tags_all": {},
            "timeouts": null,
            "vpc_id": "vpc-084a384b0e103e42a"
          },
          "sensitive_attributes": [],
          "identity_schema_version": 0,
          "private": "eyJlMmJmYjczMC1lY2FhLTExZTYtOGY4OC0zNDM2M2JjN2M0YzAiOnsiY3JlYXRlIjo2MDAwMDAwMDAwMDAsImRlbGV0ZSI6OTAwMDAwMDAwMDAwfSwic2NoZW1hX3ZlcnNpb24iOiIxIn0=",
          "dependencies": [
            "module.network.data.aws_vpc.default"
          ]
        }
      ]
    }
  ],
  "check_results": null
}
